// !$*UTF8*$!
{
	archiveVersion = 1;
	classes = {
	};
	objectVersion = 56;
	objects = {

/* Begin PBXBuildFile section */
		652175052C60F77900128734 /* ComposableArchitecture in Frameworks */ = {isa = PBXBuildFile; productRef = 652175042C60F77900128734 /* ComposableArchitecture */; };
		652ECFAB2C5F0D1400399279 /* respnseKeyboard.swift in Sources */ = {isa = PBXBuildFile; fileRef = 652ECFAA2C5F0D1400399279 /* respnseKeyboard.swift */; };
		654402142C7B8B3E00039510 /* Accessory.swift in Sources */ = {isa = PBXBuildFile; fileRef = 654402132C7B8B3E00039510 /* Accessory.swift */; };
		6550AA492C59EA35000A264E /* SplashView.swift in Sources */ = {isa = PBXBuildFile; fileRef = 6550AA482C59EA35000A264E /* SplashView.swift */; };
		6550AA502C5A809B000A264E /* HomeView.swift in Sources */ = {isa = PBXBuildFile; fileRef = 6550AA4F2C5A809B000A264E /* HomeView.swift */; };
		655E42112C5EB368008ADB5A /* HomeEnviroment.swift in Sources */ = {isa = PBXBuildFile; fileRef = 655E42102C5EB368008ADB5A /* HomeEnviroment.swift */; };
		656592B12C76561800B06D97 /* CustomizeView.swift in Sources */ = {isa = PBXBuildFile; fileRef = 656592B02C76561800B06D97 /* CustomizeView.swift */; };
		656592B32C7656F200B06D97 /* Shape.swift in Sources */ = {isa = PBXBuildFile; fileRef = 656592B22C7656F200B06D97 /* Shape.swift */; };
		656592B52C7657DF00B06D97 /* Background.swift in Sources */ = {isa = PBXBuildFile; fileRef = 656592B42C7657DF00B06D97 /* Background.swift */; };
		656953522C76891D007B4DA1 /* Background.xcassets in Resources */ = {isa = PBXBuildFile; fileRef = 656953512C76891D007B4DA1 /* Background.xcassets */; };
		657780E12C83427000DC08C2 /* NavigationFeature.swift in Sources */ = {isa = PBXBuildFile; fileRef = 657780E02C83427000DC08C2 /* NavigationFeature.swift */; };
		657780E62C8349EA00DC08C2 /* HaruBangView.swift in Sources */ = {isa = PBXBuildFile; fileRef = 657780E52C8349EA00DC08C2 /* HaruBangView.swift */; };
		657780E82C834A5500DC08C2 /* HaruBangFeature.swift in Sources */ = {isa = PBXBuildFile; fileRef = 657780E72C834A5500DC08C2 /* HaruBangFeature.swift */; };
		657780EA2C834ABC00DC08C2 /* ParkView.swift in Sources */ = {isa = PBXBuildFile; fileRef = 657780E92C834ABC00DC08C2 /* ParkView.swift */; };
		657780EC2C834AE100DC08C2 /* ParkFeature.swift in Sources */ = {isa = PBXBuildFile; fileRef = 657780EB2C834AE100DC08C2 /* ParkFeature.swift */; };
		657780EE2C834B0600DC08C2 /* MyPageView.swift in Sources */ = {isa = PBXBuildFile; fileRef = 657780ED2C834B0600DC08C2 /* MyPageView.swift */; };
		657780F02C834B3300DC08C2 /* MyPageFeature.swift in Sources */ = {isa = PBXBuildFile; fileRef = 657780EF2C834B3300DC08C2 /* MyPageFeature.swift */; };
		657780F32C84A60100DC08C2 /* FloatingMenuView.swift in Sources */ = {isa = PBXBuildFile; fileRef = 657780F22C84A60100DC08C2 /* FloatingMenuView.swift */; };
		657780F82C84AFC400DC08C2 /* DBTIFeature.swift in Sources */ = {isa = PBXBuildFile; fileRef = 657780F72C84AFC400DC08C2 /* DBTIFeature.swift */; };
		657E5F922C745059002FFA69 /* DolView.swift in Sources */ = {isa = PBXBuildFile; fileRef = 657E5F912C745059002FFA69 /* DolView.swift */; };
		657E5F942C745071002FFA69 /* Face.swift in Sources */ = {isa = PBXBuildFile; fileRef = 657E5F932C745071002FFA69 /* Face.swift */; };
		657E5F962C7452B7002FFA69 /* hideKeyboard.swift in Sources */ = {isa = PBXBuildFile; fileRef = 657E5F952C7452B7002FFA69 /* hideKeyboard.swift */; };
		657E5F982C745356002FFA69 /* View.swift in Sources */ = {isa = PBXBuildFile; fileRef = 657E5F972C745356002FFA69 /* View.swift */; };
		658962822C856D3600F27FB4 /* Demo.swift in Sources */ = {isa = PBXBuildFile; fileRef = 658962812C856D3600F27FB4 /* Demo.swift */; };
		6589628E2C85884F00F27FB4 /* Sign.swift in Sources */ = {isa = PBXBuildFile; fileRef = 6589628D2C85884F00F27FB4 /* Sign.swift */; };
		658962902C858E6300F27FB4 /* Mail.swift in Sources */ = {isa = PBXBuildFile; fileRef = 6589628F2C858E6300F27FB4 /* Mail.swift */; };
		659469752C7DC022004D487C /* Alamofire in Frameworks */ = {isa = PBXBuildFile; productRef = 659469742C7DC022004D487C /* Alamofire */; };
		65A59DDB2C745D3100B20524 /* UITextFieldPadding.swift in Sources */ = {isa = PBXBuildFile; fileRef = 65A59DDA2C745D3100B20524 /* UITextFieldPadding.swift */; };
		65A59DDD2C74683600B20524 /* DecorationView.swift in Sources */ = {isa = PBXBuildFile; fileRef = 65A59DDC2C74683600B20524 /* DecorationView.swift */; };
		65BA1E042C5EAB03001BC8AC /* HomeFeature.swift in Sources */ = {isa = PBXBuildFile; fileRef = 65BA1E032C5EAB03001BC8AC /* HomeFeature.swift */; };
		65E1C5082C6F3C8700A2E419 /* HomeIcon.xcassets in Resources */ = {isa = PBXBuildFile; fileRef = 65E1C5072C6F3C8700A2E419 /* HomeIcon.xcassets */; };
		65E1C50A2C6F7DE700A2E419 /* ColorHex.swift in Sources */ = {isa = PBXBuildFile; fileRef = 65E1C5092C6F7DE700A2E419 /* ColorHex.swift */; };
		DA461F722C81958E00270CDE /* CalendarView.swift in Sources */ = {isa = PBXBuildFile; fileRef = DA461F712C81958E00270CDE /* CalendarView.swift */; };
		DA461F742C81E45C00270CDE /* CalendarUtil.swift in Sources */ = {isa = PBXBuildFile; fileRef = DA461F732C81E45C00270CDE /* CalendarUtil.swift */; };
		DA461F762C81E50300270CDE /* FigmaEffects.swift in Sources */ = {isa = PBXBuildFile; fileRef = DA461F752C81E50300270CDE /* FigmaEffects.swift */; };
		DA461F7D2C840C7200270CDE /* HaruBangView.swift in Sources */ = {isa = PBXBuildFile; fileRef = DA461F7C2C840C7200270CDE /* HaruBangView.swift */; };
		DA461F7F2C840C8900270CDE /* HaruBangFeature.swift in Sources */ = {isa = PBXBuildFile; fileRef = DA461F7E2C840C8900270CDE /* HaruBangFeature.swift */; };
		DA461F822C840C9300270CDE /* ParkFeature.swift in Sources */ = {isa = PBXBuildFile; fileRef = DA461F802C840C9300270CDE /* ParkFeature.swift */; };
		DA461F832C840C9300270CDE /* ParkView.swift in Sources */ = {isa = PBXBuildFile; fileRef = DA461F812C840C9300270CDE /* ParkView.swift */; };
		DA461F862C840C9B00270CDE /* MyPageView.swift in Sources */ = {isa = PBXBuildFile; fileRef = DA461F842C840C9A00270CDE /* MyPageView.swift */; };
		DA461F872C840C9B00270CDE /* MyPageFeature.swift in Sources */ = {isa = PBXBuildFile; fileRef = DA461F852C840C9B00270CDE /* MyPageFeature.swift */; };
		DA6E576A2C57D4920088A7A7 /* Cafe24Ssurround.ttf in Resources */ = {isa = PBXBuildFile; fileRef = DA6E57692C57D4920088A7A7 /* Cafe24Ssurround.ttf */; };
		DA6E576D2C5860CA0088A7A7 /* SpringHasCome.mp3 in Resources */ = {isa = PBXBuildFile; fileRef = DA6E576C2C5860CA0088A7A7 /* SpringHasCome.mp3 */; };
		DA6E576F2C58A4CF0088A7A7 /* InputUserInfoView.swift in Sources */ = {isa = PBXBuildFile; fileRef = DA6E576E2C58A4CF0088A7A7 /* InputUserInfoView.swift */; };
		DA6E57732C58F6AA0088A7A7 /* CustomTextField.swift in Sources */ = {isa = PBXBuildFile; fileRef = DA6E57722C58F6AA0088A7A7 /* CustomTextField.swift */; };
		DA6E57752C5904900088A7A7 /* CustomButton.swift in Sources */ = {isa = PBXBuildFile; fileRef = DA6E57742C5904900088A7A7 /* CustomButton.swift */; };
		DA6E57772C5908420088A7A7 /* CustomYearButton.swift in Sources */ = {isa = PBXBuildFile; fileRef = DA6E57762C5908420088A7A7 /* CustomYearButton.swift */; };
		DA6E57792C59084A0088A7A7 /* CustomMonthButton.swift in Sources */ = {isa = PBXBuildFile; fileRef = DA6E57782C59084A0088A7A7 /* CustomMonthButton.swift */; };
		DA6E577B2C5908580088A7A7 /* CustomDayButton.swift in Sources */ = {isa = PBXBuildFile; fileRef = DA6E577A2C5908580088A7A7 /* CustomDayButton.swift */; };
		DA6E57802C594BD90088A7A7 /* DBTIGuideView.swift in Sources */ = {isa = PBXBuildFile; fileRef = DA6E577F2C594BD90088A7A7 /* DBTIGuideView.swift */; };
		DA6E57822C5B25170088A7A7 /* Text.swift in Sources */ = {isa = PBXBuildFile; fileRef = DA6E57812C5B25170088A7A7 /* Text.swift */; };
		DA6E57842C5C5EFF0088A7A7 /* DBTIQuestion1View.swift in Sources */ = {isa = PBXBuildFile; fileRef = DA6E57832C5C5EFF0088A7A7 /* DBTIQuestion1View.swift */; };
		DA6E57862C5C6A540088A7A7 /* DBTIResultView.swift in Sources */ = {isa = PBXBuildFile; fileRef = DA6E57852C5C6A540088A7A7 /* DBTIResultView.swift */; };
		DA6E57882C5E02240088A7A7 /* KeyboardGuardian.swift in Sources */ = {isa = PBXBuildFile; fileRef = DA6E57872C5E02240088A7A7 /* KeyboardGuardian.swift */; };
		DA6E578B2C5E4ABE0088A7A7 /* UserManager.swift in Sources */ = {isa = PBXBuildFile; fileRef = DA6E578A2C5E4ABE0088A7A7 /* UserManager.swift */; };
		DA7FE5832C88231100843462 /* CalendarFeature.swift in Sources */ = {isa = PBXBuildFile; fileRef = DA7FE5822C88231100843462 /* CalendarFeature.swift */; };
		DA7FE5852C8826A200843462 /* RecordPopupView.swift in Sources */ = {isa = PBXBuildFile; fileRef = DA7FE5842C8826A200843462 /* RecordPopupView.swift */; };
		DAAEFC0F2C56941800D1F87B /* DolHaruBangApp.swift in Sources */ = {isa = PBXBuildFile; fileRef = DAAEFC0E2C56941800D1F87B /* DolHaruBangApp.swift */; };
		DAAEFC112C56941800D1F87B /* EntryPointView.swift in Sources */ = {isa = PBXBuildFile; fileRef = DAAEFC102C56941800D1F87B /* EntryPointView.swift */; };
		DAAEFC132C56941A00D1F87B /* Assets.xcassets in Resources */ = {isa = PBXBuildFile; fileRef = DAAEFC122C56941A00D1F87B /* Assets.xcassets */; };
		DAAEFC182C56941A00D1F87B /* Persistence.swift in Sources */ = {isa = PBXBuildFile; fileRef = DAAEFC172C56941A00D1F87B /* Persistence.swift */; };
		DAAEFC1B2C56941A00D1F87B /* DolHaruBang.xcdatamodeld in Sources */ = {isa = PBXBuildFile; fileRef = DAAEFC192C56941A00D1F87B /* DolHaruBang.xcdatamodeld */; };
		DAAEFC2A2C57425000D1F87B /* Color.swift in Sources */ = {isa = PBXBuildFile; fileRef = DAAEFC292C57425000D1F87B /* Color.swift */; };
		DAAEFC2E2C5743BA00D1F87B /* Font.swift in Sources */ = {isa = PBXBuildFile; fileRef = DAAEFC2D2C5743BA00D1F87B /* Font.swift */; };
		DAAEFC342C5747F000D1F87B /* NanumSquareRoundOTFB.otf in Resources */ = {isa = PBXBuildFile; fileRef = DAAEFC312C5747F000D1F87B /* NanumSquareRoundOTFB.otf */; };
		DAAEFC352C5747F000D1F87B /* NanumSquareRoundOTFR.otf in Resources */ = {isa = PBXBuildFile; fileRef = DAAEFC322C5747F000D1F87B /* NanumSquareRoundOTFR.otf */; };
		DAAEFC362C5747F000D1F87B /* NanumSquareRoundOTFEB.otf in Resources */ = {isa = PBXBuildFile; fileRef = DAAEFC332C5747F000D1F87B /* NanumSquareRoundOTFEB.otf */; };
		DAAEFC3A2C575B8900D1F87B /* LoginView.swift in Sources */ = {isa = PBXBuildFile; fileRef = DAAEFC392C575B8900D1F87B /* LoginView.swift */; };
		DAB2EA8F2C85FA1A007626F8 /* Dols.scnassets in Resources */ = {isa = PBXBuildFile; fileRef = DAB2EA892C85FA19007626F8 /* Dols.scnassets */; };
		DAB2EA912C85FA1A007626F8 /* Accessorys.scnassets in Resources */ = {isa = PBXBuildFile; fileRef = DAB2EA8B2C85FA1A007626F8 /* Accessorys.scnassets */; };
		DAB2EA932C85FA1A007626F8 /* Mails.scnassets in Resources */ = {isa = PBXBuildFile; fileRef = DAB2EA8D2C85FA1A007626F8 /* Mails.scnassets */; };
		DAB2EA942C85FA1A007626F8 /* Signs.scnassets in Resources */ = {isa = PBXBuildFile; fileRef = DAB2EA8E2C85FA1A007626F8 /* Signs.scnassets */; };
		DAB2EA992C85FD9F007626F8 /* je_gray_02_4k.hdr in Resources */ = {isa = PBXBuildFile; fileRef = DAB2EA972C85FD9F007626F8 /* je_gray_02_4k.hdr */; };
		DAB2EA9A2C85FD9F007626F8 /* lythwood_field_4k.hdr in Resources */ = {isa = PBXBuildFile; fileRef = DAB2EA982C85FD9F007626F8 /* lythwood_field_4k.hdr */; };
/* End PBXBuildFile section */

/* Begin PBXFileReference section */
		652ECFAA2C5F0D1400399279 /* respnseKeyboard.swift */ = {isa = PBXFileReference; lastKnownFileType = sourcecode.swift; path = respnseKeyboard.swift; sourceTree = "<group>"; };
		654402132C7B8B3E00039510 /* Accessory.swift */ = {isa = PBXFileReference; lastKnownFileType = sourcecode.swift; path = Accessory.swift; sourceTree = "<group>"; };
		6550AA482C59EA35000A264E /* SplashView.swift */ = {isa = PBXFileReference; lastKnownFileType = sourcecode.swift; path = SplashView.swift; sourceTree = "<group>"; };
		6550AA4F2C5A809B000A264E /* HomeView.swift */ = {isa = PBXFileReference; lastKnownFileType = sourcecode.swift; path = HomeView.swift; sourceTree = "<group>"; };
		655E42102C5EB368008ADB5A /* HomeEnviroment.swift */ = {isa = PBXFileReference; lastKnownFileType = sourcecode.swift; path = HomeEnviroment.swift; sourceTree = "<group>"; };
		656592B02C76561800B06D97 /* CustomizeView.swift */ = {isa = PBXFileReference; lastKnownFileType = sourcecode.swift; path = CustomizeView.swift; sourceTree = "<group>"; };
		656592B22C7656F200B06D97 /* Shape.swift */ = {isa = PBXFileReference; lastKnownFileType = sourcecode.swift; path = Shape.swift; sourceTree = "<group>"; };
		656592B42C7657DF00B06D97 /* Background.swift */ = {isa = PBXFileReference; lastKnownFileType = sourcecode.swift; path = Background.swift; sourceTree = "<group>"; };
		656953512C76891D007B4DA1 /* Background.xcassets */ = {isa = PBXFileReference; lastKnownFileType = folder.assetcatalog; path = Background.xcassets; sourceTree = "<group>"; };
		657780E02C83427000DC08C2 /* NavigationFeature.swift */ = {isa = PBXFileReference; lastKnownFileType = sourcecode.swift; path = NavigationFeature.swift; sourceTree = "<group>"; };
		657780E52C8349EA00DC08C2 /* HaruBangView.swift */ = {isa = PBXFileReference; lastKnownFileType = sourcecode.swift; path = HaruBangView.swift; sourceTree = "<group>"; };
		657780E72C834A5500DC08C2 /* HaruBangFeature.swift */ = {isa = PBXFileReference; lastKnownFileType = sourcecode.swift; path = HaruBangFeature.swift; sourceTree = "<group>"; };
		657780E92C834ABC00DC08C2 /* ParkView.swift */ = {isa = PBXFileReference; lastKnownFileType = sourcecode.swift; path = ParkView.swift; sourceTree = "<group>"; };
		657780EB2C834AE100DC08C2 /* ParkFeature.swift */ = {isa = PBXFileReference; lastKnownFileType = sourcecode.swift; path = ParkFeature.swift; sourceTree = "<group>"; };
		657780ED2C834B0600DC08C2 /* MyPageView.swift */ = {isa = PBXFileReference; lastKnownFileType = sourcecode.swift; path = MyPageView.swift; sourceTree = "<group>"; };
		657780EF2C834B3300DC08C2 /* MyPageFeature.swift */ = {isa = PBXFileReference; lastKnownFileType = sourcecode.swift; path = MyPageFeature.swift; sourceTree = "<group>"; };
		657780F22C84A60100DC08C2 /* FloatingMenuView.swift */ = {isa = PBXFileReference; lastKnownFileType = sourcecode.swift; path = FloatingMenuView.swift; sourceTree = "<group>"; };
		657780F72C84AFC400DC08C2 /* DBTIFeature.swift */ = {isa = PBXFileReference; lastKnownFileType = sourcecode.swift; path = DBTIFeature.swift; sourceTree = "<group>"; };
		657E5F912C745059002FFA69 /* DolView.swift */ = {isa = PBXFileReference; lastKnownFileType = sourcecode.swift; path = DolView.swift; sourceTree = "<group>"; };
		657E5F932C745071002FFA69 /* Face.swift */ = {isa = PBXFileReference; lastKnownFileType = sourcecode.swift; path = Face.swift; sourceTree = "<group>"; };
		657E5F952C7452B7002FFA69 /* hideKeyboard.swift */ = {isa = PBXFileReference; lastKnownFileType = sourcecode.swift; path = hideKeyboard.swift; sourceTree = "<group>"; };
		657E5F972C745356002FFA69 /* View.swift */ = {isa = PBXFileReference; lastKnownFileType = sourcecode.swift; path = View.swift; sourceTree = "<group>"; };
		658962812C856D3600F27FB4 /* Demo.swift */ = {isa = PBXFileReference; lastKnownFileType = sourcecode.swift; path = Demo.swift; sourceTree = "<group>"; };
		6589628D2C85884F00F27FB4 /* Sign.swift */ = {isa = PBXFileReference; lastKnownFileType = sourcecode.swift; path = Sign.swift; sourceTree = "<group>"; };
		6589628F2C858E6300F27FB4 /* Mail.swift */ = {isa = PBXFileReference; lastKnownFileType = sourcecode.swift; path = Mail.swift; sourceTree = "<group>"; };
		65A59DDA2C745D3100B20524 /* UITextFieldPadding.swift */ = {isa = PBXFileReference; lastKnownFileType = sourcecode.swift; name = UITextFieldPadding.swift; path = DolHaruBang/Common/Sources/Util/UITextFieldPadding.swift; sourceTree = SOURCE_ROOT; };
		65A59DDC2C74683600B20524 /* DecorationView.swift */ = {isa = PBXFileReference; lastKnownFileType = sourcecode.swift; path = DecorationView.swift; sourceTree = "<group>"; };
		65BA1E032C5EAB03001BC8AC /* HomeFeature.swift */ = {isa = PBXFileReference; lastKnownFileType = sourcecode.swift; path = HomeFeature.swift; sourceTree = "<group>"; };
		65E1C5072C6F3C8700A2E419 /* HomeIcon.xcassets */ = {isa = PBXFileReference; lastKnownFileType = folder.assetcatalog; path = HomeIcon.xcassets; sourceTree = "<group>"; };
		65E1C5092C6F7DE700A2E419 /* ColorHex.swift */ = {isa = PBXFileReference; lastKnownFileType = sourcecode.swift; path = ColorHex.swift; sourceTree = "<group>"; };
		DA461F712C81958E00270CDE /* CalendarView.swift */ = {isa = PBXFileReference; lastKnownFileType = sourcecode.swift; path = CalendarView.swift; sourceTree = "<group>"; };
		DA461F732C81E45C00270CDE /* CalendarUtil.swift */ = {isa = PBXFileReference; lastKnownFileType = sourcecode.swift; path = CalendarUtil.swift; sourceTree = "<group>"; };
		DA461F752C81E50300270CDE /* FigmaEffects.swift */ = {isa = PBXFileReference; lastKnownFileType = sourcecode.swift; path = FigmaEffects.swift; sourceTree = "<group>"; };
		DA461F7C2C840C7200270CDE /* HaruBangView.swift */ = {isa = PBXFileReference; fileEncoding = 4; lastKnownFileType = sourcecode.swift; path = HaruBangView.swift; sourceTree = "<group>"; };
		DA461F7E2C840C8900270CDE /* HaruBangFeature.swift */ = {isa = PBXFileReference; fileEncoding = 4; lastKnownFileType = sourcecode.swift; path = HaruBangFeature.swift; sourceTree = "<group>"; };
		DA461F802C840C9300270CDE /* ParkFeature.swift */ = {isa = PBXFileReference; fileEncoding = 4; lastKnownFileType = sourcecode.swift; path = ParkFeature.swift; sourceTree = "<group>"; };
		DA461F812C840C9300270CDE /* ParkView.swift */ = {isa = PBXFileReference; fileEncoding = 4; lastKnownFileType = sourcecode.swift; path = ParkView.swift; sourceTree = "<group>"; };
		DA461F842C840C9A00270CDE /* MyPageView.swift */ = {isa = PBXFileReference; fileEncoding = 4; lastKnownFileType = sourcecode.swift; path = MyPageView.swift; sourceTree = "<group>"; };
		DA461F852C840C9B00270CDE /* MyPageFeature.swift */ = {isa = PBXFileReference; fileEncoding = 4; lastKnownFileType = sourcecode.swift; path = MyPageFeature.swift; sourceTree = "<group>"; };
		DA6E57692C57D4920088A7A7 /* Cafe24Ssurround.ttf */ = {isa = PBXFileReference; lastKnownFileType = file; path = Cafe24Ssurround.ttf; sourceTree = "<group>"; };
		DA6E576C2C5860CA0088A7A7 /* SpringHasCome.mp3 */ = {isa = PBXFileReference; lastKnownFileType = audio.mp3; path = SpringHasCome.mp3; sourceTree = "<group>"; };
		DA6E576E2C58A4CF0088A7A7 /* InputUserInfoView.swift */ = {isa = PBXFileReference; lastKnownFileType = sourcecode.swift; path = InputUserInfoView.swift; sourceTree = "<group>"; };
		DA6E57722C58F6AA0088A7A7 /* CustomTextField.swift */ = {isa = PBXFileReference; lastKnownFileType = sourcecode.swift; path = CustomTextField.swift; sourceTree = "<group>"; };
		DA6E57742C5904900088A7A7 /* CustomButton.swift */ = {isa = PBXFileReference; lastKnownFileType = sourcecode.swift; path = CustomButton.swift; sourceTree = "<group>"; };
		DA6E57762C5908420088A7A7 /* CustomYearButton.swift */ = {isa = PBXFileReference; lastKnownFileType = sourcecode.swift; path = CustomYearButton.swift; sourceTree = "<group>"; };
		DA6E57782C59084A0088A7A7 /* CustomMonthButton.swift */ = {isa = PBXFileReference; lastKnownFileType = sourcecode.swift; path = CustomMonthButton.swift; sourceTree = "<group>"; };
		DA6E577A2C5908580088A7A7 /* CustomDayButton.swift */ = {isa = PBXFileReference; lastKnownFileType = sourcecode.swift; path = CustomDayButton.swift; sourceTree = "<group>"; };
		DA6E577F2C594BD90088A7A7 /* DBTIGuideView.swift */ = {isa = PBXFileReference; lastKnownFileType = sourcecode.swift; path = DBTIGuideView.swift; sourceTree = "<group>"; };
		DA6E57812C5B25170088A7A7 /* Text.swift */ = {isa = PBXFileReference; lastKnownFileType = sourcecode.swift; path = Text.swift; sourceTree = "<group>"; };
		DA6E57832C5C5EFF0088A7A7 /* DBTIQuestion1View.swift */ = {isa = PBXFileReference; lastKnownFileType = sourcecode.swift; path = DBTIQuestion1View.swift; sourceTree = "<group>"; };
		DA6E57852C5C6A540088A7A7 /* DBTIResultView.swift */ = {isa = PBXFileReference; lastKnownFileType = sourcecode.swift; path = DBTIResultView.swift; sourceTree = "<group>"; };
		DA6E57872C5E02240088A7A7 /* KeyboardGuardian.swift */ = {isa = PBXFileReference; lastKnownFileType = sourcecode.swift; name = KeyboardGuardian.swift; path = DolHaruBang/Pages/DBTI/Source/Views/KeyboardGuardian.swift; sourceTree = SOURCE_ROOT; };
		DA6E578A2C5E4ABE0088A7A7 /* UserManager.swift */ = {isa = PBXFileReference; lastKnownFileType = sourcecode.swift; path = UserManager.swift; sourceTree = "<group>"; };
		DA7FE5822C88231100843462 /* CalendarFeature.swift */ = {isa = PBXFileReference; lastKnownFileType = sourcecode.swift; name = CalendarFeature.swift; path = DolHaruBang/Pages/Calendar/Source/CalendarFeature.swift; sourceTree = SOURCE_ROOT; };
		DA7FE5842C8826A200843462 /* RecordPopupView.swift */ = {isa = PBXFileReference; lastKnownFileType = sourcecode.swift; path = RecordPopupView.swift; sourceTree = "<group>"; };
		DAAEFC0B2C56941800D1F87B /* DolHaruBang.app */ = {isa = PBXFileReference; explicitFileType = wrapper.application; includeInIndex = 0; path = DolHaruBang.app; sourceTree = BUILT_PRODUCTS_DIR; };
		DAAEFC0E2C56941800D1F87B /* DolHaruBangApp.swift */ = {isa = PBXFileReference; lastKnownFileType = sourcecode.swift; path = DolHaruBangApp.swift; sourceTree = "<group>"; };
		DAAEFC102C56941800D1F87B /* EntryPointView.swift */ = {isa = PBXFileReference; lastKnownFileType = sourcecode.swift; path = EntryPointView.swift; sourceTree = "<group>"; };
		DAAEFC122C56941A00D1F87B /* Assets.xcassets */ = {isa = PBXFileReference; lastKnownFileType = folder.assetcatalog; path = Assets.xcassets; sourceTree = "<group>"; };
		DAAEFC172C56941A00D1F87B /* Persistence.swift */ = {isa = PBXFileReference; lastKnownFileType = sourcecode.swift; path = Persistence.swift; sourceTree = "<group>"; };
		DAAEFC1A2C56941A00D1F87B /* DolHaruBang.xcdatamodel */ = {isa = PBXFileReference; lastKnownFileType = wrapper.xcdatamodel; path = DolHaruBang.xcdatamodel; sourceTree = "<group>"; };
		DAAEFC292C57425000D1F87B /* Color.swift */ = {isa = PBXFileReference; lastKnownFileType = sourcecode.swift; path = Color.swift; sourceTree = "<group>"; };
		DAAEFC2D2C5743BA00D1F87B /* Font.swift */ = {isa = PBXFileReference; lastKnownFileType = sourcecode.swift; path = Font.swift; sourceTree = "<group>"; };
		DAAEFC312C5747F000D1F87B /* NanumSquareRoundOTFB.otf */ = {isa = PBXFileReference; lastKnownFileType = file; path = NanumSquareRoundOTFB.otf; sourceTree = "<group>"; };
		DAAEFC322C5747F000D1F87B /* NanumSquareRoundOTFR.otf */ = {isa = PBXFileReference; lastKnownFileType = file; path = NanumSquareRoundOTFR.otf; sourceTree = "<group>"; };
		DAAEFC332C5747F000D1F87B /* NanumSquareRoundOTFEB.otf */ = {isa = PBXFileReference; lastKnownFileType = file; path = NanumSquareRoundOTFEB.otf; sourceTree = "<group>"; };
		DAAEFC372C5755E600D1F87B /* Info.plist */ = {isa = PBXFileReference; lastKnownFileType = text.plist.xml; path = Info.plist; sourceTree = "<group>"; };
		DAAEFC392C575B8900D1F87B /* LoginView.swift */ = {isa = PBXFileReference; lastKnownFileType = sourcecode.swift; path = LoginView.swift; sourceTree = "<group>"; };
		DAB2EA892C85FA19007626F8 /* Dols.scnassets */ = {isa = PBXFileReference; lastKnownFileType = wrapper.scnassets; path = Dols.scnassets; sourceTree = "<group>"; };
		DAB2EA8B2C85FA1A007626F8 /* Accessorys.scnassets */ = {isa = PBXFileReference; lastKnownFileType = wrapper.scnassets; path = Accessorys.scnassets; sourceTree = "<group>"; };
		DAB2EA8D2C85FA1A007626F8 /* Mails.scnassets */ = {isa = PBXFileReference; lastKnownFileType = wrapper.scnassets; path = Mails.scnassets; sourceTree = "<group>"; };
		DAB2EA8E2C85FA1A007626F8 /* Signs.scnassets */ = {isa = PBXFileReference; lastKnownFileType = wrapper.scnassets; path = Signs.scnassets; sourceTree = "<group>"; };
		DAB2EA972C85FD9F007626F8 /* je_gray_02_4k.hdr */ = {isa = PBXFileReference; lastKnownFileType = file; name = je_gray_02_4k.hdr; path = "../../../../../assets/Resource아래에넣기/je_gray_02_4k.hdr"; sourceTree = "<group>"; };
		DAB2EA982C85FD9F007626F8 /* lythwood_field_4k.hdr */ = {isa = PBXFileReference; lastKnownFileType = file; name = lythwood_field_4k.hdr; path = "../../../../../assets/Resource아래에넣기/lythwood_field_4k.hdr"; sourceTree = "<group>"; };
/* End PBXFileReference section */

/* Begin PBXFrameworksBuildPhase section */
		DAAEFC082C56941800D1F87B /* Frameworks */ = {
			isa = PBXFrameworksBuildPhase;
			buildActionMask = 2147483647;
			files = (
				652175052C60F77900128734 /* ComposableArchitecture in Frameworks */,
				659469752C7DC022004D487C /* Alamofire in Frameworks */,
			);
			runOnlyForDeploymentPostprocessing = 0;
		};
/* End PBXFrameworksBuildPhase section */

/* Begin PBXGroup section */
		6550AA382C59E5A6000A264E /* Common */ = {
			isa = PBXGroup;
			children = (
				657E5F8E2C74500C002FFA69 /* Sources */,
				6550AA3D2C59E72B000A264E /* Resources */,
			);
			path = Common;
			sourceTree = "<group>";
		};
		6550AA392C59E5BF000A264E /* Pages */ = {
			isa = PBXGroup;
			children = (
				DA461F7B2C840C3B00270CDE /* MyPage */,
				DA461F7A2C840C2C00270CDE /* Park */,
				DA461F792C840BC500270CDE /* HaruBang */,
				DA461F6B2C81606800270CDE /* Calendar */,
				6550AA3E2C59E740000A264E /* Splash */,
				6550AA3F2C59E755000A264E /* Login */,
				6550AA412C59E779000A264E /* DBTI */,
				657780E22C8349B400DC08C2 /* MyPage */,
				657780E42C8349D500DC08C2 /* HaruBang */,
				657780E32C8349CF00DC08C2 /* Park */,
				6550AA402C59E75A000A264E /* Home */,
			);
			path = Pages;
			sourceTree = "<group>";
		};
		6550AA3A2C59E6F8000A264E /* Modules */ = {
			isa = PBXGroup;
			children = (
				657E5F902C74504C002FFA69 /* DolModule */,
				DA6E57892C5E4A930088A7A7 /* UserInfo */,
			);
			path = Modules;
			sourceTree = "<group>";
		};
		6550AA3B2C59E718000A264E /* Design */ = {
			isa = PBXGroup;
			children = (
				DA6E57712C58F67D0088A7A7 /* Buttons */,
				DA6E57702C58F66F0088A7A7 /* TextField */,
				DA461F752C81E50300270CDE /* FigmaEffects.swift */,
			);
			path = Design;
			sourceTree = "<group>";
		};
		6550AA3C2C59E726000A264E /* Util */ = {
			isa = PBXGroup;
			children = (
				DA6E57872C5E02240088A7A7 /* KeyboardGuardian.swift */,
				652ECFAA2C5F0D1400399279 /* respnseKeyboard.swift */,
				65E1C5092C6F7DE700A2E419 /* ColorHex.swift */,
				657E5F952C7452B7002FFA69 /* hideKeyboard.swift */,
				657E5F972C745356002FFA69 /* View.swift */,
				DA461F732C81E45C00270CDE /* CalendarUtil.swift */,
			);
			path = Util;
			sourceTree = "<group>";
		};
		6550AA3D2C59E72B000A264E /* Resources */ = {
			isa = PBXGroup;
			children = (
				DAB2EA972C85FD9F007626F8 /* je_gray_02_4k.hdr */,
				DAB2EA982C85FD9F007626F8 /* lythwood_field_4k.hdr */,
				DAB2EA8B2C85FA1A007626F8 /* Accessorys.scnassets */,
				DAB2EA892C85FA19007626F8 /* Dols.scnassets */,
				DAB2EA8D2C85FA1A007626F8 /* Mails.scnassets */,
				DAB2EA8E2C85FA1A007626F8 /* Signs.scnassets */,
				DAAEFC122C56941A00D1F87B /* Assets.xcassets */,
				DAAEFC292C57425000D1F87B /* Color.swift */,
				DA6E576B2C58609B0088A7A7 /* BGM */,
				DAAEFC2C2C57436B00D1F87B /* Fonts */,
			);
			path = Resources;
			sourceTree = "<group>";
		};
		6550AA3E2C59E740000A264E /* Splash */ = {
			isa = PBXGroup;
			children = (
				6550AA462C59E8CC000A264E /* Source */,
			);
			path = Splash;
			sourceTree = "<group>";
		};
		6550AA3F2C59E755000A264E /* Login */ = {
			isa = PBXGroup;
			children = (
				6550AA442C59E8B8000A264E /* Source */,
			);
			path = Login;
			sourceTree = "<group>";
		};
		6550AA402C59E75A000A264E /* Home */ = {
			isa = PBXGroup;
			children = (
				65E1C4F52C6F350300A2E419 /* Resource */,
				6550AA4B2C5A70CA000A264E /* Source */,
				6550AA4E2C5A70DB000A264E /* Modules */,
			);
			path = Home;
			sourceTree = "<group>";
		};
		6550AA412C59E779000A264E /* DBTI */ = {
			isa = PBXGroup;
			children = (
				6550AA422C59E7DC000A264E /* Source */,
			);
			path = DBTI;
			sourceTree = "<group>";
		};
		6550AA422C59E7DC000A264E /* Source */ = {
			isa = PBXGroup;
			children = (
				657780F62C84AFB000DC08C2 /* Core */,
				6550AA432C59E8AD000A264E /* Views */,
			);
			path = Source;
			sourceTree = "<group>";
		};
		6550AA432C59E8AD000A264E /* Views */ = {
			isa = PBXGroup;
			children = (
				DA6E577F2C594BD90088A7A7 /* DBTIGuideView.swift */,
				DA6E57832C5C5EFF0088A7A7 /* DBTIQuestion1View.swift */,
				DA6E57852C5C6A540088A7A7 /* DBTIResultView.swift */,
			);
			path = Views;
			sourceTree = "<group>";
		};
		6550AA442C59E8B8000A264E /* Source */ = {
			isa = PBXGroup;
			children = (
				6550AA452C59E8BF000A264E /* Views */,
			);
			path = Source;
			sourceTree = "<group>";
		};
		6550AA452C59E8BF000A264E /* Views */ = {
			isa = PBXGroup;
			children = (
				DAAEFC392C575B8900D1F87B /* LoginView.swift */,
				DA6E576E2C58A4CF0088A7A7 /* InputUserInfoView.swift */,
			);
			path = Views;
			sourceTree = "<group>";
		};
		6550AA462C59E8CC000A264E /* Source */ = {
			isa = PBXGroup;
			children = (
				6550AA4A2C5A7088000A264E /* Core */,
				6550AA472C59E8D3000A264E /* Views */,
			);
			path = Source;
			sourceTree = "<group>";
		};
		6550AA472C59E8D3000A264E /* Views */ = {
			isa = PBXGroup;
			children = (
				DAAEFC102C56941800D1F87B /* EntryPointView.swift */,
				6550AA482C59EA35000A264E /* SplashView.swift */,
			);
			path = Views;
			sourceTree = "<group>";
		};
		6550AA4A2C5A7088000A264E /* Core */ = {
			isa = PBXGroup;
			children = (
			);
			path = Core;
			sourceTree = "<group>";
		};
		6550AA4B2C5A70CA000A264E /* Source */ = {
			isa = PBXGroup;
			children = (
				6550AA4C2C5A70CF000A264E /* Views */,
				6550AA4D2C5A70D4000A264E /* Core */,
			);
			path = Source;
			sourceTree = "<group>";
		};
		6550AA4C2C5A70CF000A264E /* Views */ = {
			isa = PBXGroup;
			children = (
				6550AA4F2C5A809B000A264E /* HomeView.swift */,
			);
			path = Views;
			sourceTree = "<group>";
		};
		6550AA4D2C5A70D4000A264E /* Core */ = {
			isa = PBXGroup;
			children = (
				65BA1E032C5EAB03001BC8AC /* HomeFeature.swift */,
				655E42102C5EB368008ADB5A /* HomeEnviroment.swift */,
			);
			path = Core;
			sourceTree = "<group>";
		};
		6550AA4E2C5A70DB000A264E /* Modules */ = {
			isa = PBXGroup;
			children = (
				657780F12C84A5E500DC08C2 /* FloatingMenu */,
				656592AD2C76555F00B06D97 /* Decoration */,
				65A59DDA2C745D3100B20524 /* UITextFieldPadding.swift */,
			);
			path = Modules;
			sourceTree = "<group>";
		};
		656592A82C7654F300B06D97 /* Source */ = {
			isa = PBXGroup;
			children = (
				656592AE2C7655E300B06D97 /* Modules */,
				656592AB2C76550E00B06D97 /* View */,
				656592A92C7654FB00B06D97 /* Models */,
			);
			path = Source;
			sourceTree = "<group>";
		};
		656592A92C7654FB00B06D97 /* Models */ = {
			isa = PBXGroup;
			children = (
				657E5F932C745071002FFA69 /* Face.swift */,
				656592B22C7656F200B06D97 /* Shape.swift */,
				656592B42C7657DF00B06D97 /* Background.swift */,
				654402132C7B8B3E00039510 /* Accessory.swift */,
				6589628D2C85884F00F27FB4 /* Sign.swift */,
				6589628F2C858E6300F27FB4 /* Mail.swift */,
			);
			path = Models;
			sourceTree = "<group>";
		};
		656592AA2C76550300B06D97 /* Resource */ = {
			isa = PBXGroup;
			children = (
				656953512C76891D007B4DA1 /* Background.xcassets */,
			);
			path = Resource;
			sourceTree = "<group>";
		};
		656592AB2C76550E00B06D97 /* View */ = {
			isa = PBXGroup;
			children = (
				65A59DDC2C74683600B20524 /* DecorationView.swift */,
			);
			path = View;
			sourceTree = "<group>";
		};
		656592AD2C76555F00B06D97 /* Decoration */ = {
			isa = PBXGroup;
			children = (
				656592AA2C76550300B06D97 /* Resource */,
				656592A82C7654F300B06D97 /* Source */,
			);
			path = Decoration;
			sourceTree = "<group>";
		};
		656592AE2C7655E300B06D97 /* Modules */ = {
			isa = PBXGroup;
			children = (
				656592B02C76561800B06D97 /* CustomizeView.swift */,
			);
			path = Modules;
			sourceTree = "<group>";
		};
		657780E22C8349B400DC08C2 /* MyPage */ = {
			isa = PBXGroup;
			children = (
				657780ED2C834B0600DC08C2 /* MyPageView.swift */,
				657780EF2C834B3300DC08C2 /* MyPageFeature.swift */,
			);
			path = MyPage;
			sourceTree = "<group>";
		};
		657780E32C8349CF00DC08C2 /* Park */ = {
			isa = PBXGroup;
			children = (
				657780E92C834ABC00DC08C2 /* ParkView.swift */,
				657780EB2C834AE100DC08C2 /* ParkFeature.swift */,
			);
			path = Park;
			sourceTree = "<group>";
		};
		657780E42C8349D500DC08C2 /* HaruBang */ = {
			isa = PBXGroup;
			children = (
				657780E52C8349EA00DC08C2 /* HaruBangView.swift */,
				657780E72C834A5500DC08C2 /* HaruBangFeature.swift */,
			);
			path = HaruBang;
			sourceTree = "<group>";
		};
		657780F12C84A5E500DC08C2 /* FloatingMenu */ = {
			isa = PBXGroup;
			children = (
				657780F22C84A60100DC08C2 /* FloatingMenuView.swift */,
			);
			path = FloatingMenu;
			sourceTree = "<group>";
		};
		657780F42C84A8F600DC08C2 /* Core */ = {
			isa = PBXGroup;
			children = (
				657780F52C84A8FF00DC08C2 /* Naviagion */,
			);
			path = Core;
			sourceTree = "<group>";
		};
		657780F52C84A8FF00DC08C2 /* Naviagion */ = {
			isa = PBXGroup;
			children = (
				657780E02C83427000DC08C2 /* NavigationFeature.swift */,
				658962812C856D3600F27FB4 /* Demo.swift */,
			);
			path = Naviagion;
			sourceTree = "<group>";
		};
		657780F62C84AFB000DC08C2 /* Core */ = {
			isa = PBXGroup;
			children = (
				657780F72C84AFC400DC08C2 /* DBTIFeature.swift */,
			);
			path = Core;
			sourceTree = "<group>";
		};
		657E5F8E2C74500C002FFA69 /* Sources */ = {
			isa = PBXGroup;
			children = (
				657780F42C84A8F600DC08C2 /* Core */,
				6550AA3A2C59E6F8000A264E /* Modules */,
				6550AA3B2C59E718000A264E /* Design */,
				6550AA3C2C59E726000A264E /* Util */,
			);
			path = Sources;
			sourceTree = "<group>";
		};
		657E5F902C74504C002FFA69 /* DolModule */ = {
			isa = PBXGroup;
			children = (
				657E5F912C745059002FFA69 /* DolView.swift */,
			);
			path = DolModule;
			sourceTree = "<group>";
		};
		65E1C4F52C6F350300A2E419 /* Resource */ = {
			isa = PBXGroup;
			children = (
				65E1C5072C6F3C8700A2E419 /* HomeIcon.xcassets */,
			);
			path = Resource;
			sourceTree = "<group>";
		};
		DA461F6B2C81606800270CDE /* Calendar */ = {
			isa = PBXGroup;
			children = (
				DA461F6C2C81608D00270CDE /* Source */,
			);
			path = Calendar;
			sourceTree = "<group>";
		};
		DA461F6C2C81608D00270CDE /* Source */ = {
			isa = PBXGroup;
			children = (
				DA461F6E2C81609900270CDE /* Core */,
				DA461F6D2C81609300270CDE /* View */,
			);
			path = Source;
			sourceTree = "<group>";
		};
		DA461F6D2C81609300270CDE /* View */ = {
			isa = PBXGroup;
			children = (
				DA461F712C81958E00270CDE /* CalendarView.swift */,
				DA7FE5842C8826A200843462 /* RecordPopupView.swift */,
			);
			path = View;
			sourceTree = "<group>";
		};
		DA461F6E2C81609900270CDE /* Core */ = {
			isa = PBXGroup;
			children = (
				DA7FE5822C88231100843462 /* CalendarFeature.swift */,
			);
			path = Core;
			sourceTree = "<group>";
		};
		DA461F792C840BC500270CDE /* HaruBang */ = {
			isa = PBXGroup;
			children = (
				DA461F7E2C840C8900270CDE /* HaruBangFeature.swift */,
				DA461F7C2C840C7200270CDE /* HaruBangView.swift */,
			);
			path = HaruBang;
			sourceTree = "<group>";
		};
		DA461F7A2C840C2C00270CDE /* Park */ = {
			isa = PBXGroup;
			children = (
				DA461F802C840C9300270CDE /* ParkFeature.swift */,
				DA461F812C840C9300270CDE /* ParkView.swift */,
			);
			path = Park;
			sourceTree = "<group>";
		};
		DA461F7B2C840C3B00270CDE /* MyPage */ = {
			isa = PBXGroup;
			children = (
				DA461F852C840C9B00270CDE /* MyPageFeature.swift */,
				DA461F842C840C9A00270CDE /* MyPageView.swift */,
			);
			path = MyPage;
			sourceTree = "<group>";
		};
		DA6E576B2C58609B0088A7A7 /* BGM */ = {
			isa = PBXGroup;
			children = (
				DA6E576C2C5860CA0088A7A7 /* SpringHasCome.mp3 */,
			);
			path = BGM;
			sourceTree = "<group>";
		};
		DA6E57702C58F66F0088A7A7 /* TextField */ = {
			isa = PBXGroup;
			children = (
				DA6E57722C58F6AA0088A7A7 /* CustomTextField.swift */,
			);
			path = TextField;
			sourceTree = "<group>";
		};
		DA6E57712C58F67D0088A7A7 /* Buttons */ = {
			isa = PBXGroup;
			children = (
				DA6E57742C5904900088A7A7 /* CustomButton.swift */,
				DA6E57762C5908420088A7A7 /* CustomYearButton.swift */,
				DA6E57782C59084A0088A7A7 /* CustomMonthButton.swift */,
				DA6E577A2C5908580088A7A7 /* CustomDayButton.swift */,
			);
			path = Buttons;
			sourceTree = "<group>";
		};
		DA6E57892C5E4A930088A7A7 /* UserInfo */ = {
			isa = PBXGroup;
			children = (
				DA6E578A2C5E4ABE0088A7A7 /* UserManager.swift */,
			);
			path = UserInfo;
			sourceTree = "<group>";
		};
		DAAEFC022C56941800D1F87B = {
			isa = PBXGroup;
			children = (
				DAAEFC0D2C56941800D1F87B /* DolHaruBang */,
				DAAEFC0C2C56941800D1F87B /* Products */,
			);
			sourceTree = "<group>";
		};
		DAAEFC0C2C56941800D1F87B /* Products */ = {
			isa = PBXGroup;
			children = (
				DAAEFC0B2C56941800D1F87B /* DolHaruBang.app */,
			);
			name = Products;
			sourceTree = "<group>";
		};
		DAAEFC0D2C56941800D1F87B /* DolHaruBang */ = {
			isa = PBXGroup;
			children = (
				DAAEFC0E2C56941800D1F87B /* DolHaruBangApp.swift */,
				6550AA382C59E5A6000A264E /* Common */,
				6550AA392C59E5BF000A264E /* Pages */,
				DAAEFC172C56941A00D1F87B /* Persistence.swift */,
				DAAEFC372C5755E600D1F87B /* Info.plist */,
				DAAEFC192C56941A00D1F87B /* DolHaruBang.xcdatamodeld */,
			);
			path = DolHaruBang;
			sourceTree = "<group>";
		};
		DAAEFC2C2C57436B00D1F87B /* Fonts */ = {
			isa = PBXGroup;
			children = (
				DA6E57692C57D4920088A7A7 /* Cafe24Ssurround.ttf */,
				DAAEFC312C5747F000D1F87B /* NanumSquareRoundOTFB.otf */,
				DAAEFC332C5747F000D1F87B /* NanumSquareRoundOTFEB.otf */,
				DAAEFC322C5747F000D1F87B /* NanumSquareRoundOTFR.otf */,
				DAAEFC2D2C5743BA00D1F87B /* Font.swift */,
				DA6E57812C5B25170088A7A7 /* Text.swift */,
			);
			path = Fonts;
			sourceTree = "<group>";
		};
/* End PBXGroup section */

/* Begin PBXNativeTarget section */
		DAAEFC0A2C56941800D1F87B /* DolHaruBang */ = {
			isa = PBXNativeTarget;
			buildConfigurationList = DAAEFC1E2C56941A00D1F87B /* Build configuration list for PBXNativeTarget "DolHaruBang" */;
			buildPhases = (
				DAAEFC072C56941800D1F87B /* Sources */,
				DAAEFC082C56941800D1F87B /* Frameworks */,
				DAAEFC092C56941800D1F87B /* Resources */,
			);
			buildRules = (
			);
			dependencies = (
			);
			name = DolHaruBang;
			packageProductDependencies = (
				652175042C60F77900128734 /* ComposableArchitecture */,
				659469742C7DC022004D487C /* Alamofire */,
			);
			productName = DolHaruBang;
			productReference = DAAEFC0B2C56941800D1F87B /* DolHaruBang.app */;
			productType = "com.apple.product-type.application";
		};
/* End PBXNativeTarget section */

/* Begin PBXProject section */
		DAAEFC032C56941800D1F87B /* Project object */ = {
			isa = PBXProject;
			attributes = {
				BuildIndependentTargetsInParallel = 1;
				LastSwiftUpdateCheck = 1540;
				LastUpgradeCheck = 1540;
				TargetAttributes = {
					DAAEFC0A2C56941800D1F87B = {
						CreatedOnToolsVersion = 15.4;
					};
				};
			};
			buildConfigurationList = DAAEFC062C56941800D1F87B /* Build configuration list for PBXProject "DolHaruBang" */;
			compatibilityVersion = "Xcode 14.0";
			developmentRegion = en;
			hasScannedForEncodings = 0;
			knownRegions = (
				en,
				Base,
			);
			mainGroup = DAAEFC022C56941800D1F87B;
			packageReferences = (
				652175032C60F77900128734 /* XCRemoteSwiftPackageReference "swift-composable-architecture" */,
				659469732C7DC022004D487C /* XCRemoteSwiftPackageReference "Alamofire" */,
			);
			productRefGroup = DAAEFC0C2C56941800D1F87B /* Products */;
			projectDirPath = "";
			projectRoot = "";
			targets = (
				DAAEFC0A2C56941800D1F87B /* DolHaruBang */,
			);
		};
/* End PBXProject section */

/* Begin PBXResourcesBuildPhase section */
		DAAEFC092C56941800D1F87B /* Resources */ = {
			isa = PBXResourcesBuildPhase;
			buildActionMask = 2147483647;
			files = (
				DA6E576A2C57D4920088A7A7 /* Cafe24Ssurround.ttf in Resources */,
				65E1C5082C6F3C8700A2E419 /* HomeIcon.xcassets in Resources */,
				DAAEFC132C56941A00D1F87B /* Assets.xcassets in Resources */,
				DAAEFC362C5747F000D1F87B /* NanumSquareRoundOTFEB.otf in Resources */,
				DAAEFC352C5747F000D1F87B /* NanumSquareRoundOTFR.otf in Resources */,
				DAB2EA992C85FD9F007626F8 /* je_gray_02_4k.hdr in Resources */,
				656953522C76891D007B4DA1 /* Background.xcassets in Resources */,
				DAB2EA932C85FA1A007626F8 /* Mails.scnassets in Resources */,
				DA6E576D2C5860CA0088A7A7 /* SpringHasCome.mp3 in Resources */,
				DAAEFC342C5747F000D1F87B /* NanumSquareRoundOTFB.otf in Resources */,
				DAB2EA8F2C85FA1A007626F8 /* Dols.scnassets in Resources */,
				DAB2EA942C85FA1A007626F8 /* Signs.scnassets in Resources */,
				DAB2EA9A2C85FD9F007626F8 /* lythwood_field_4k.hdr in Resources */,
				DAB2EA912C85FA1A007626F8 /* Accessorys.scnassets in Resources */,
			);
			runOnlyForDeploymentPostprocessing = 0;
		};
/* End PBXResourcesBuildPhase section */

/* Begin PBXSourcesBuildPhase section */
		DAAEFC072C56941800D1F87B /* Sources */ = {
			isa = PBXSourcesBuildPhase;
			buildActionMask = 2147483647;
			files = (
				657E5F982C745356002FFA69 /* View.swift in Sources */,
				DAAEFC182C56941A00D1F87B /* Persistence.swift in Sources */,
				DA6E57882C5E02240088A7A7 /* KeyboardGuardian.swift in Sources */,
				DA461F7D2C840C7200270CDE /* HaruBangView.swift in Sources */,
				DA461F7F2C840C8900270CDE /* HaruBangFeature.swift in Sources */,
				652ECFAB2C5F0D1400399279 /* respnseKeyboard.swift in Sources */,
				657780EA2C834ABC00DC08C2 /* ParkView.swift in Sources */,
				6550AA492C59EA35000A264E /* SplashView.swift in Sources */,
				DAAEFC112C56941800D1F87B /* EntryPointView.swift in Sources */,
				657780F82C84AFC400DC08C2 /* DBTIFeature.swift in Sources */,
				DAAEFC2E2C5743BA00D1F87B /* Font.swift in Sources */,
				6550AA502C5A809B000A264E /* HomeView.swift in Sources */,
				65BA1E042C5EAB03001BC8AC /* HomeFeature.swift in Sources */,
				658962822C856D3600F27FB4 /* Demo.swift in Sources */,
				655E42112C5EB368008ADB5A /* HomeEnviroment.swift in Sources */,
				657780E12C83427000DC08C2 /* NavigationFeature.swift in Sources */,
				DA6E577B2C5908580088A7A7 /* CustomDayButton.swift in Sources */,
				DA6E57732C58F6AA0088A7A7 /* CustomTextField.swift in Sources */,
				658962902C858E6300F27FB4 /* Mail.swift in Sources */,
				6589628E2C85884F00F27FB4 /* Sign.swift in Sources */,
				DA461F822C840C9300270CDE /* ParkFeature.swift in Sources */,
				DA461F742C81E45C00270CDE /* CalendarUtil.swift in Sources */,
				656592B12C76561800B06D97 /* CustomizeView.swift in Sources */,
				657E5F962C7452B7002FFA69 /* hideKeyboard.swift in Sources */,
				DA461F722C81958E00270CDE /* CalendarView.swift in Sources */,
				DA6E57772C5908420088A7A7 /* CustomYearButton.swift in Sources */,
				DA461F862C840C9B00270CDE /* MyPageView.swift in Sources */,
				657780E62C8349EA00DC08C2 /* HaruBangView.swift in Sources */,
				DA6E578B2C5E4ABE0088A7A7 /* UserManager.swift in Sources */,
				657780E82C834A5500DC08C2 /* HaruBangFeature.swift in Sources */,
				DAAEFC0F2C56941800D1F87B /* DolHaruBangApp.swift in Sources */,
				DA461F762C81E50300270CDE /* FigmaEffects.swift in Sources */,
				DAAEFC1B2C56941A00D1F87B /* DolHaruBang.xcdatamodeld in Sources */,
				657780F32C84A60100DC08C2 /* FloatingMenuView.swift in Sources */,
				657780EC2C834AE100DC08C2 /* ParkFeature.swift in Sources */,
				DA6E57862C5C6A540088A7A7 /* DBTIResultView.swift in Sources */,
				65A59DDD2C74683600B20524 /* DecorationView.swift in Sources */,
				DA6E57802C594BD90088A7A7 /* DBTIGuideView.swift in Sources */,
				656592B52C7657DF00B06D97 /* Background.swift in Sources */,
				DA461F872C840C9B00270CDE /* MyPageFeature.swift in Sources */,
				654402142C7B8B3E00039510 /* Accessory.swift in Sources */,
				65A59DDB2C745D3100B20524 /* UITextFieldPadding.swift in Sources */,
				657780F02C834B3300DC08C2 /* MyPageFeature.swift in Sources */,
				657E5F942C745071002FFA69 /* Face.swift in Sources */,
				DA6E57822C5B25170088A7A7 /* Text.swift in Sources */,
				DA7FE5832C88231100843462 /* CalendarFeature.swift in Sources */,
				DA6E57792C59084A0088A7A7 /* CustomMonthButton.swift in Sources */,
				657780EE2C834B0600DC08C2 /* MyPageView.swift in Sources */,
				DA6E57752C5904900088A7A7 /* CustomButton.swift in Sources */,
				657E5F922C745059002FFA69 /* DolView.swift in Sources */,
				DA6E57842C5C5EFF0088A7A7 /* DBTIQuestion1View.swift in Sources */,
				656592B32C7656F200B06D97 /* Shape.swift in Sources */,
				DA7FE5852C8826A200843462 /* RecordPopupView.swift in Sources */,
				DAAEFC3A2C575B8900D1F87B /* LoginView.swift in Sources */,
				DAAEFC2A2C57425000D1F87B /* Color.swift in Sources */,
				DA6E576F2C58A4CF0088A7A7 /* InputUserInfoView.swift in Sources */,
				DA461F832C840C9300270CDE /* ParkView.swift in Sources */,
				65E1C50A2C6F7DE700A2E419 /* ColorHex.swift in Sources */,
			);
			runOnlyForDeploymentPostprocessing = 0;
		};
/* End PBXSourcesBuildPhase section */

/* Begin XCBuildConfiguration section */
		DAAEFC1C2C56941A00D1F87B /* Debug */ = {
			isa = XCBuildConfiguration;
			buildSettings = {
				ALWAYS_SEARCH_USER_PATHS = NO;
				ASSETCATALOG_COMPILER_GENERATE_SWIFT_ASSET_SYMBOL_EXTENSIONS = YES;
				CLANG_ANALYZER_NONNULL = YES;
				CLANG_ANALYZER_NUMBER_OBJECT_CONVERSION = YES_AGGRESSIVE;
				CLANG_CXX_LANGUAGE_STANDARD = "gnu++20";
				CLANG_ENABLE_MODULES = YES;
				CLANG_ENABLE_OBJC_ARC = YES;
				CLANG_ENABLE_OBJC_WEAK = YES;
				CLANG_WARN_BLOCK_CAPTURE_AUTORELEASING = YES;
				CLANG_WARN_BOOL_CONVERSION = YES;
				CLANG_WARN_COMMA = YES;
				CLANG_WARN_CONSTANT_CONVERSION = YES;
				CLANG_WARN_DEPRECATED_OBJC_IMPLEMENTATIONS = YES;
				CLANG_WARN_DIRECT_OBJC_ISA_USAGE = YES_ERROR;
				CLANG_WARN_DOCUMENTATION_COMMENTS = YES;
				CLANG_WARN_EMPTY_BODY = YES;
				CLANG_WARN_ENUM_CONVERSION = YES;
				CLANG_WARN_INFINITE_RECURSION = YES;
				CLANG_WARN_INT_CONVERSION = YES;
				CLANG_WARN_NON_LITERAL_NULL_CONVERSION = YES;
				CLANG_WARN_OBJC_IMPLICIT_RETAIN_SELF = YES;
				CLANG_WARN_OBJC_LITERAL_CONVERSION = YES;
				CLANG_WARN_OBJC_ROOT_CLASS = YES_ERROR;
				CLANG_WARN_QUOTED_INCLUDE_IN_FRAMEWORK_HEADER = YES;
				CLANG_WARN_RANGE_LOOP_ANALYSIS = YES;
				CLANG_WARN_STRICT_PROTOTYPES = YES;
				CLANG_WARN_SUSPICIOUS_MOVE = YES;
				CLANG_WARN_UNGUARDED_AVAILABILITY = YES_AGGRESSIVE;
				CLANG_WARN_UNREACHABLE_CODE = YES;
				CLANG_WARN__DUPLICATE_METHOD_MATCH = YES;
				COPY_PHASE_STRIP = NO;
				DEBUG_INFORMATION_FORMAT = dwarf;
				ENABLE_STRICT_OBJC_MSGSEND = YES;
				ENABLE_TESTABILITY = YES;
				ENABLE_USER_SCRIPT_SANDBOXING = YES;
				GCC_C_LANGUAGE_STANDARD = gnu17;
				GCC_DYNAMIC_NO_PIC = NO;
				GCC_NO_COMMON_BLOCKS = YES;
				GCC_OPTIMIZATION_LEVEL = 0;
				GCC_PREPROCESSOR_DEFINITIONS = (
					"DEBUG=1",
					"$(inherited)",
				);
				GCC_WARN_64_TO_32_BIT_CONVERSION = YES;
				GCC_WARN_ABOUT_RETURN_TYPE = YES_ERROR;
				GCC_WARN_UNDECLARED_SELECTOR = YES;
				GCC_WARN_UNINITIALIZED_AUTOS = YES_AGGRESSIVE;
				GCC_WARN_UNUSED_FUNCTION = YES;
				GCC_WARN_UNUSED_VARIABLE = YES;
				IPHONEOS_DEPLOYMENT_TARGET = 15.0;
				LOCALIZATION_PREFERS_STRING_CATALOGS = YES;
				MTL_ENABLE_DEBUG_INFO = INCLUDE_SOURCE;
				MTL_FAST_MATH = YES;
				ONLY_ACTIVE_ARCH = YES;
				SDKROOT = iphoneos;
				SWIFT_ACTIVE_COMPILATION_CONDITIONS = "DEBUG $(inherited)";
				SWIFT_OPTIMIZATION_LEVEL = "-Onone";
			};
			name = Debug;
		};
		DAAEFC1D2C56941A00D1F87B /* Release */ = {
			isa = XCBuildConfiguration;
			buildSettings = {
				ALWAYS_SEARCH_USER_PATHS = NO;
				ASSETCATALOG_COMPILER_GENERATE_SWIFT_ASSET_SYMBOL_EXTENSIONS = YES;
				CLANG_ANALYZER_NONNULL = YES;
				CLANG_ANALYZER_NUMBER_OBJECT_CONVERSION = YES_AGGRESSIVE;
				CLANG_CXX_LANGUAGE_STANDARD = "gnu++20";
				CLANG_ENABLE_MODULES = YES;
				CLANG_ENABLE_OBJC_ARC = YES;
				CLANG_ENABLE_OBJC_WEAK = YES;
				CLANG_WARN_BLOCK_CAPTURE_AUTORELEASING = YES;
				CLANG_WARN_BOOL_CONVERSION = YES;
				CLANG_WARN_COMMA = YES;
				CLANG_WARN_CONSTANT_CONVERSION = YES;
				CLANG_WARN_DEPRECATED_OBJC_IMPLEMENTATIONS = YES;
				CLANG_WARN_DIRECT_OBJC_ISA_USAGE = YES_ERROR;
				CLANG_WARN_DOCUMENTATION_COMMENTS = YES;
				CLANG_WARN_EMPTY_BODY = YES;
				CLANG_WARN_ENUM_CONVERSION = YES;
				CLANG_WARN_INFINITE_RECURSION = YES;
				CLANG_WARN_INT_CONVERSION = YES;
				CLANG_WARN_NON_LITERAL_NULL_CONVERSION = YES;
				CLANG_WARN_OBJC_IMPLICIT_RETAIN_SELF = YES;
				CLANG_WARN_OBJC_LITERAL_CONVERSION = YES;
				CLANG_WARN_OBJC_ROOT_CLASS = YES_ERROR;
				CLANG_WARN_QUOTED_INCLUDE_IN_FRAMEWORK_HEADER = YES;
				CLANG_WARN_RANGE_LOOP_ANALYSIS = YES;
				CLANG_WARN_STRICT_PROTOTYPES = YES;
				CLANG_WARN_SUSPICIOUS_MOVE = YES;
				CLANG_WARN_UNGUARDED_AVAILABILITY = YES_AGGRESSIVE;
				CLANG_WARN_UNREACHABLE_CODE = YES;
				CLANG_WARN__DUPLICATE_METHOD_MATCH = YES;
				COPY_PHASE_STRIP = NO;
				DEBUG_INFORMATION_FORMAT = "dwarf-with-dsym";
				ENABLE_NS_ASSERTIONS = NO;
				ENABLE_STRICT_OBJC_MSGSEND = YES;
				ENABLE_USER_SCRIPT_SANDBOXING = YES;
				GCC_C_LANGUAGE_STANDARD = gnu17;
				GCC_NO_COMMON_BLOCKS = YES;
				GCC_WARN_64_TO_32_BIT_CONVERSION = YES;
				GCC_WARN_ABOUT_RETURN_TYPE = YES_ERROR;
				GCC_WARN_UNDECLARED_SELECTOR = YES;
				GCC_WARN_UNINITIALIZED_AUTOS = YES_AGGRESSIVE;
				GCC_WARN_UNUSED_FUNCTION = YES;
				GCC_WARN_UNUSED_VARIABLE = YES;
				IPHONEOS_DEPLOYMENT_TARGET = 15.0;
				LOCALIZATION_PREFERS_STRING_CATALOGS = YES;
				MTL_ENABLE_DEBUG_INFO = NO;
				MTL_FAST_MATH = YES;
				SDKROOT = iphoneos;
				SWIFT_COMPILATION_MODE = wholemodule;
				VALIDATE_PRODUCT = YES;
			};
			name = Release;
		};
		DAAEFC1F2C56941A00D1F87B /* Debug */ = {
			isa = XCBuildConfiguration;
			buildSettings = {
				ASSETCATALOG_COMPILER_APPICON_NAME = AppIcon;
				ASSETCATALOG_COMPILER_GLOBAL_ACCENT_COLOR_NAME = AccentColor;
				CODE_SIGN_STYLE = Automatic;
				CURRENT_PROJECT_VERSION = 1;
				DEVELOPMENT_ASSET_PATHS = "\"DolHaruBang/Preview Content\"";
				DEVELOPMENT_TEAM = X83LNW6267;
				ENABLE_PREVIEWS = YES;
				GENERATE_INFOPLIST_FILE = YES;
				INFOPLIST_FILE = DolHaruBang/Info.plist;
				INFOPLIST_KEY_UIApplicationSceneManifest_Generation = YES;
				INFOPLIST_KEY_UIApplicationSupportsIndirectInputEvents = YES;
				INFOPLIST_KEY_UILaunchScreen_Generation = YES;
				INFOPLIST_KEY_UISupportedInterfaceOrientations_iPad = "UIInterfaceOrientationPortrait UIInterfaceOrientationPortraitUpsideDown UIInterfaceOrientationLandscapeLeft UIInterfaceOrientationLandscapeRight";
				INFOPLIST_KEY_UISupportedInterfaceOrientations_iPhone = "UIInterfaceOrientationPortrait UIInterfaceOrientationLandscapeLeft UIInterfaceOrientationLandscapeRight";
				IPHONEOS_DEPLOYMENT_TARGET = 17.0;
				LD_RUNPATH_SEARCH_PATHS = (
					"$(inherited)",
					"@executable_path/Frameworks",
				);
				MARKETING_VERSION = 1.0;
				PRODUCT_BUNDLE_IDENTIFIER = www.dolharubang.DolHaruBang;
				PRODUCT_NAME = "$(TARGET_NAME)";
				SWIFT_EMIT_LOC_STRINGS = YES;
				SWIFT_VERSION = 5.0;
				TARGETED_DEVICE_FAMILY = "1,2";
			};
			name = Debug;
		};
		DAAEFC202C56941A00D1F87B /* Release */ = {
			isa = XCBuildConfiguration;
			buildSettings = {
				ASSETCATALOG_COMPILER_APPICON_NAME = AppIcon;
				ASSETCATALOG_COMPILER_GLOBAL_ACCENT_COLOR_NAME = AccentColor;
				CODE_SIGN_STYLE = Automatic;
				CURRENT_PROJECT_VERSION = 1;
				DEVELOPMENT_ASSET_PATHS = "\"DolHaruBang/Preview Content\"";
				DEVELOPMENT_TEAM = X83LNW6267;
				ENABLE_PREVIEWS = YES;
				GENERATE_INFOPLIST_FILE = YES;
				INFOPLIST_FILE = DolHaruBang/Info.plist;
				INFOPLIST_KEY_UIApplicationSceneManifest_Generation = YES;
				INFOPLIST_KEY_UIApplicationSupportsIndirectInputEvents = YES;
				INFOPLIST_KEY_UILaunchScreen_Generation = YES;
				INFOPLIST_KEY_UISupportedInterfaceOrientations_iPad = "UIInterfaceOrientationPortrait UIInterfaceOrientationPortraitUpsideDown UIInterfaceOrientationLandscapeLeft UIInterfaceOrientationLandscapeRight";
				INFOPLIST_KEY_UISupportedInterfaceOrientations_iPhone = "UIInterfaceOrientationPortrait UIInterfaceOrientationLandscapeLeft UIInterfaceOrientationLandscapeRight";
				IPHONEOS_DEPLOYMENT_TARGET = 17.0;
				LD_RUNPATH_SEARCH_PATHS = (
					"$(inherited)",
					"@executable_path/Frameworks",
				);
				MARKETING_VERSION = 1.0;
				PRODUCT_BUNDLE_IDENTIFIER = www.dolharubang.DolHaruBang;
				PRODUCT_NAME = "$(TARGET_NAME)";
				SWIFT_EMIT_LOC_STRINGS = YES;
				SWIFT_VERSION = 5.0;
				TARGETED_DEVICE_FAMILY = "1,2";
			};
			name = Release;
		};
/* End XCBuildConfiguration section */

/* Begin XCConfigurationList section */
		DAAEFC062C56941800D1F87B /* Build configuration list for PBXProject "DolHaruBang" */ = {
			isa = XCConfigurationList;
			buildConfigurations = (
				DAAEFC1C2C56941A00D1F87B /* Debug */,
				DAAEFC1D2C56941A00D1F87B /* Release */,
			);
			defaultConfigurationIsVisible = 0;
			defaultConfigurationName = Release;
		};
		DAAEFC1E2C56941A00D1F87B /* Build configuration list for PBXNativeTarget "DolHaruBang" */ = {
			isa = XCConfigurationList;
			buildConfigurations = (
				DAAEFC1F2C56941A00D1F87B /* Debug */,
				DAAEFC202C56941A00D1F87B /* Release */,
			);
			defaultConfigurationIsVisible = 0;
			defaultConfigurationName = Release;
		};
/* End XCConfigurationList section */

/* Begin XCRemoteSwiftPackageReference section */
		652175032C60F77900128734 /* XCRemoteSwiftPackageReference "swift-composable-architecture" */ = {
			isa = XCRemoteSwiftPackageReference;
			repositoryURL = "https://github.com/pointfreeco/swift-composable-architecture";
			requirement = {
				kind = upToNextMajorVersion;
				minimumVersion = 1.12.1;
			};
		};
		659469732C7DC022004D487C /* XCRemoteSwiftPackageReference "Alamofire" */ = {
			isa = XCRemoteSwiftPackageReference;
			repositoryURL = "https://github.com/Alamofire/Alamofire.git";
			requirement = {
				kind = versionRange;
				maximumVersion = 5.3.0;
				minimumVersion = 5.0.1;
			};
		};
/* End XCRemoteSwiftPackageReference section */

/* Begin XCSwiftPackageProductDependency section */
		652175042C60F77900128734 /* ComposableArchitecture */ = {
			isa = XCSwiftPackageProductDependency;
			package = 652175032C60F77900128734 /* XCRemoteSwiftPackageReference "swift-composable-architecture" */;
			productName = ComposableArchitecture;
		};
		659469742C7DC022004D487C /* Alamofire */ = {
			isa = XCSwiftPackageProductDependency;
			package = 659469732C7DC022004D487C /* XCRemoteSwiftPackageReference "Alamofire" */;
			productName = Alamofire;
		};
/* End XCSwiftPackageProductDependency section */

/* Begin XCVersionGroup section */
		DAAEFC192C56941A00D1F87B /* DolHaruBang.xcdatamodeld */ = {
			isa = XCVersionGroup;
			children = (
				DAAEFC1A2C56941A00D1F87B /* DolHaruBang.xcdatamodel */,
			);
			currentVersion = DAAEFC1A2C56941A00D1F87B /* DolHaruBang.xcdatamodel */;
			path = DolHaruBang.xcdatamodeld;
			sourceTree = "<group>";
			versionGroupType = wrapper.xcdatamodel;
		};
/* End XCVersionGroup section */
	};
	rootObject = DAAEFC032C56941800D1F87B /* Project object */;
}
