// !$*UTF8*$!
{
	archiveVersion = 1;
	classes = {
	};
	objectVersion = 56;
	objects = {

/* Begin PBXBuildFile section */
		DA6E576A2C57D4920088A7A7 /* Cafe24Ssurround.ttf in Resources */ = {isa = PBXBuildFile; fileRef = DA6E57692C57D4920088A7A7 /* Cafe24Ssurround.ttf */; };
		DA6E576D2C5860CA0088A7A7 /* SpringHasCome.mp3 in Resources */ = {isa = PBXBuildFile; fileRef = DA6E576C2C5860CA0088A7A7 /* SpringHasCome.mp3 */; };
		DA6E576F2C58A4CF0088A7A7 /* InputUserInfoView.swift in Sources */ = {isa = PBXBuildFile; fileRef = DA6E576E2C58A4CF0088A7A7 /* InputUserInfoView.swift */; };
		DA6E57732C58F6AA0088A7A7 /* CustomTextField.swift in Sources */ = {isa = PBXBuildFile; fileRef = DA6E57722C58F6AA0088A7A7 /* CustomTextField.swift */; };
		DA6E57752C5904900088A7A7 /* CustomButton.swift in Sources */ = {isa = PBXBuildFile; fileRef = DA6E57742C5904900088A7A7 /* CustomButton.swift */; };
		DA6E57772C5908420088A7A7 /* CustomYearButton.swift in Sources */ = {isa = PBXBuildFile; fileRef = DA6E57762C5908420088A7A7 /* CustomYearButton.swift */; };
		DA6E57792C59084A0088A7A7 /* CustomMonthButton.swift in Sources */ = {isa = PBXBuildFile; fileRef = DA6E57782C59084A0088A7A7 /* CustomMonthButton.swift */; };
		DA6E577B2C5908580088A7A7 /* CustomDayButton.swift in Sources */ = {isa = PBXBuildFile; fileRef = DA6E577A2C5908580088A7A7 /* CustomDayButton.swift */; };
		DA6E577D2C59476D0088A7A7 /* View.swift in Sources */ = {isa = PBXBuildFile; fileRef = DA6E577C2C59476D0088A7A7 /* View.swift */; };
		DA6E57802C594BD90088A7A7 /* DBTIGuideView.swift in Sources */ = {isa = PBXBuildFile; fileRef = DA6E577F2C594BD90088A7A7 /* DBTIGuideView.swift */; };
		DAAEFC0F2C56941800D1F87B /* DolHaruBangApp.swift in Sources */ = {isa = PBXBuildFile; fileRef = DAAEFC0E2C56941800D1F87B /* DolHaruBangApp.swift */; };
		DAAEFC112C56941800D1F87B /* EntryPointView.swift in Sources */ = {isa = PBXBuildFile; fileRef = DAAEFC102C56941800D1F87B /* EntryPointView.swift */; };
		DAAEFC132C56941A00D1F87B /* Assets.xcassets in Resources */ = {isa = PBXBuildFile; fileRef = DAAEFC122C56941A00D1F87B /* Assets.xcassets */; };
		DAAEFC162C56941A00D1F87B /* Preview Assets.xcassets in Resources */ = {isa = PBXBuildFile; fileRef = DAAEFC152C56941A00D1F87B /* Preview Assets.xcassets */; };
		DAAEFC182C56941A00D1F87B /* Persistence.swift in Sources */ = {isa = PBXBuildFile; fileRef = DAAEFC172C56941A00D1F87B /* Persistence.swift */; };
		DAAEFC1B2C56941A00D1F87B /* DolHaruBang.xcdatamodeld in Sources */ = {isa = PBXBuildFile; fileRef = DAAEFC192C56941A00D1F87B /* DolHaruBang.xcdatamodeld */; };
		DAAEFC272C56985F00D1F87B /* SplashView.swift in Sources */ = {isa = PBXBuildFile; fileRef = DAAEFC262C56985F00D1F87B /* SplashView.swift */; };
		DAAEFC2A2C57425000D1F87B /* Color.swift in Sources */ = {isa = PBXBuildFile; fileRef = DAAEFC292C57425000D1F87B /* Color.swift */; };
		DAAEFC2E2C5743BA00D1F87B /* Font.swift in Sources */ = {isa = PBXBuildFile; fileRef = DAAEFC2D2C5743BA00D1F87B /* Font.swift */; };
		DAAEFC342C5747F000D1F87B /* NanumSquareRoundOTFB.otf in Resources */ = {isa = PBXBuildFile; fileRef = DAAEFC312C5747F000D1F87B /* NanumSquareRoundOTFB.otf */; };
		DAAEFC352C5747F000D1F87B /* NanumSquareRoundOTFR.otf in Resources */ = {isa = PBXBuildFile; fileRef = DAAEFC322C5747F000D1F87B /* NanumSquareRoundOTFR.otf */; };
		DAAEFC362C5747F000D1F87B /* NanumSquareRoundOTFEB.otf in Resources */ = {isa = PBXBuildFile; fileRef = DAAEFC332C5747F000D1F87B /* NanumSquareRoundOTFEB.otf */; };
		DAAEFC3A2C575B8900D1F87B /* LoginView.swift in Sources */ = {isa = PBXBuildFile; fileRef = DAAEFC392C575B8900D1F87B /* LoginView.swift */; };
/* End PBXBuildFile section */

/* Begin PBXFileReference section */
		DA6E57692C57D4920088A7A7 /* Cafe24Ssurround.ttf */ = {isa = PBXFileReference; lastKnownFileType = file; path = Cafe24Ssurround.ttf; sourceTree = "<group>"; };
		DA6E576C2C5860CA0088A7A7 /* SpringHasCome.mp3 */ = {isa = PBXFileReference; lastKnownFileType = audio.mp3; path = SpringHasCome.mp3; sourceTree = "<group>"; };
		DA6E576E2C58A4CF0088A7A7 /* InputUserInfoView.swift */ = {isa = PBXFileReference; lastKnownFileType = sourcecode.swift; path = InputUserInfoView.swift; sourceTree = "<group>"; };
		DA6E57722C58F6AA0088A7A7 /* CustomTextField.swift */ = {isa = PBXFileReference; lastKnownFileType = sourcecode.swift; path = CustomTextField.swift; sourceTree = "<group>"; };
		DA6E57742C5904900088A7A7 /* CustomButton.swift */ = {isa = PBXFileReference; lastKnownFileType = sourcecode.swift; path = CustomButton.swift; sourceTree = "<group>"; };
		DA6E57762C5908420088A7A7 /* CustomYearButton.swift */ = {isa = PBXFileReference; lastKnownFileType = sourcecode.swift; path = CustomYearButton.swift; sourceTree = "<group>"; };
		DA6E57782C59084A0088A7A7 /* CustomMonthButton.swift */ = {isa = PBXFileReference; lastKnownFileType = sourcecode.swift; path = CustomMonthButton.swift; sourceTree = "<group>"; };
		DA6E577A2C5908580088A7A7 /* CustomDayButton.swift */ = {isa = PBXFileReference; lastKnownFileType = sourcecode.swift; path = CustomDayButton.swift; sourceTree = "<group>"; };
		DA6E577C2C59476D0088A7A7 /* View.swift */ = {isa = PBXFileReference; lastKnownFileType = sourcecode.swift; path = View.swift; sourceTree = "<group>"; };
		DA6E577F2C594BD90088A7A7 /* DBTIGuideView.swift */ = {isa = PBXFileReference; lastKnownFileType = sourcecode.swift; path = DBTIGuideView.swift; sourceTree = "<group>"; };
		DAAEFC0B2C56941800D1F87B /* DolHaruBang.app */ = {isa = PBXFileReference; explicitFileType = wrapper.application; includeInIndex = 0; path = DolHaruBang.app; sourceTree = BUILT_PRODUCTS_DIR; };
		DAAEFC0E2C56941800D1F87B /* DolHaruBangApp.swift */ = {isa = PBXFileReference; lastKnownFileType = sourcecode.swift; path = DolHaruBangApp.swift; sourceTree = "<group>"; };
		DAAEFC102C56941800D1F87B /* EntryPointView.swift */ = {isa = PBXFileReference; lastKnownFileType = sourcecode.swift; path = EntryPointView.swift; sourceTree = "<group>"; };
		DAAEFC122C56941A00D1F87B /* Assets.xcassets */ = {isa = PBXFileReference; lastKnownFileType = folder.assetcatalog; path = Assets.xcassets; sourceTree = "<group>"; };
		DAAEFC152C56941A00D1F87B /* Preview Assets.xcassets */ = {isa = PBXFileReference; lastKnownFileType = folder.assetcatalog; path = "Preview Assets.xcassets"; sourceTree = "<group>"; };
		DAAEFC172C56941A00D1F87B /* Persistence.swift */ = {isa = PBXFileReference; lastKnownFileType = sourcecode.swift; path = Persistence.swift; sourceTree = "<group>"; };
		DAAEFC1A2C56941A00D1F87B /* DolHaruBang.xcdatamodel */ = {isa = PBXFileReference; lastKnownFileType = wrapper.xcdatamodel; path = DolHaruBang.xcdatamodel; sourceTree = "<group>"; };
		DAAEFC262C56985F00D1F87B /* SplashView.swift */ = {isa = PBXFileReference; lastKnownFileType = sourcecode.swift; path = SplashView.swift; sourceTree = "<group>"; };
		DAAEFC292C57425000D1F87B /* Color.swift */ = {isa = PBXFileReference; lastKnownFileType = sourcecode.swift; path = Color.swift; sourceTree = "<group>"; };
		DAAEFC2D2C5743BA00D1F87B /* Font.swift */ = {isa = PBXFileReference; lastKnownFileType = sourcecode.swift; path = Font.swift; sourceTree = "<group>"; };
		DAAEFC312C5747F000D1F87B /* NanumSquareRoundOTFB.otf */ = {isa = PBXFileReference; lastKnownFileType = file; path = NanumSquareRoundOTFB.otf; sourceTree = "<group>"; };
		DAAEFC322C5747F000D1F87B /* NanumSquareRoundOTFR.otf */ = {isa = PBXFileReference; lastKnownFileType = file; path = NanumSquareRoundOTFR.otf; sourceTree = "<group>"; };
		DAAEFC332C5747F000D1F87B /* NanumSquareRoundOTFEB.otf */ = {isa = PBXFileReference; lastKnownFileType = file; path = NanumSquareRoundOTFEB.otf; sourceTree = "<group>"; };
		DAAEFC372C5755E600D1F87B /* Info.plist */ = {isa = PBXFileReference; lastKnownFileType = text.plist; path = Info.plist; sourceTree = "<group>"; };
		DAAEFC392C575B8900D1F87B /* LoginView.swift */ = {isa = PBXFileReference; lastKnownFileType = sourcecode.swift; path = LoginView.swift; sourceTree = "<group>"; };
/* End PBXFileReference section */

/* Begin PBXFrameworksBuildPhase section */
		DAAEFC082C56941800D1F87B /* Frameworks */ = {
			isa = PBXFrameworksBuildPhase;
			buildActionMask = 2147483647;
			files = (
			);
			runOnlyForDeploymentPostprocessing = 0;
		};
/* End PBXFrameworksBuildPhase section */

/* Begin PBXGroup section */
		DA6E576B2C58609B0088A7A7 /* BGM */ = {
			isa = PBXGroup;
			children = (
				DA6E576C2C5860CA0088A7A7 /* SpringHasCome.mp3 */,
			);
			path = BGM;
			sourceTree = "<group>";
		};
		DA6E57702C58F66F0088A7A7 /* TextField */ = {
			isa = PBXGroup;
			children = (
				DA6E57722C58F6AA0088A7A7 /* CustomTextField.swift */,
			);
			path = TextField;
			sourceTree = "<group>";
		};
		DA6E57712C58F67D0088A7A7 /* Buttons */ = {
			isa = PBXGroup;
			children = (
				DA6E57742C5904900088A7A7 /* CustomButton.swift */,
				DA6E57762C5908420088A7A7 /* CustomYearButton.swift */,
				DA6E57782C59084A0088A7A7 /* CustomMonthButton.swift */,
				DA6E577A2C5908580088A7A7 /* CustomDayButton.swift */,
			);
			path = Buttons;
			sourceTree = "<group>";
		};
		DA6E577E2C594BC10088A7A7 /* DBTI */ = {
			isa = PBXGroup;
			children = (
				DA6E577F2C594BD90088A7A7 /* DBTIGuideView.swift */,
			);
			path = DBTI;
			sourceTree = "<group>";
		};
		DAAEFC022C56941800D1F87B = {
			isa = PBXGroup;
			children = (
				DAAEFC0D2C56941800D1F87B /* DolHaruBang */,
				DAAEFC0C2C56941800D1F87B /* Products */,
			);
			sourceTree = "<group>";
		};
		DAAEFC0C2C56941800D1F87B /* Products */ = {
			isa = PBXGroup;
			children = (
				DAAEFC0B2C56941800D1F87B /* DolHaruBang.app */,
			);
			name = Products;
			sourceTree = "<group>";
		};
		DAAEFC0D2C56941800D1F87B /* DolHaruBang */ = {
			isa = PBXGroup;
			children = (
				DAAEFC372C5755E600D1F87B /* Info.plist */,
				DAAEFC252C56980600D1F87B /* Resources */,
				DAAEFC242C56978000D1F87B /* UI */,
				DAAEFC232C56977500D1F87B /* Services */,
				DAAEFC222C56976B00D1F87B /* App */,
				DAAEFC212C56976400D1F87B /* Modules */,
				DAAEFC122C56941A00D1F87B /* Assets.xcassets */,
				DAAEFC172C56941A00D1F87B /* Persistence.swift */,
				DAAEFC192C56941A00D1F87B /* DolHaruBang.xcdatamodeld */,
				DAAEFC142C56941A00D1F87B /* Preview Content */,
			);
			path = DolHaruBang;
			sourceTree = "<group>";
		};
		DAAEFC142C56941A00D1F87B /* Preview Content */ = {
			isa = PBXGroup;
			children = (
				DAAEFC152C56941A00D1F87B /* Preview Assets.xcassets */,
			);
			path = "Preview Content";
			sourceTree = "<group>";
		};
		DAAEFC212C56976400D1F87B /* Modules */ = {
			isa = PBXGroup;
			children = (
				DA6E577E2C594BC10088A7A7 /* DBTI */,
				DAAEFC382C575B7400D1F87B /* Login */,
				DAAEFC282C56991600D1F87B /* Splash */,
				DAAEFC102C56941800D1F87B /* EntryPointView.swift */,
			);
			path = Modules;
			sourceTree = "<group>";
		};
		DAAEFC222C56976B00D1F87B /* App */ = {
			isa = PBXGroup;
			children = (
				DAAEFC0E2C56941800D1F87B /* DolHaruBangApp.swift */,
			);
			path = App;
			sourceTree = "<group>";
		};
		DAAEFC232C56977500D1F87B /* Services */ = {
			isa = PBXGroup;
			children = (
			);
			path = Services;
			sourceTree = "<group>";
		};
		DAAEFC242C56978000D1F87B /* UI */ = {
			isa = PBXGroup;
			children = (
				DA6E57712C58F67D0088A7A7 /* Buttons */,
				DA6E57702C58F66F0088A7A7 /* TextField */,
			);
			path = UI;
			sourceTree = "<group>";
		};
		DAAEFC252C56980600D1F87B /* Resources */ = {
			isa = PBXGroup;
			children = (
				DA6E576B2C58609B0088A7A7 /* BGM */,
				DAAEFC2C2C57436B00D1F87B /* Fonts */,
				DAAEFC2B2C57427E00D1F87B /* Extensions */,
			);
			path = Resources;
			sourceTree = "<group>";
		};
		DAAEFC282C56991600D1F87B /* Splash */ = {
			isa = PBXGroup;
			children = (
				DAAEFC262C56985F00D1F87B /* SplashView.swift */,
			);
			path = Splash;
			sourceTree = "<group>";
		};
		DAAEFC2B2C57427E00D1F87B /* Extensions */ = {
			isa = PBXGroup;
			children = (
				DAAEFC292C57425000D1F87B /* Color.swift */,
				DA6E577C2C59476D0088A7A7 /* View.swift */,
			);
			path = Extensions;
			sourceTree = "<group>";
		};
		DAAEFC2C2C57436B00D1F87B /* Fonts */ = {
			isa = PBXGroup;
			children = (
				DA6E57692C57D4920088A7A7 /* Cafe24Ssurround.ttf */,
				DAAEFC312C5747F000D1F87B /* NanumSquareRoundOTFB.otf */,
				DAAEFC332C5747F000D1F87B /* NanumSquareRoundOTFEB.otf */,
				DAAEFC322C5747F000D1F87B /* NanumSquareRoundOTFR.otf */,
				DAAEFC2D2C5743BA00D1F87B /* Font.swift */,
			);
			path = Fonts;
			sourceTree = "<group>";
		};
		DAAEFC382C575B7400D1F87B /* Login */ = {
			isa = PBXGroup;
			children = (
				DAAEFC392C575B8900D1F87B /* LoginView.swift */,
				DA6E576E2C58A4CF0088A7A7 /* InputUserInfoView.swift */,
			);
			path = Login;
			sourceTree = "<group>";
		};
/* End PBXGroup section */

/* Begin PBXNativeTarget section */
		DAAEFC0A2C56941800D1F87B /* DolHaruBang */ = {
			isa = PBXNativeTarget;
			buildConfigurationList = DAAEFC1E2C56941A00D1F87B /* Build configuration list for PBXNativeTarget "DolHaruBang" */;
			buildPhases = (
				DAAEFC072C56941800D1F87B /* Sources */,
				DAAEFC082C56941800D1F87B /* Frameworks */,
				DAAEFC092C56941800D1F87B /* Resources */,
			);
			buildRules = (
			);
			dependencies = (
			);
			name = DolHaruBang;
			productName = DolHaruBang;
			productReference = DAAEFC0B2C56941800D1F87B /* DolHaruBang.app */;
			productType = "com.apple.product-type.application";
		};
/* End PBXNativeTarget section */

/* Begin PBXProject section */
		DAAEFC032C56941800D1F87B /* Project object */ = {
			isa = PBXProject;
			attributes = {
				BuildIndependentTargetsInParallel = 1;
				LastSwiftUpdateCheck = 1540;
				LastUpgradeCheck = 1540;
				TargetAttributes = {
					DAAEFC0A2C56941800D1F87B = {
						CreatedOnToolsVersion = 15.4;
					};
				};
			};
			buildConfigurationList = DAAEFC062C56941800D1F87B /* Build configuration list for PBXProject "DolHaruBang" */;
			compatibilityVersion = "Xcode 14.0";
			developmentRegion = en;
			hasScannedForEncodings = 0;
			knownRegions = (
				en,
				Base,
			);
			mainGroup = DAAEFC022C56941800D1F87B;
			productRefGroup = DAAEFC0C2C56941800D1F87B /* Products */;
			projectDirPath = "";
			projectRoot = "";
			targets = (
				DAAEFC0A2C56941800D1F87B /* DolHaruBang */,
			);
		};
/* End PBXProject section */

/* Begin PBXResourcesBuildPhase section */
		DAAEFC092C56941800D1F87B /* Resources */ = {
			isa = PBXResourcesBuildPhase;
			buildActionMask = 2147483647;
			files = (
				DAAEFC162C56941A00D1F87B /* Preview Assets.xcassets in Resources */,
				DA6E576A2C57D4920088A7A7 /* Cafe24Ssurround.ttf in Resources */,
				DAAEFC132C56941A00D1F87B /* Assets.xcassets in Resources */,
				DAAEFC362C5747F000D1F87B /* NanumSquareRoundOTFEB.otf in Resources */,
				DAAEFC352C5747F000D1F87B /* NanumSquareRoundOTFR.otf in Resources */,
				DA6E576D2C5860CA0088A7A7 /* SpringHasCome.mp3 in Resources */,
				DAAEFC342C5747F000D1F87B /* NanumSquareRoundOTFB.otf in Resources */,
			);
			runOnlyForDeploymentPostprocessing = 0;
		};
/* End PBXResourcesBuildPhase section */

/* Begin PBXSourcesBuildPhase section */
		DAAEFC072C56941800D1F87B /* Sources */ = {
			isa = PBXSourcesBuildPhase;
			buildActionMask = 2147483647;
			files = (
				DAAEFC182C56941A00D1F87B /* Persistence.swift in Sources */,
				DAAEFC112C56941800D1F87B /* EntryPointView.swift in Sources */,
				DA6E577D2C59476D0088A7A7 /* View.swift in Sources */,
				DAAEFC2E2C5743BA00D1F87B /* Font.swift in Sources */,
				DA6E577B2C5908580088A7A7 /* CustomDayButton.swift in Sources */,
				DAAEFC272C56985F00D1F87B /* SplashView.swift in Sources */,
				DA6E57732C58F6AA0088A7A7 /* CustomTextField.swift in Sources */,
				DA6E57772C5908420088A7A7 /* CustomYearButton.swift in Sources */,
				DAAEFC0F2C56941800D1F87B /* DolHaruBangApp.swift in Sources */,
				DAAEFC1B2C56941A00D1F87B /* DolHaruBang.xcdatamodeld in Sources */,
				DA6E57802C594BD90088A7A7 /* DBTIGuideView.swift in Sources */,
				DA6E57792C59084A0088A7A7 /* CustomMonthButton.swift in Sources */,
				DA6E57752C5904900088A7A7 /* CustomButton.swift in Sources */,
				DAAEFC3A2C575B8900D1F87B /* LoginView.swift in Sources */,
				DAAEFC2A2C57425000D1F87B /* Color.swift in Sources */,
				DA6E576F2C58A4CF0088A7A7 /* InputUserInfoView.swift in Sources */,
			);
			runOnlyForDeploymentPostprocessing = 0;
		};
/* End PBXSourcesBuildPhase section */

/* Begin XCBuildConfiguration section */
		DAAEFC1C2C56941A00D1F87B /* Debug */ = {
			isa = XCBuildConfiguration;
			buildSettings = {
				ALWAYS_SEARCH_USER_PATHS = NO;
				ASSETCATALOG_COMPILER_GENERATE_SWIFT_ASSET_SYMBOL_EXTENSIONS = YES;
				CLANG_ANALYZER_NONNULL = YES;
				CLANG_ANALYZER_NUMBER_OBJECT_CONVERSION = YES_AGGRESSIVE;
				CLANG_CXX_LANGUAGE_STANDARD = "gnu++20";
				CLANG_ENABLE_MODULES = YES;
				CLANG_ENABLE_OBJC_ARC = YES;
				CLANG_ENABLE_OBJC_WEAK = YES;
				CLANG_WARN_BLOCK_CAPTURE_AUTORELEASING = YES;
				CLANG_WARN_BOOL_CONVERSION = YES;
				CLANG_WARN_COMMA = YES;
				CLANG_WARN_CONSTANT_CONVERSION = YES;
				CLANG_WARN_DEPRECATED_OBJC_IMPLEMENTATIONS = YES;
				CLANG_WARN_DIRECT_OBJC_ISA_USAGE = YES_ERROR;
				CLANG_WARN_DOCUMENTATION_COMMENTS = YES;
				CLANG_WARN_EMPTY_BODY = YES;
				CLANG_WARN_ENUM_CONVERSION = YES;
				CLANG_WARN_INFINITE_RECURSION = YES;
				CLANG_WARN_INT_CONVERSION = YES;
				CLANG_WARN_NON_LITERAL_NULL_CONVERSION = YES;
				CLANG_WARN_OBJC_IMPLICIT_RETAIN_SELF = YES;
				CLANG_WARN_OBJC_LITERAL_CONVERSION = YES;
				CLANG_WARN_OBJC_ROOT_CLASS = YES_ERROR;
				CLANG_WARN_QUOTED_INCLUDE_IN_FRAMEWORK_HEADER = YES;
				CLANG_WARN_RANGE_LOOP_ANALYSIS = YES;
				CLANG_WARN_STRICT_PROTOTYPES = YES;
				CLANG_WARN_SUSPICIOUS_MOVE = YES;
				CLANG_WARN_UNGUARDED_AVAILABILITY = YES_AGGRESSIVE;
				CLANG_WARN_UNREACHABLE_CODE = YES;
				CLANG_WARN__DUPLICATE_METHOD_MATCH = YES;
				COPY_PHASE_STRIP = NO;
				DEBUG_INFORMATION_FORMAT = dwarf;
				ENABLE_STRICT_OBJC_MSGSEND = YES;
				ENABLE_TESTABILITY = YES;
				ENABLE_USER_SCRIPT_SANDBOXING = YES;
				GCC_C_LANGUAGE_STANDARD = gnu17;
				GCC_DYNAMIC_NO_PIC = NO;
				GCC_NO_COMMON_BLOCKS = YES;
				GCC_OPTIMIZATION_LEVEL = 0;
				GCC_PREPROCESSOR_DEFINITIONS = (
					"DEBUG=1",
					"$(inherited)",
				);
				GCC_WARN_64_TO_32_BIT_CONVERSION = YES;
				GCC_WARN_ABOUT_RETURN_TYPE = YES_ERROR;
				GCC_WARN_UNDECLARED_SELECTOR = YES;
				GCC_WARN_UNINITIALIZED_AUTOS = YES_AGGRESSIVE;
				GCC_WARN_UNUSED_FUNCTION = YES;
				GCC_WARN_UNUSED_VARIABLE = YES;
				IPHONEOS_DEPLOYMENT_TARGET = 17.5;
				LOCALIZATION_PREFERS_STRING_CATALOGS = YES;
				MTL_ENABLE_DEBUG_INFO = INCLUDE_SOURCE;
				MTL_FAST_MATH = YES;
				ONLY_ACTIVE_ARCH = YES;
				SDKROOT = iphoneos;
				SWIFT_ACTIVE_COMPILATION_CONDITIONS = "DEBUG $(inherited)";
				SWIFT_OPTIMIZATION_LEVEL = "-Onone";
			};
			name = Debug;
		};
		DAAEFC1D2C56941A00D1F87B /* Release */ = {
			isa = XCBuildConfiguration;
			buildSettings = {
				ALWAYS_SEARCH_USER_PATHS = NO;
				ASSETCATALOG_COMPILER_GENERATE_SWIFT_ASSET_SYMBOL_EXTENSIONS = YES;
				CLANG_ANALYZER_NONNULL = YES;
				CLANG_ANALYZER_NUMBER_OBJECT_CONVERSION = YES_AGGRESSIVE;
				CLANG_CXX_LANGUAGE_STANDARD = "gnu++20";
				CLANG_ENABLE_MODULES = YES;
				CLANG_ENABLE_OBJC_ARC = YES;
				CLANG_ENABLE_OBJC_WEAK = YES;
				CLANG_WARN_BLOCK_CAPTURE_AUTORELEASING = YES;
				CLANG_WARN_BOOL_CONVERSION = YES;
				CLANG_WARN_COMMA = YES;
				CLANG_WARN_CONSTANT_CONVERSION = YES;
				CLANG_WARN_DEPRECATED_OBJC_IMPLEMENTATIONS = YES;
				CLANG_WARN_DIRECT_OBJC_ISA_USAGE = YES_ERROR;
				CLANG_WARN_DOCUMENTATION_COMMENTS = YES;
				CLANG_WARN_EMPTY_BODY = YES;
				CLANG_WARN_ENUM_CONVERSION = YES;
				CLANG_WARN_INFINITE_RECURSION = YES;
				CLANG_WARN_INT_CONVERSION = YES;
				CLANG_WARN_NON_LITERAL_NULL_CONVERSION = YES;
				CLANG_WARN_OBJC_IMPLICIT_RETAIN_SELF = YES;
				CLANG_WARN_OBJC_LITERAL_CONVERSION = YES;
				CLANG_WARN_OBJC_ROOT_CLASS = YES_ERROR;
				CLANG_WARN_QUOTED_INCLUDE_IN_FRAMEWORK_HEADER = YES;
				CLANG_WARN_RANGE_LOOP_ANALYSIS = YES;
				CLANG_WARN_STRICT_PROTOTYPES = YES;
				CLANG_WARN_SUSPICIOUS_MOVE = YES;
				CLANG_WARN_UNGUARDED_AVAILABILITY = YES_AGGRESSIVE;
				CLANG_WARN_UNREACHABLE_CODE = YES;
				CLANG_WARN__DUPLICATE_METHOD_MATCH = YES;
				COPY_PHASE_STRIP = NO;
				DEBUG_INFORMATION_FORMAT = "dwarf-with-dsym";
				ENABLE_NS_ASSERTIONS = NO;
				ENABLE_STRICT_OBJC_MSGSEND = YES;
				ENABLE_USER_SCRIPT_SANDBOXING = YES;
				GCC_C_LANGUAGE_STANDARD = gnu17;
				GCC_NO_COMMON_BLOCKS = YES;
				GCC_WARN_64_TO_32_BIT_CONVERSION = YES;
				GCC_WARN_ABOUT_RETURN_TYPE = YES_ERROR;
				GCC_WARN_UNDECLARED_SELECTOR = YES;
				GCC_WARN_UNINITIALIZED_AUTOS = YES_AGGRESSIVE;
				GCC_WARN_UNUSED_FUNCTION = YES;
				GCC_WARN_UNUSED_VARIABLE = YES;
				IPHONEOS_DEPLOYMENT_TARGET = 17.5;
				LOCALIZATION_PREFERS_STRING_CATALOGS = YES;
				MTL_ENABLE_DEBUG_INFO = NO;
				MTL_FAST_MATH = YES;
				SDKROOT = iphoneos;
				SWIFT_COMPILATION_MODE = wholemodule;
				VALIDATE_PRODUCT = YES;
			};
			name = Release;
		};
		DAAEFC1F2C56941A00D1F87B /* Debug */ = {
			isa = XCBuildConfiguration;
			buildSettings = {
				ASSETCATALOG_COMPILER_APPICON_NAME = AppIcon;
				ASSETCATALOG_COMPILER_GLOBAL_ACCENT_COLOR_NAME = AccentColor;
				CODE_SIGN_STYLE = Automatic;
				CURRENT_PROJECT_VERSION = 1;
				DEVELOPMENT_ASSET_PATHS = "\"DolHaruBang/Preview Content\"";
				DEVELOPMENT_TEAM = 438C43K8SQ;
				ENABLE_PREVIEWS = YES;
				GENERATE_INFOPLIST_FILE = YES;
				INFOPLIST_FILE = DolHaruBang/Info.plist;
				INFOPLIST_KEY_UIApplicationSceneManifest_Generation = YES;
				INFOPLIST_KEY_UIApplicationSupportsIndirectInputEvents = YES;
				INFOPLIST_KEY_UILaunchScreen_Generation = YES;
				INFOPLIST_KEY_UISupportedInterfaceOrientations_iPad = "UIInterfaceOrientationPortrait UIInterfaceOrientationPortraitUpsideDown UIInterfaceOrientationLandscapeLeft UIInterfaceOrientationLandscapeRight";
				INFOPLIST_KEY_UISupportedInterfaceOrientations_iPhone = "UIInterfaceOrientationPortrait UIInterfaceOrientationLandscapeLeft UIInterfaceOrientationLandscapeRight";
				LD_RUNPATH_SEARCH_PATHS = (
					"$(inherited)",
					"@executable_path/Frameworks",
				);
				MARKETING_VERSION = 1.0;
				PRODUCT_BUNDLE_IDENTIFIER = www.dolharubang.DolHaruBang;
				PRODUCT_NAME = "$(TARGET_NAME)";
				SWIFT_EMIT_LOC_STRINGS = YES;
				SWIFT_VERSION = 5.0;
				TARGETED_DEVICE_FAMILY = "1,2";
			};
			name = Debug;
		};
		DAAEFC202C56941A00D1F87B /* Release */ = {
			isa = XCBuildConfiguration;
			buildSettings = {
				ASSETCATALOG_COMPILER_APPICON_NAME = AppIcon;
				ASSETCATALOG_COMPILER_GLOBAL_ACCENT_COLOR_NAME = AccentColor;
				CODE_SIGN_STYLE = Automatic;
				CURRENT_PROJECT_VERSION = 1;
				DEVELOPMENT_ASSET_PATHS = "\"DolHaruBang/Preview Content\"";
				DEVELOPMENT_TEAM = 438C43K8SQ;
				ENABLE_PREVIEWS = YES;
				GENERATE_INFOPLIST_FILE = YES;
				INFOPLIST_FILE = DolHaruBang/Info.plist;
				INFOPLIST_KEY_UIApplicationSceneManifest_Generation = YES;
				INFOPLIST_KEY_UIApplicationSupportsIndirectInputEvents = YES;
				INFOPLIST_KEY_UILaunchScreen_Generation = YES;
				INFOPLIST_KEY_UISupportedInterfaceOrientations_iPad = "UIInterfaceOrientationPortrait UIInterfaceOrientationPortraitUpsideDown UIInterfaceOrientationLandscapeLeft UIInterfaceOrientationLandscapeRight";
				INFOPLIST_KEY_UISupportedInterfaceOrientations_iPhone = "UIInterfaceOrientationPortrait UIInterfaceOrientationLandscapeLeft UIInterfaceOrientationLandscapeRight";
				LD_RUNPATH_SEARCH_PATHS = (
					"$(inherited)",
					"@executable_path/Frameworks",
				);
				MARKETING_VERSION = 1.0;
				PRODUCT_BUNDLE_IDENTIFIER = www.dolharubang.DolHaruBang;
				PRODUCT_NAME = "$(TARGET_NAME)";
				SWIFT_EMIT_LOC_STRINGS = YES;
				SWIFT_VERSION = 5.0;
				TARGETED_DEVICE_FAMILY = "1,2";
			};
			name = Release;
		};
/* End XCBuildConfiguration section */

/* Begin XCConfigurationList section */
		DAAEFC062C56941800D1F87B /* Build configuration list for PBXProject "DolHaruBang" */ = {
			isa = XCConfigurationList;
			buildConfigurations = (
				DAAEFC1C2C56941A00D1F87B /* Debug */,
				DAAEFC1D2C56941A00D1F87B /* Release */,
			);
			defaultConfigurationIsVisible = 0;
			defaultConfigurationName = Release;
		};
		DAAEFC1E2C56941A00D1F87B /* Build configuration list for PBXNativeTarget "DolHaruBang" */ = {
			isa = XCConfigurationList;
			buildConfigurations = (
				DAAEFC1F2C56941A00D1F87B /* Debug */,
				DAAEFC202C56941A00D1F87B /* Release */,
			);
			defaultConfigurationIsVisible = 0;
			defaultConfigurationName = Release;
		};
/* End XCConfigurationList section */

/* Begin XCVersionGroup section */
		DAAEFC192C56941A00D1F87B /* DolHaruBang.xcdatamodeld */ = {
			isa = XCVersionGroup;
			children = (
				DAAEFC1A2C56941A00D1F87B /* DolHaruBang.xcdatamodel */,
			);
			currentVersion = DAAEFC1A2C56941A00D1F87B /* DolHaruBang.xcdatamodel */;
			path = DolHaruBang.xcdatamodeld;
			sourceTree = "<group>";
			versionGroupType = wrapper.xcdatamodel;
		};
/* End XCVersionGroup section */
	};
	rootObject = DAAEFC032C56941800D1F87B /* Project object */;
}
