// !$*UTF8*$!
{
	archiveVersion = 1;
	classes = {
	};
	objectVersion = 70;
	objects = {

/* Begin PBXBuildFile section */
		65054FE42C9DD63B00A14601 /* Nuke in Frameworks */ = {isa = PBXBuildFile; productRef = 65054FE32C9DD63B00A14601 /* Nuke */; };
		65054FE92C9DEACF00A14601 /* TrophyView.swift in Sources */ = {isa = PBXBuildFile; fileRef = 65054FE82C9DEACF00A14601 /* TrophyView.swift */; };
		65054FEB2C9DEAEA00A14601 /* TrophyFeature.swift in Sources */ = {isa = PBXBuildFile; fileRef = 65054FEA2C9DEAEA00A14601 /* TrophyFeature.swift */; };
		652175052C60F77900128734 /* ComposableArchitecture in Frameworks */ = {isa = PBXBuildFile; productRef = 652175042C60F77900128734 /* ComposableArchitecture */; };
		652ECFAB2C5F0D1400399279 /* respnseKeyboard.swift in Sources */ = {isa = PBXBuildFile; fileRef = 652ECFAA2C5F0D1400399279 /* respnseKeyboard.swift */; };
		65382E722CA28E21003F130B /* MyPageEnviroment.swift in Sources */ = {isa = PBXBuildFile; fileRef = 65382E712CA28E19003F130B /* MyPageEnviroment.swift */; };
		65382E7D2CA3223F003F130B /* ProfileView.swift in Sources */ = {isa = PBXBuildFile; fileRef = 65382E7C2CA3223B003F130B /* ProfileView.swift */; };
		65382E802CA32266003F130B /* MailView.swift in Sources */ = {isa = PBXBuildFile; fileRef = 65382E7F2CA32263003F130B /* MailView.swift */; };
		65382E822CA326F9003F130B /* ProfileFeature.swift in Sources */ = {isa = PBXBuildFile; fileRef = 65382E812CA326F6003F130B /* ProfileFeature.swift */; };
		65382E842CA3276A003F130B /* ProfileEnviroment.swift in Sources */ = {isa = PBXBuildFile; fileRef = 65382E832CA32765003F130B /* ProfileEnviroment.swift */; };
		65463D022CEDB96800079A4E /* SignEnviroment.swift in Sources */ = {isa = PBXBuildFile; fileRef = 65463D012CEDB96000079A4E /* SignEnviroment.swift */; };
		65463D042CEDB9ED00079A4E /* SignFeature.swift in Sources */ = {isa = PBXBuildFile; fileRef = 65463D032CEDB9EA00079A4E /* SignFeature.swift */; };
		6550AA492C59EA35000A264E /* SplashView.swift in Sources */ = {isa = PBXBuildFile; fileRef = 6550AA482C59EA35000A264E /* SplashView.swift */; };
		655FC4FD2D8595E600AED11E /* KakaoSDK in Frameworks */ = {isa = PBXBuildFile; productRef = 655FC4FC2D8595E600AED11E /* KakaoSDK */; };
		656BB3362C9DB9A90034AA2A /* Nest.swift in Sources */ = {isa = PBXBuildFile; fileRef = 656BB3352C9DB9A90034AA2A /* Nest.swift */; };
		657780E12C83427000DC08C2 /* NavigationFeature.swift in Sources */ = {isa = PBXBuildFile; fileRef = 657780E02C83427000DC08C2 /* NavigationFeature.swift */; };
		657780F82C84AFC400DC08C2 /* DBTIFeature.swift in Sources */ = {isa = PBXBuildFile; fileRef = 657780F72C84AFC400DC08C2 /* DBTIFeature.swift */; };
		657E5F962C7452B7002FFA69 /* hideKeyboard.swift in Sources */ = {isa = PBXBuildFile; fileRef = 657E5F952C7452B7002FFA69 /* hideKeyboard.swift */; };
		657E5F982C745356002FFA69 /* View.swift in Sources */ = {isa = PBXBuildFile; fileRef = 657E5F972C745356002FFA69 /* View.swift */; };
		658216B62CA56B0400C5CD37 /* Profile.xcassets in Resources */ = {isa = PBXBuildFile; fileRef = 658216B52CA56B0400C5CD37 /* Profile.xcassets */; };
		658216BE2CA5795C00C5CD37 /* MailEnviroment.swift in Sources */ = {isa = PBXBuildFile; fileRef = 658216BD2CA5795500C5CD37 /* MailEnviroment.swift */; };
		658216C02CA5798400C5CD37 /* MailFeature.swift in Sources */ = {isa = PBXBuildFile; fileRef = 658216BF2CA5796100C5CD37 /* MailFeature.swift */; };
		658216CA2CA57D0200C5CD37 /* Mail.xcassets in Resources */ = {isa = PBXBuildFile; fileRef = 658216C92CA57D0200C5CD37 /* Mail.xcassets */; };
		658216CD2CA58FA000C5CD37 /* MailUtil.swift in Sources */ = {isa = PBXBuildFile; fileRef = 658216CC2CA58F9C00C5CD37 /* MailUtil.swift */; };
		658962822C856D3600F27FB4 /* Demo.swift in Sources */ = {isa = PBXBuildFile; fileRef = 658962812C856D3600F27FB4 /* Demo.swift */; };
		659469752C7DC022004D487C /* Alamofire in Frameworks */ = {isa = PBXBuildFile; productRef = 659469742C7DC022004D487C /* Alamofire */; };
		659792062C9E13BD00E2B51D /* TrophyIcon.xcassets in Resources */ = {isa = PBXBuildFile; fileRef = 659792052C9E13BD00E2B51D /* TrophyIcon.xcassets */; };
		659792092C9E1CA000E2B51D /* SettingView.swift in Sources */ = {isa = PBXBuildFile; fileRef = 659792082C9E1CA000E2B51D /* SettingView.swift */; };
		6597920B2C9E1CE400E2B51D /* SettingFeature.swift in Sources */ = {isa = PBXBuildFile; fileRef = 6597920A2C9E1CE400E2B51D /* SettingFeature.swift */; };
		65AFAD832CA0A26B00B565D1 /* lythwood_field_4k.hdr in Resources */ = {isa = PBXBuildFile; fileRef = 65AFAD822CA0A26B00B565D1 /* lythwood_field_4k.hdr */; };
		65AFAD872CA0A77900B565D1 /* ShareView.swift in Sources */ = {isa = PBXBuildFile; fileRef = 65AFAD862CA0A77500B565D1 /* ShareView.swift */; };
		65AFAD892CA0B85100B565D1 /* SignView.swift in Sources */ = {isa = PBXBuildFile; fileRef = 65AFAD882CA0B84A00B565D1 /* SignView.swift */; };
		65AFAD902CA17A4A00B565D1 /* TrophyEnviroment.swift in Sources */ = {isa = PBXBuildFile; fileRef = 65AFAD8F2CA17A4400B565D1 /* TrophyEnviroment.swift */; };
		65AFAD922CA18CA400B565D1 /* TrophyListView.swift in Sources */ = {isa = PBXBuildFile; fileRef = 65AFAD912CA18C9900B565D1 /* TrophyListView.swift */; };
		65AFAD942CA18CE200B565D1 /* TrophyListFeature.swift in Sources */ = {isa = PBXBuildFile; fileRef = 65AFAD932CA18CDC00B565D1 /* TrophyListFeature.swift */; };
		65C8B1E72D40135C006D9317 /* AppSetting.swift in Sources */ = {isa = PBXBuildFile; fileRef = 65C8B1E62D401356006D9317 /* AppSetting.swift */; };
		65C8B1E92D401450006D9317 /* AudioManager.swift in Sources */ = {isa = PBXBuildFile; fileRef = 65C8B1E82D40144C006D9317 /* AudioManager.swift */; };
		65C8B1EB2D401712006D9317 /* Button.swift in Sources */ = {isa = PBXBuildFile; fileRef = 65C8B1EA2D40170E006D9317 /* Button.swift */; };
		65E1C50A2C6F7DE700A2E419 /* ColorHex.swift in Sources */ = {isa = PBXBuildFile; fileRef = 65E1C5092C6F7DE700A2E419 /* ColorHex.swift */; };
		DA0E9EF72C9F390A00A3CD39 /* MyPageFeature.swift in Sources */ = {isa = PBXBuildFile; fileRef = DA0E9EF32C9F390A00A3CD39 /* MyPageFeature.swift */; };
		DA0E9EF82C9F390A00A3CD39 /* ImagePicker.swift in Sources */ = {isa = PBXBuildFile; fileRef = DA0E9EF22C9F390A00A3CD39 /* ImagePicker.swift */; };
		DA0E9EF92C9F390A00A3CD39 /* MyPageView.swift in Sources */ = {isa = PBXBuildFile; fileRef = DA0E9EF42C9F390A00A3CD39 /* MyPageView.swift */; };
		DA0E9EFA2C9F390A00A3CD39 /* MyPageIcon.xcassets in Resources */ = {isa = PBXBuildFile; fileRef = DA0E9EF02C9F390A00A3CD39 /* MyPageIcon.xcassets */; };
		DA461F722C81958E00270CDE /* CalendarView.swift in Sources */ = {isa = PBXBuildFile; fileRef = DA461F712C81958E00270CDE /* CalendarView.swift */; };
		DA461F742C81E45C00270CDE /* CalendarUtil.swift in Sources */ = {isa = PBXBuildFile; fileRef = DA461F732C81E45C00270CDE /* CalendarUtil.swift */; };
		DA461F762C81E50300270CDE /* FigmaEffects.swift in Sources */ = {isa = PBXBuildFile; fileRef = DA461F752C81E50300270CDE /* FigmaEffects.swift */; };
		DA461F7D2C840C7200270CDE /* HaruBangView.swift in Sources */ = {isa = PBXBuildFile; fileRef = DA461F7C2C840C7200270CDE /* HaruBangView.swift */; };
		DA461F7F2C840C8900270CDE /* HaruBangFeature.swift in Sources */ = {isa = PBXBuildFile; fileRef = DA461F7E2C840C8900270CDE /* HaruBangFeature.swift */; };
		DA69041D2CAFBEC400A557A1 /* ParkFeature.swift in Sources */ = {isa = PBXBuildFile; fileRef = DA69041C2CAFBEBA00A557A1 /* ParkFeature.swift */; };
		DA69041F2CAFBF2B00A557A1 /* DoljanchiFeature.swift in Sources */ = {isa = PBXBuildFile; fileRef = DA69041E2CAFBF1200A557A1 /* DoljanchiFeature.swift */; };
		DA6904232CAFBF4500A557A1 /* FriendListFeature.swift in Sources */ = {isa = PBXBuildFile; fileRef = DA6904222CAFBF3400A557A1 /* FriendListFeature.swift */; };
		DA6904272CAFC13900A557A1 /* DoljanchiView..swift in Sources */ = {isa = PBXBuildFile; fileRef = DA6904262CAFC13100A557A1 /* DoljanchiView..swift */; };
		DA6904292CAFC15300A557A1 /* FriendListView..swift in Sources */ = {isa = PBXBuildFile; fileRef = DA6904282CAFC13E00A557A1 /* FriendListView..swift */; };
		DA69042B2CAFC1A700A557A1 /* ParkView.swift in Sources */ = {isa = PBXBuildFile; fileRef = DA69042A2CAFC1A700A557A1 /* ParkView.swift */; };
		DA69042D2CB0070B00A557A1 /* JarangView.swift in Sources */ = {isa = PBXBuildFile; fileRef = DA69042C2CB0070B00A557A1 /* JarangView.swift */; };
		DA6904302CB2E79200A557A1 /* ProfileImageView.swift in Sources */ = {isa = PBXBuildFile; fileRef = DA69042F2CB2E79200A557A1 /* ProfileImageView.swift */; };
		DA6904352CB3D83900A557A1 /* HistoryPopupView.swift in Sources */ = {isa = PBXBuildFile; fileRef = DA6904342CB3D83900A557A1 /* HistoryPopupView.swift */; };
		DA6E576A2C57D4920088A7A7 /* Cafe24Ssurround.ttf in Resources */ = {isa = PBXBuildFile; fileRef = DA6E57692C57D4920088A7A7 /* Cafe24Ssurround.ttf */; };
		DA6E576D2C5860CA0088A7A7 /* SpringHasCome.mp3 in Resources */ = {isa = PBXBuildFile; fileRef = DA6E576C2C5860CA0088A7A7 /* SpringHasCome.mp3 */; };
		DA6E576F2C58A4CF0088A7A7 /* InputUserInfoView.swift in Sources */ = {isa = PBXBuildFile; fileRef = DA6E576E2C58A4CF0088A7A7 /* InputUserInfoView.swift */; };
		DA6E57732C58F6AA0088A7A7 /* CustomTextField.swift in Sources */ = {isa = PBXBuildFile; fileRef = DA6E57722C58F6AA0088A7A7 /* CustomTextField.swift */; };
		DA6E57752C5904900088A7A7 /* CustomButton.swift in Sources */ = {isa = PBXBuildFile; fileRef = DA6E57742C5904900088A7A7 /* CustomButton.swift */; };
		DA6E57772C5908420088A7A7 /* CustomYearButton.swift in Sources */ = {isa = PBXBuildFile; fileRef = DA6E57762C5908420088A7A7 /* CustomYearButton.swift */; };
		DA6E57792C59084A0088A7A7 /* CustomMonthButton.swift in Sources */ = {isa = PBXBuildFile; fileRef = DA6E57782C59084A0088A7A7 /* CustomMonthButton.swift */; };
		DA6E577B2C5908580088A7A7 /* CustomDayButton.swift in Sources */ = {isa = PBXBuildFile; fileRef = DA6E577A2C5908580088A7A7 /* CustomDayButton.swift */; };
		DA6E57802C594BD90088A7A7 /* DBTIGuideView.swift in Sources */ = {isa = PBXBuildFile; fileRef = DA6E577F2C594BD90088A7A7 /* DBTIGuideView.swift */; };
		DA6E57822C5B25170088A7A7 /* Text.swift in Sources */ = {isa = PBXBuildFile; fileRef = DA6E57812C5B25170088A7A7 /* Text.swift */; };
		DA6E57842C5C5EFF0088A7A7 /* DBTIQuestion1View.swift in Sources */ = {isa = PBXBuildFile; fileRef = DA6E57832C5C5EFF0088A7A7 /* DBTIQuestion1View.swift */; };
		DA6E57862C5C6A540088A7A7 /* DBTIResultView.swift in Sources */ = {isa = PBXBuildFile; fileRef = DA6E57852C5C6A540088A7A7 /* DBTIResultView.swift */; };
		DA6E57882C5E02240088A7A7 /* KeyboardGuardian.swift in Sources */ = {isa = PBXBuildFile; fileRef = DA6E57872C5E02240088A7A7 /* KeyboardGuardian.swift */; };
		DA6E578B2C5E4ABE0088A7A7 /* UserManager.swift in Sources */ = {isa = PBXBuildFile; fileRef = DA6E578A2C5E4ABE0088A7A7 /* UserManager.swift */; };
		DA7431582D6EFB0700C2C148 /* CalendarFeature.swift in Sources */ = {isa = PBXBuildFile; fileRef = DA7431572D6EFB0700C2C148 /* CalendarFeature.swift */; };
		DA74315A2D6EFB2500C2C148 /* CalendarEnvironment.swift in Sources */ = {isa = PBXBuildFile; fileRef = DA7431592D6EFB0E00C2C148 /* CalendarEnvironment.swift */; };
		DA794FA32D69B331006EF213 /* Accessorys.scnassets in Resources */ = {isa = PBXBuildFile; fileRef = DA794F9E2D69B331006EF213 /* Accessorys.scnassets */; };
		DA794FA42D69B331006EF213 /* Mails.scnassets in Resources */ = {isa = PBXBuildFile; fileRef = DA794FA02D69B331006EF213 /* Mails.scnassets */; };
		DA794FA52D69B331006EF213 /* Dols.scnassets in Resources */ = {isa = PBXBuildFile; fileRef = DA794F9F2D69B331006EF213 /* Dols.scnassets */; };
		DA794FA62D69B331006EF213 /* Signs.scnassets in Resources */ = {isa = PBXBuildFile; fileRef = DA794FA22D69B331006EF213 /* Signs.scnassets */; };
		DA794FA72D69B331006EF213 /* Nests.scnassets in Resources */ = {isa = PBXBuildFile; fileRef = DA794FA12D69B331006EF213 /* Nests.scnassets */; };
		DA7FE5852C8826A200843462 /* SchedulePopupView.swift in Sources */ = {isa = PBXBuildFile; fileRef = DA7FE5842C8826A200843462 /* SchedulePopupView.swift */; };
		DA89DF082D77578A00F04C93 /* ImageUtil.swift in Sources */ = {isa = PBXBuildFile; fileRef = DA89DF072D77578A00F04C93 /* ImageUtil.swift */; };
		DA91E0B72C91562200CD41A4 /* TalkView.swift in Sources */ = {isa = PBXBuildFile; fileRef = DA91E0B62C91562200CD41A4 /* TalkView.swift */; };
		DA91E0B92C91566000CD41A4 /* CalendarGridView.swift in Sources */ = {isa = PBXBuildFile; fileRef = DA91E0B82C91566000CD41A4 /* CalendarGridView.swift */; };
		DA91E0C52C916AAE00CD41A4 /* TalkFeature.swift in Sources */ = {isa = PBXBuildFile; fileRef = DA91E0C42C916AAE00CD41A4 /* TalkFeature.swift */; };
		DA91E0C72C916B6D00CD41A4 /* SpeechBubbleView.swift in Sources */ = {isa = PBXBuildFile; fileRef = DA91E0C62C916B6D00CD41A4 /* SpeechBubbleView.swift */; };
		DAA4C9D02C8B79DB00409D4B /* apiFetch.swift in Sources */ = {isa = PBXBuildFile; fileRef = DAA4C9CE2C8B79DA00409D4B /* apiFetch.swift */; };
		DAA4C9D92C8B7A7700409D4B /* 3DBaseUtil.swift in Sources */ = {isa = PBXBuildFile; fileRef = DAA4C9D12C8B7A7700409D4B /* 3DBaseUtil.swift */; };
		DAA4C9DA2C8B7A7700409D4B /* LoadNodeUtil.swift in Sources */ = {isa = PBXBuildFile; fileRef = DAA4C9D22C8B7A7700409D4B /* LoadNodeUtil.swift */; };
		DAA4C9DB2C8B7A7700409D4B /* MakeCameraUtil.swift in Sources */ = {isa = PBXBuildFile; fileRef = DAA4C9D32C8B7A7700409D4B /* MakeCameraUtil.swift */; };
		DAA4C9DC2C8B7A7700409D4B /* MakeLightUtil.swift in Sources */ = {isa = PBXBuildFile; fileRef = DAA4C9D42C8B7A7700409D4B /* MakeLightUtil.swift */; };
		DAA4C9DD2C8B7A7700409D4B /* DolView.swift in Sources */ = {isa = PBXBuildFile; fileRef = DAA4C9D62C8B7A7700409D4B /* DolView.swift */; };
		DAA4C9FA2C8B7C6900409D4B /* HomeEnviroment.swift in Sources */ = {isa = PBXBuildFile; fileRef = DAA4C9DE2C8B7C6700409D4B /* HomeEnviroment.swift */; };
		DAA4C9FB2C8B7C6900409D4B /* HomeFeature.swift in Sources */ = {isa = PBXBuildFile; fileRef = DAA4C9DF2C8B7C6700409D4B /* HomeFeature.swift */; };
		DAA4C9FC2C8B7C6900409D4B /* HomeView.swift in Sources */ = {isa = PBXBuildFile; fileRef = DAA4C9E12C8B7C6700409D4B /* HomeView.swift */; };
		DAA4C9FD2C8B7C6900409D4B /* Background.xcassets in Resources */ = {isa = PBXBuildFile; fileRef = DAA4C9E42C8B7C6800409D4B /* Background.xcassets */; };
		DAA4C9FE2C8B7C6900409D4B /* Accessory.swift in Sources */ = {isa = PBXBuildFile; fileRef = DAA4C9E62C8B7C6800409D4B /* Accessory.swift */; };
		DAA4C9FF2C8B7C6900409D4B /* Background.swift in Sources */ = {isa = PBXBuildFile; fileRef = DAA4C9E72C8B7C6800409D4B /* Background.swift */; };
		DAA4CA002C8B7C6900409D4B /* Face.swift in Sources */ = {isa = PBXBuildFile; fileRef = DAA4C9E82C8B7C6800409D4B /* Face.swift */; };
		DAA4CA012C8B7C6900409D4B /* Mail.swift in Sources */ = {isa = PBXBuildFile; fileRef = DAA4C9E92C8B7C6800409D4B /* Mail.swift */; };
		DAA4CA022C8B7C6900409D4B /* Shape.swift in Sources */ = {isa = PBXBuildFile; fileRef = DAA4C9EA2C8B7C6800409D4B /* Shape.swift */; };
		DAA4CA032C8B7C6900409D4B /* Sign.swift in Sources */ = {isa = PBXBuildFile; fileRef = DAA4C9EB2C8B7C6800409D4B /* Sign.swift */; };
		DAA4CA042C8B7C6900409D4B /* CustomizeView.swift in Sources */ = {isa = PBXBuildFile; fileRef = DAA4C9ED2C8B7C6800409D4B /* CustomizeView.swift */; };
		DAA4CA052C8B7C6900409D4B /* DecorationView.swift in Sources */ = {isa = PBXBuildFile; fileRef = DAA4C9EF2C8B7C6800409D4B /* DecorationView.swift */; };
		DAA4CA062C8B7C6900409D4B /* FloatingMenuView.swift in Sources */ = {isa = PBXBuildFile; fileRef = DAA4C9F32C8B7C6800409D4B /* FloatingMenuView.swift */; };
		DAA4CA072C8B7C6900409D4B /* SignPopUpView.swift in Sources */ = {isa = PBXBuildFile; fileRef = DAA4C9F52C8B7C6800409D4B /* SignPopUpView.swift */; };
		DAA4CA082C8B7C6900409D4B /* HomeIcon.xcassets in Resources */ = {isa = PBXBuildFile; fileRef = DAA4C9F82C8B7C6800409D4B /* HomeIcon.xcassets */; };
		DAA4CA0A2C8B7D5E00409D4B /* UITextFieldPadding.swift in Sources */ = {isa = PBXBuildFile; fileRef = DAA4CA092C8B7D5E00409D4B /* UITextFieldPadding.swift */; };
		DAAEFC0F2C56941800D1F87B /* DolHaruBangApp.swift in Sources */ = {isa = PBXBuildFile; fileRef = DAAEFC0E2C56941800D1F87B /* DolHaruBangApp.swift */; };
		DAAEFC112C56941800D1F87B /* EntryPointView.swift in Sources */ = {isa = PBXBuildFile; fileRef = DAAEFC102C56941800D1F87B /* EntryPointView.swift */; };
		DAAEFC132C56941A00D1F87B /* Assets.xcassets in Resources */ = {isa = PBXBuildFile; fileRef = DAAEFC122C56941A00D1F87B /* Assets.xcassets */; };
		DAAEFC182C56941A00D1F87B /* Persistence.swift in Sources */ = {isa = PBXBuildFile; fileRef = DAAEFC172C56941A00D1F87B /* Persistence.swift */; };
		DAAEFC1B2C56941A00D1F87B /* DolHaruBang.xcdatamodeld in Sources */ = {isa = PBXBuildFile; fileRef = DAAEFC192C56941A00D1F87B /* DolHaruBang.xcdatamodeld */; };
		DAAEFC2A2C57425000D1F87B /* Color.swift in Sources */ = {isa = PBXBuildFile; fileRef = DAAEFC292C57425000D1F87B /* Color.swift */; };
		DAAEFC2E2C5743BA00D1F87B /* Font.swift in Sources */ = {isa = PBXBuildFile; fileRef = DAAEFC2D2C5743BA00D1F87B /* Font.swift */; };
		DAAEFC342C5747F000D1F87B /* NanumSquareRoundOTFB.otf in Resources */ = {isa = PBXBuildFile; fileRef = DAAEFC312C5747F000D1F87B /* NanumSquareRoundOTFB.otf */; };
		DAAEFC352C5747F000D1F87B /* NanumSquareRoundOTFR.otf in Resources */ = {isa = PBXBuildFile; fileRef = DAAEFC322C5747F000D1F87B /* NanumSquareRoundOTFR.otf */; };
		DAAEFC362C5747F000D1F87B /* NanumSquareRoundOTFEB.otf in Resources */ = {isa = PBXBuildFile; fileRef = DAAEFC332C5747F000D1F87B /* NanumSquareRoundOTFEB.otf */; };
		DAAEFC3A2C575B8900D1F87B /* LoginView.swift in Sources */ = {isa = PBXBuildFile; fileRef = DAAEFC392C575B8900D1F87B /* LoginView.swift */; };
		DAC94BC12C9D43C400112DA7 /* TalkEnvironment.swift in Sources */ = {isa = PBXBuildFile; fileRef = DAC94BC02C9D43B800112DA7 /* TalkEnvironment.swift */; };
		DAC94C132C9F377600112DA7 /* je_gray_02_4k.hdr in Resources */ = {isa = PBXBuildFile; fileRef = DAC94C122C9F377600112DA7 /* je_gray_02_4k.hdr */; };
/* End PBXBuildFile section */

/* Begin PBXContainerItemProxy section */
		DAC94BFC2C9E2EA400112DA7 /* PBXContainerItemProxy */ = {
			isa = PBXContainerItemProxy;
			containerPortal = DAAEFC032C56941800D1F87B /* Project object */;
			proxyType = 1;
			remoteGlobalIDString = DAAEFC0A2C56941800D1F87B;
			remoteInfo = DolHaruBang;
		};
/* End PBXContainerItemProxy section */

/* Begin PBXFileReference section */
		65054FE82C9DEACF00A14601 /* TrophyView.swift */ = {isa = PBXFileReference; lastKnownFileType = sourcecode.swift; path = TrophyView.swift; sourceTree = "<group>"; };
		65054FEA2C9DEAEA00A14601 /* TrophyFeature.swift */ = {isa = PBXFileReference; lastKnownFileType = sourcecode.swift; path = TrophyFeature.swift; sourceTree = "<group>"; };
		652ECFAA2C5F0D1400399279 /* respnseKeyboard.swift */ = {isa = PBXFileReference; lastKnownFileType = sourcecode.swift; path = respnseKeyboard.swift; sourceTree = "<group>"; };
		65382E712CA28E19003F130B /* MyPageEnviroment.swift */ = {isa = PBXFileReference; lastKnownFileType = sourcecode.swift; path = MyPageEnviroment.swift; sourceTree = "<group>"; };
		65382E7C2CA3223B003F130B /* ProfileView.swift */ = {isa = PBXFileReference; lastKnownFileType = sourcecode.swift; path = ProfileView.swift; sourceTree = "<group>"; };
		65382E7F2CA32263003F130B /* MailView.swift */ = {isa = PBXFileReference; lastKnownFileType = sourcecode.swift; path = MailView.swift; sourceTree = "<group>"; };
		65382E812CA326F6003F130B /* ProfileFeature.swift */ = {isa = PBXFileReference; lastKnownFileType = sourcecode.swift; path = ProfileFeature.swift; sourceTree = "<group>"; };
		65382E832CA32765003F130B /* ProfileEnviroment.swift */ = {isa = PBXFileReference; lastKnownFileType = sourcecode.swift; path = ProfileEnviroment.swift; sourceTree = "<group>"; };
		65463D012CEDB96000079A4E /* SignEnviroment.swift */ = {isa = PBXFileReference; lastKnownFileType = sourcecode.swift; path = SignEnviroment.swift; sourceTree = "<group>"; };
		65463D032CEDB9EA00079A4E /* SignFeature.swift */ = {isa = PBXFileReference; lastKnownFileType = sourcecode.swift; path = SignFeature.swift; sourceTree = "<group>"; };
		6550AA482C59EA35000A264E /* SplashView.swift */ = {isa = PBXFileReference; lastKnownFileType = sourcecode.swift; path = SplashView.swift; sourceTree = "<group>"; };
		656BB3352C9DB9A90034AA2A /* Nest.swift */ = {isa = PBXFileReference; fileEncoding = 4; lastKnownFileType = sourcecode.swift; path = Nest.swift; sourceTree = "<group>"; };
		657780E02C83427000DC08C2 /* NavigationFeature.swift */ = {isa = PBXFileReference; lastKnownFileType = sourcecode.swift; path = NavigationFeature.swift; sourceTree = "<group>"; };
		657780F72C84AFC400DC08C2 /* DBTIFeature.swift */ = {isa = PBXFileReference; lastKnownFileType = sourcecode.swift; path = DBTIFeature.swift; sourceTree = "<group>"; };
		657E5F952C7452B7002FFA69 /* hideKeyboard.swift */ = {isa = PBXFileReference; lastKnownFileType = sourcecode.swift; path = hideKeyboard.swift; sourceTree = "<group>"; };
		657E5F972C745356002FFA69 /* View.swift */ = {isa = PBXFileReference; lastKnownFileType = sourcecode.swift; path = View.swift; sourceTree = "<group>"; };
		658216B52CA56B0400C5CD37 /* Profile.xcassets */ = {isa = PBXFileReference; lastKnownFileType = folder.assetcatalog; path = Profile.xcassets; sourceTree = "<group>"; };
		658216BD2CA5795500C5CD37 /* MailEnviroment.swift */ = {isa = PBXFileReference; lastKnownFileType = sourcecode.swift; path = MailEnviroment.swift; sourceTree = "<group>"; };
		658216BF2CA5796100C5CD37 /* MailFeature.swift */ = {isa = PBXFileReference; lastKnownFileType = sourcecode.swift; path = MailFeature.swift; sourceTree = "<group>"; };
		658216C92CA57D0200C5CD37 /* Mail.xcassets */ = {isa = PBXFileReference; lastKnownFileType = folder.assetcatalog; path = Mail.xcassets; sourceTree = "<group>"; };
		658216CC2CA58F9C00C5CD37 /* MailUtil.swift */ = {isa = PBXFileReference; lastKnownFileType = sourcecode.swift; path = MailUtil.swift; sourceTree = "<group>"; };
		658962812C856D3600F27FB4 /* Demo.swift */ = {isa = PBXFileReference; lastKnownFileType = sourcecode.swift; path = Demo.swift; sourceTree = "<group>"; };
		659792052C9E13BD00E2B51D /* TrophyIcon.xcassets */ = {isa = PBXFileReference; lastKnownFileType = folder.assetcatalog; path = TrophyIcon.xcassets; sourceTree = "<group>"; };
		659792082C9E1CA000E2B51D /* SettingView.swift */ = {isa = PBXFileReference; lastKnownFileType = sourcecode.swift; path = SettingView.swift; sourceTree = "<group>"; };
		6597920A2C9E1CE400E2B51D /* SettingFeature.swift */ = {isa = PBXFileReference; lastKnownFileType = sourcecode.swift; path = SettingFeature.swift; sourceTree = "<group>"; };
		65A5E1792D89DC65006EAA24 /* DolHaruBang.app */ = {isa = PBXFileReference; explicitFileType = wrapper.application; includeInIndex = 0; path = DolHaruBang.app; sourceTree = BUILT_PRODUCTS_DIR; };
		65AFAD822CA0A26B00B565D1 /* lythwood_field_4k.hdr */ = {isa = PBXFileReference; lastKnownFileType = file; path = lythwood_field_4k.hdr; sourceTree = "<group>"; };
		65AFAD862CA0A77500B565D1 /* ShareView.swift */ = {isa = PBXFileReference; lastKnownFileType = sourcecode.swift; path = ShareView.swift; sourceTree = "<group>"; };
		65AFAD882CA0B84A00B565D1 /* SignView.swift */ = {isa = PBXFileReference; lastKnownFileType = sourcecode.swift; path = SignView.swift; sourceTree = "<group>"; };
		65AFAD8F2CA17A4400B565D1 /* TrophyEnviroment.swift */ = {isa = PBXFileReference; lastKnownFileType = sourcecode.swift; path = TrophyEnviroment.swift; sourceTree = "<group>"; };
		65AFAD912CA18C9900B565D1 /* TrophyListView.swift */ = {isa = PBXFileReference; lastKnownFileType = sourcecode.swift; path = TrophyListView.swift; sourceTree = "<group>"; };
		65AFAD932CA18CDC00B565D1 /* TrophyListFeature.swift */ = {isa = PBXFileReference; lastKnownFileType = sourcecode.swift; path = TrophyListFeature.swift; sourceTree = "<group>"; };
		65C8B1E62D401356006D9317 /* AppSetting.swift */ = {isa = PBXFileReference; lastKnownFileType = sourcecode.swift; path = AppSetting.swift; sourceTree = "<group>"; };
		65C8B1E82D40144C006D9317 /* AudioManager.swift */ = {isa = PBXFileReference; lastKnownFileType = sourcecode.swift; path = AudioManager.swift; sourceTree = "<group>"; };
		65C8B1EA2D40170E006D9317 /* Button.swift */ = {isa = PBXFileReference; lastKnownFileType = sourcecode.swift; path = Button.swift; sourceTree = "<group>"; };
		65E1C5092C6F7DE700A2E419 /* ColorHex.swift */ = {isa = PBXFileReference; lastKnownFileType = sourcecode.swift; path = ColorHex.swift; sourceTree = "<group>"; };
		65ED1C1A2CB6D245000615D7 /* DolHaruBangDebug.entitlements */ = {isa = PBXFileReference; lastKnownFileType = text.plist.entitlements; path = DolHaruBangDebug.entitlements; sourceTree = "<group>"; };
		DA0E9EF02C9F390A00A3CD39 /* MyPageIcon.xcassets */ = {isa = PBXFileReference; lastKnownFileType = folder.assetcatalog; path = MyPageIcon.xcassets; sourceTree = "<group>"; };
		DA0E9EF22C9F390A00A3CD39 /* ImagePicker.swift */ = {isa = PBXFileReference; lastKnownFileType = sourcecode.swift; path = ImagePicker.swift; sourceTree = "<group>"; };
		DA0E9EF32C9F390A00A3CD39 /* MyPageFeature.swift */ = {isa = PBXFileReference; lastKnownFileType = sourcecode.swift; path = MyPageFeature.swift; sourceTree = "<group>"; };
		DA0E9EF42C9F390A00A3CD39 /* MyPageView.swift */ = {isa = PBXFileReference; lastKnownFileType = sourcecode.swift; path = MyPageView.swift; sourceTree = "<group>"; };
		DA461F712C81958E00270CDE /* CalendarView.swift */ = {isa = PBXFileReference; lastKnownFileType = sourcecode.swift; path = CalendarView.swift; sourceTree = "<group>"; };
		DA461F732C81E45C00270CDE /* CalendarUtil.swift */ = {isa = PBXFileReference; lastKnownFileType = sourcecode.swift; path = CalendarUtil.swift; sourceTree = "<group>"; };
		DA461F752C81E50300270CDE /* FigmaEffects.swift */ = {isa = PBXFileReference; lastKnownFileType = sourcecode.swift; path = FigmaEffects.swift; sourceTree = "<group>"; };
		DA461F7C2C840C7200270CDE /* HaruBangView.swift */ = {isa = PBXFileReference; fileEncoding = 4; lastKnownFileType = sourcecode.swift; path = HaruBangView.swift; sourceTree = "<group>"; };
		DA461F7E2C840C8900270CDE /* HaruBangFeature.swift */ = {isa = PBXFileReference; fileEncoding = 4; lastKnownFileType = sourcecode.swift; path = HaruBangFeature.swift; sourceTree = "<group>"; };
		DA69041C2CAFBEBA00A557A1 /* ParkFeature.swift */ = {isa = PBXFileReference; lastKnownFileType = sourcecode.swift; path = ParkFeature.swift; sourceTree = "<group>"; };
		DA69041E2CAFBF1200A557A1 /* DoljanchiFeature.swift */ = {isa = PBXFileReference; lastKnownFileType = sourcecode.swift; path = DoljanchiFeature.swift; sourceTree = "<group>"; };
		DA6904222CAFBF3400A557A1 /* FriendListFeature.swift */ = {isa = PBXFileReference; lastKnownFileType = sourcecode.swift; path = FriendListFeature.swift; sourceTree = "<group>"; };
		DA6904262CAFC13100A557A1 /* DoljanchiView..swift */ = {isa = PBXFileReference; lastKnownFileType = sourcecode.swift; path = DoljanchiView..swift; sourceTree = "<group>"; };
		DA6904282CAFC13E00A557A1 /* FriendListView..swift */ = {isa = PBXFileReference; lastKnownFileType = sourcecode.swift; path = FriendListView..swift; sourceTree = "<group>"; };
		DA69042A2CAFC1A700A557A1 /* ParkView.swift */ = {isa = PBXFileReference; lastKnownFileType = sourcecode.swift; path = ParkView.swift; sourceTree = "<group>"; };
		DA69042C2CB0070B00A557A1 /* JarangView.swift */ = {isa = PBXFileReference; lastKnownFileType = sourcecode.swift; path = JarangView.swift; sourceTree = "<group>"; };
		DA69042F2CB2E79200A557A1 /* ProfileImageView.swift */ = {isa = PBXFileReference; lastKnownFileType = sourcecode.swift; path = ProfileImageView.swift; sourceTree = "<group>"; };
		DA6904342CB3D83900A557A1 /* HistoryPopupView.swift */ = {isa = PBXFileReference; lastKnownFileType = sourcecode.swift; path = HistoryPopupView.swift; sourceTree = "<group>"; };
		DA6E57692C57D4920088A7A7 /* Cafe24Ssurround.ttf */ = {isa = PBXFileReference; lastKnownFileType = file; path = Cafe24Ssurround.ttf; sourceTree = "<group>"; };
		DA6E576C2C5860CA0088A7A7 /* SpringHasCome.mp3 */ = {isa = PBXFileReference; lastKnownFileType = audio.mp3; path = SpringHasCome.mp3; sourceTree = "<group>"; };
		DA6E576E2C58A4CF0088A7A7 /* InputUserInfoView.swift */ = {isa = PBXFileReference; lastKnownFileType = sourcecode.swift; path = InputUserInfoView.swift; sourceTree = "<group>"; };
		DA6E57722C58F6AA0088A7A7 /* CustomTextField.swift */ = {isa = PBXFileReference; lastKnownFileType = sourcecode.swift; path = CustomTextField.swift; sourceTree = "<group>"; };
		DA6E57742C5904900088A7A7 /* CustomButton.swift */ = {isa = PBXFileReference; lastKnownFileType = sourcecode.swift; path = CustomButton.swift; sourceTree = "<group>"; };
		DA6E57762C5908420088A7A7 /* CustomYearButton.swift */ = {isa = PBXFileReference; lastKnownFileType = sourcecode.swift; path = CustomYearButton.swift; sourceTree = "<group>"; };
		DA6E57782C59084A0088A7A7 /* CustomMonthButton.swift */ = {isa = PBXFileReference; lastKnownFileType = sourcecode.swift; path = CustomMonthButton.swift; sourceTree = "<group>"; };
		DA6E577A2C5908580088A7A7 /* CustomDayButton.swift */ = {isa = PBXFileReference; lastKnownFileType = sourcecode.swift; path = CustomDayButton.swift; sourceTree = "<group>"; };
		DA6E577F2C594BD90088A7A7 /* DBTIGuideView.swift */ = {isa = PBXFileReference; lastKnownFileType = sourcecode.swift; path = DBTIGuideView.swift; sourceTree = "<group>"; };
		DA6E57812C5B25170088A7A7 /* Text.swift */ = {isa = PBXFileReference; lastKnownFileType = sourcecode.swift; path = Text.swift; sourceTree = "<group>"; };
		DA6E57832C5C5EFF0088A7A7 /* DBTIQuestion1View.swift */ = {isa = PBXFileReference; lastKnownFileType = sourcecode.swift; path = DBTIQuestion1View.swift; sourceTree = "<group>"; };
		DA6E57852C5C6A540088A7A7 /* DBTIResultView.swift */ = {isa = PBXFileReference; lastKnownFileType = sourcecode.swift; path = DBTIResultView.swift; sourceTree = "<group>"; };
		DA6E57872C5E02240088A7A7 /* KeyboardGuardian.swift */ = {isa = PBXFileReference; lastKnownFileType = sourcecode.swift; name = KeyboardGuardian.swift; path = DolHaruBang/Pages/DBTI/Source/Views/KeyboardGuardian.swift; sourceTree = SOURCE_ROOT; };
		DA6E578A2C5E4ABE0088A7A7 /* UserManager.swift */ = {isa = PBXFileReference; lastKnownFileType = sourcecode.swift; path = UserManager.swift; sourceTree = "<group>"; };
		DA7431572D6EFB0700C2C148 /* CalendarFeature.swift */ = {isa = PBXFileReference; lastKnownFileType = sourcecode.swift; path = CalendarFeature.swift; sourceTree = "<group>"; };
		DA7431592D6EFB0E00C2C148 /* CalendarEnvironment.swift */ = {isa = PBXFileReference; lastKnownFileType = sourcecode.swift; path = CalendarEnvironment.swift; sourceTree = "<group>"; };
		DA794F9E2D69B331006EF213 /* Accessorys.scnassets */ = {isa = PBXFileReference; lastKnownFileType = wrapper.scnassets; path = Accessorys.scnassets; sourceTree = "<group>"; };
		DA794F9F2D69B331006EF213 /* Dols.scnassets */ = {isa = PBXFileReference; lastKnownFileType = wrapper.scnassets; path = Dols.scnassets; sourceTree = "<group>"; };
		DA794FA02D69B331006EF213 /* Mails.scnassets */ = {isa = PBXFileReference; lastKnownFileType = wrapper.scnassets; path = Mails.scnassets; sourceTree = "<group>"; };
		DA794FA12D69B331006EF213 /* Nests.scnassets */ = {isa = PBXFileReference; lastKnownFileType = wrapper.scnassets; path = Nests.scnassets; sourceTree = "<group>"; };
		DA794FA22D69B331006EF213 /* Signs.scnassets */ = {isa = PBXFileReference; lastKnownFileType = wrapper.scnassets; path = Signs.scnassets; sourceTree = "<group>"; };
		DA7FE5842C8826A200843462 /* SchedulePopupView.swift */ = {isa = PBXFileReference; lastKnownFileType = sourcecode.swift; path = SchedulePopupView.swift; sourceTree = "<group>"; };
		DA89DF072D77578A00F04C93 /* ImageUtil.swift */ = {isa = PBXFileReference; lastKnownFileType = sourcecode.swift; path = ImageUtil.swift; sourceTree = "<group>"; };
		DA91E0B62C91562200CD41A4 /* TalkView.swift */ = {isa = PBXFileReference; lastKnownFileType = sourcecode.swift; path = TalkView.swift; sourceTree = "<group>"; };
		DA91E0B82C91566000CD41A4 /* CalendarGridView.swift */ = {isa = PBXFileReference; lastKnownFileType = sourcecode.swift; path = CalendarGridView.swift; sourceTree = "<group>"; };
		DA91E0C42C916AAE00CD41A4 /* TalkFeature.swift */ = {isa = PBXFileReference; lastKnownFileType = sourcecode.swift; path = TalkFeature.swift; sourceTree = "<group>"; };
		DA91E0C62C916B6D00CD41A4 /* SpeechBubbleView.swift */ = {isa = PBXFileReference; lastKnownFileType = sourcecode.swift; path = SpeechBubbleView.swift; sourceTree = "<group>"; };
		DAA4C9CE2C8B79DA00409D4B /* apiFetch.swift */ = {isa = PBXFileReference; fileEncoding = 4; lastKnownFileType = sourcecode.swift; path = apiFetch.swift; sourceTree = "<group>"; };
		DAA4C9D12C8B7A7700409D4B /* 3DBaseUtil.swift */ = {isa = PBXFileReference; fileEncoding = 4; lastKnownFileType = sourcecode.swift; path = 3DBaseUtil.swift; sourceTree = "<group>"; };
		DAA4C9D22C8B7A7700409D4B /* LoadNodeUtil.swift */ = {isa = PBXFileReference; fileEncoding = 4; lastKnownFileType = sourcecode.swift; path = LoadNodeUtil.swift; sourceTree = "<group>"; };
		DAA4C9D32C8B7A7700409D4B /* MakeCameraUtil.swift */ = {isa = PBXFileReference; fileEncoding = 4; lastKnownFileType = sourcecode.swift; path = MakeCameraUtil.swift; sourceTree = "<group>"; };
		DAA4C9D42C8B7A7700409D4B /* MakeLightUtil.swift */ = {isa = PBXFileReference; fileEncoding = 4; lastKnownFileType = sourcecode.swift; path = MakeLightUtil.swift; sourceTree = "<group>"; };
		DAA4C9D62C8B7A7700409D4B /* DolView.swift */ = {isa = PBXFileReference; fileEncoding = 4; lastKnownFileType = sourcecode.swift; path = DolView.swift; sourceTree = "<group>"; };
		DAA4C9DE2C8B7C6700409D4B /* HomeEnviroment.swift */ = {isa = PBXFileReference; fileEncoding = 4; lastKnownFileType = sourcecode.swift; path = HomeEnviroment.swift; sourceTree = "<group>"; };
		DAA4C9DF2C8B7C6700409D4B /* HomeFeature.swift */ = {isa = PBXFileReference; fileEncoding = 4; lastKnownFileType = sourcecode.swift; path = HomeFeature.swift; sourceTree = "<group>"; };
		DAA4C9E12C8B7C6700409D4B /* HomeView.swift */ = {isa = PBXFileReference; fileEncoding = 4; lastKnownFileType = sourcecode.swift; path = HomeView.swift; sourceTree = "<group>"; };
		DAA4C9E42C8B7C6800409D4B /* Background.xcassets */ = {isa = PBXFileReference; lastKnownFileType = folder.assetcatalog; path = Background.xcassets; sourceTree = "<group>"; };
		DAA4C9E62C8B7C6800409D4B /* Accessory.swift */ = {isa = PBXFileReference; fileEncoding = 4; lastKnownFileType = sourcecode.swift; path = Accessory.swift; sourceTree = "<group>"; };
		DAA4C9E72C8B7C6800409D4B /* Background.swift */ = {isa = PBXFileReference; fileEncoding = 4; lastKnownFileType = sourcecode.swift; path = Background.swift; sourceTree = "<group>"; };
		DAA4C9E82C8B7C6800409D4B /* Face.swift */ = {isa = PBXFileReference; fileEncoding = 4; lastKnownFileType = sourcecode.swift; path = Face.swift; sourceTree = "<group>"; };
		DAA4C9E92C8B7C6800409D4B /* Mail.swift */ = {isa = PBXFileReference; fileEncoding = 4; lastKnownFileType = sourcecode.swift; path = Mail.swift; sourceTree = "<group>"; };
		DAA4C9EA2C8B7C6800409D4B /* Shape.swift */ = {isa = PBXFileReference; fileEncoding = 4; lastKnownFileType = sourcecode.swift; path = Shape.swift; sourceTree = "<group>"; };
		DAA4C9EB2C8B7C6800409D4B /* Sign.swift */ = {isa = PBXFileReference; fileEncoding = 4; lastKnownFileType = sourcecode.swift; path = Sign.swift; sourceTree = "<group>"; };
		DAA4C9ED2C8B7C6800409D4B /* CustomizeView.swift */ = {isa = PBXFileReference; fileEncoding = 4; lastKnownFileType = sourcecode.swift; path = CustomizeView.swift; sourceTree = "<group>"; };
		DAA4C9EF2C8B7C6800409D4B /* DecorationView.swift */ = {isa = PBXFileReference; fileEncoding = 4; lastKnownFileType = sourcecode.swift; path = DecorationView.swift; sourceTree = "<group>"; };
		DAA4C9F32C8B7C6800409D4B /* FloatingMenuView.swift */ = {isa = PBXFileReference; fileEncoding = 4; lastKnownFileType = sourcecode.swift; path = FloatingMenuView.swift; sourceTree = "<group>"; };
		DAA4C9F52C8B7C6800409D4B /* SignPopUpView.swift */ = {isa = PBXFileReference; fileEncoding = 4; lastKnownFileType = sourcecode.swift; path = SignPopUpView.swift; sourceTree = "<group>"; };
		DAA4C9F82C8B7C6800409D4B /* HomeIcon.xcassets */ = {isa = PBXFileReference; lastKnownFileType = folder.assetcatalog; path = HomeIcon.xcassets; sourceTree = "<group>"; };
		DAA4CA092C8B7D5E00409D4B /* UITextFieldPadding.swift */ = {isa = PBXFileReference; lastKnownFileType = sourcecode.swift; path = UITextFieldPadding.swift; sourceTree = "<group>"; };
		DAAEFC0B2C56941800D1F87B /* DolHaruBang.app */ = {isa = PBXFileReference; explicitFileType = wrapper.application; includeInIndex = 0; name = DolHaruBang.app; path = "/Users/ht/Desktop/dol/dolharubang/DolHaruBang/build/Debug-iphoneos/DolHaruBang.app"; sourceTree = "<absolute>"; };
		DAAEFC0E2C56941800D1F87B /* DolHaruBangApp.swift */ = {isa = PBXFileReference; lastKnownFileType = sourcecode.swift; path = DolHaruBangApp.swift; sourceTree = "<group>"; };
		DAAEFC102C56941800D1F87B /* EntryPointView.swift */ = {isa = PBXFileReference; lastKnownFileType = sourcecode.swift; path = EntryPointView.swift; sourceTree = "<group>"; };
		DAAEFC122C56941A00D1F87B /* Assets.xcassets */ = {isa = PBXFileReference; lastKnownFileType = folder.assetcatalog; path = Assets.xcassets; sourceTree = "<group>"; };
		DAAEFC172C56941A00D1F87B /* Persistence.swift */ = {isa = PBXFileReference; lastKnownFileType = sourcecode.swift; path = Persistence.swift; sourceTree = "<group>"; };
		DAAEFC1A2C56941A00D1F87B /* DolHaruBang.xcdatamodel */ = {isa = PBXFileReference; lastKnownFileType = wrapper.xcdatamodel; path = DolHaruBang.xcdatamodel; sourceTree = "<group>"; };
		DAAEFC292C57425000D1F87B /* Color.swift */ = {isa = PBXFileReference; lastKnownFileType = sourcecode.swift; path = Color.swift; sourceTree = "<group>"; };
		DAAEFC2D2C5743BA00D1F87B /* Font.swift */ = {isa = PBXFileReference; lastKnownFileType = sourcecode.swift; path = Font.swift; sourceTree = "<group>"; };
		DAAEFC312C5747F000D1F87B /* NanumSquareRoundOTFB.otf */ = {isa = PBXFileReference; lastKnownFileType = file; path = NanumSquareRoundOTFB.otf; sourceTree = "<group>"; };
		DAAEFC322C5747F000D1F87B /* NanumSquareRoundOTFR.otf */ = {isa = PBXFileReference; lastKnownFileType = file; path = NanumSquareRoundOTFR.otf; sourceTree = "<group>"; };
		DAAEFC332C5747F000D1F87B /* NanumSquareRoundOTFEB.otf */ = {isa = PBXFileReference; lastKnownFileType = file; path = NanumSquareRoundOTFEB.otf; sourceTree = "<group>"; };
		DAAEFC372C5755E600D1F87B /* Info.plist */ = {isa = PBXFileReference; lastKnownFileType = text.plist.xml; path = Info.plist; sourceTree = "<group>"; };
		DAAEFC392C575B8900D1F87B /* LoginView.swift */ = {isa = PBXFileReference; lastKnownFileType = sourcecode.swift; path = LoginView.swift; sourceTree = "<group>"; };
		DAC94BC02C9D43B800112DA7 /* TalkEnvironment.swift */ = {isa = PBXFileReference; lastKnownFileType = sourcecode.swift; path = TalkEnvironment.swift; sourceTree = "<group>"; };
		DAC94BF82C9E2EA400112DA7 /* DolHaruBangTest.xctest */ = {isa = PBXFileReference; explicitFileType = wrapper.cfbundle; includeInIndex = 0; name = DolHaruBangTest.xctest; path = "/Users/ht/Desktop/dol/dolharubang/DolHaruBang/build/Debug-iphoneos/DolHaruBang.app/PlugIns/DolHaruBangTest.xctest"; sourceTree = "<absolute>"; };
		DAC94C122C9F377600112DA7 /* je_gray_02_4k.hdr */ = {isa = PBXFileReference; lastKnownFileType = file; path = je_gray_02_4k.hdr; sourceTree = "<group>"; };
/* End PBXFileReference section */

/* Begin PBXFileSystemSynchronizedRootGroup section */
		DAC94BF92C9E2EA400112DA7 /* DolHaruBangTest */ = {isa = PBXFileSystemSynchronizedRootGroup; explicitFileTypes = {}; explicitFolders = (); path = DolHaruBangTest; sourceTree = "<group>"; };
/* End PBXFileSystemSynchronizedRootGroup section */

/* Begin PBXFrameworksBuildPhase section */
		DAAEFC082C56941800D1F87B /* Frameworks */ = {
			isa = PBXFrameworksBuildPhase;
			buildActionMask = 2147483647;
			files = (
				65054FE42C9DD63B00A14601 /* Nuke in Frameworks */,
				655FC4FD2D8595E600AED11E /* KakaoSDK in Frameworks */,
				652175052C60F77900128734 /* ComposableArchitecture in Frameworks */,
				659469752C7DC022004D487C /* Alamofire in Frameworks */,
			);
			runOnlyForDeploymentPostprocessing = 0;
		};
		DAC94BF52C9E2EA400112DA7 /* Frameworks */ = {
			isa = PBXFrameworksBuildPhase;
			buildActionMask = 2147483647;
			files = (
			);
			runOnlyForDeploymentPostprocessing = 0;
		};
/* End PBXFrameworksBuildPhase section */

/* Begin PBXGroup section */
		65054FE72C9DEABE00A14601 /* Trophy */ = {
			isa = PBXGroup;
			children = (
				65AFAD8C2CA17A1300B565D1 /* Source */,
				659792042C9E13AE00E2B51D /* Resource */,
			);
			path = Trophy;
			sourceTree = "<group>";
		};
		65382E7B2CA32232003F130B /* Profile */ = {
			isa = PBXGroup;
			children = (
				658216B22CA56AD300C5CD37 /* Source */,
				658216B12CA56ACD00C5CD37 /* Resource */,
			);
			path = Profile;
			sourceTree = "<group>";
		};
		65382E7E2CA3225C003F130B /* Mail */ = {
			isa = PBXGroup;
			children = (
				658216C62CA57CD000C5CD37 /* Resource */,
				658216C52CA57CC600C5CD37 /* Source */,
			);
			path = Mail;
			sourceTree = "<group>";
		};
		65463CFE2CEDB94B00079A4E /* Source */ = {
			isa = PBXGroup;
			children = (
				65463D002CEDB95700079A4E /* View */,
				65463CFF2CEDB95200079A4E /* Core */,
			);
			path = Source;
			sourceTree = "<group>";
		};
		65463CFF2CEDB95200079A4E /* Core */ = {
			isa = PBXGroup;
			children = (
				65463D032CEDB9EA00079A4E /* SignFeature.swift */,
				65463D012CEDB96000079A4E /* SignEnviroment.swift */,
			);
			path = Core;
			sourceTree = "<group>";
		};
		65463D002CEDB95700079A4E /* View */ = {
			isa = PBXGroup;
			children = (
				65AFAD882CA0B84A00B565D1 /* SignView.swift */,
			);
			path = View;
			sourceTree = "<group>";
		};
		6550AA382C59E5A6000A264E /* Common */ = {
			isa = PBXGroup;
			children = (
				657E5F8E2C74500C002FFA69 /* Sources */,
				6550AA3D2C59E72B000A264E /* Resources */,
			);
			path = Common;
			sourceTree = "<group>";
		};
		6550AA392C59E5BF000A264E /* Pages */ = {
			isa = PBXGroup;
			children = (
				DA6904182CAFBD7600A557A1 /* Park */,
				DA0E9EF62C9F390A00A3CD39 /* MyPage */,
				659792072C9E1C7F00E2B51D /* Setting */,
				65054FE72C9DEABE00A14601 /* Trophy */,
				DA461F792C840BC500270CDE /* HaruBang */,
				DA461F6B2C81606800270CDE /* Calendar */,
				6550AA3E2C59E740000A264E /* Splash */,
				6550AA3F2C59E755000A264E /* Login */,
				6550AA412C59E779000A264E /* DBTI */,
				6550AA402C59E75A000A264E /* Home */,
			);
			path = Pages;
			sourceTree = "<group>";
		};
		6550AA3A2C59E6F8000A264E /* Modules */ = {
			isa = PBXGroup;
			children = (
				DAA4C9D82C8B7A7700409D4B /* DolModule */,
				DA6E57892C5E4A930088A7A7 /* UserInfo */,
			);
			path = Modules;
			sourceTree = "<group>";
		};
		6550AA3B2C59E718000A264E /* Design */ = {
			isa = PBXGroup;
			children = (
				DA69042E2CB2E77B00A557A1 /* ProfileImage */,
				DA6E57712C58F67D0088A7A7 /* Buttons */,
				DA6E57702C58F66F0088A7A7 /* TextField */,
				DA461F752C81E50300270CDE /* FigmaEffects.swift */,
			);
			path = Design;
			sourceTree = "<group>";
		};
		6550AA3C2C59E726000A264E /* Util */ = {
			isa = PBXGroup;
			children = (
				DAA4C9CF2C8B79DA00409D4B /* AF */,
				DA6E57872C5E02240088A7A7 /* KeyboardGuardian.swift */,
				652ECFAA2C5F0D1400399279 /* respnseKeyboard.swift */,
				65E1C5092C6F7DE700A2E419 /* ColorHex.swift */,
				657E5F952C7452B7002FFA69 /* hideKeyboard.swift */,
				657E5F972C745356002FFA69 /* View.swift */,
				DA461F732C81E45C00270CDE /* CalendarUtil.swift */,
				DA89DF072D77578A00F04C93 /* ImageUtil.swift */,
			);
			path = Util;
			sourceTree = "<group>";
		};
		6550AA3D2C59E72B000A264E /* Resources */ = {
			isa = PBXGroup;
			children = (
				DA794F9E2D69B331006EF213 /* Accessorys.scnassets */,
				DA794F9F2D69B331006EF213 /* Dols.scnassets */,
				DA794FA02D69B331006EF213 /* Mails.scnassets */,
				DA794FA12D69B331006EF213 /* Nests.scnassets */,
				DA794FA22D69B331006EF213 /* Signs.scnassets */,
				DAC94C122C9F377600112DA7 /* je_gray_02_4k.hdr */,
				DAAEFC122C56941A00D1F87B /* Assets.xcassets */,
				DAAEFC292C57425000D1F87B /* Color.swift */,
				DA6E576B2C58609B0088A7A7 /* BGM */,
				DAAEFC2C2C57436B00D1F87B /* Fonts */,
				65AFAD822CA0A26B00B565D1 /* lythwood_field_4k.hdr */,
			);
			path = Resources;
			sourceTree = "<group>";
		};
		6550AA3E2C59E740000A264E /* Splash */ = {
			isa = PBXGroup;
			children = (
				6550AA462C59E8CC000A264E /* Source */,
			);
			path = Splash;
			sourceTree = "<group>";
		};
		6550AA3F2C59E755000A264E /* Login */ = {
			isa = PBXGroup;
			children = (
				6550AA442C59E8B8000A264E /* Source */,
			);
			path = Login;
			sourceTree = "<group>";
		};
		6550AA402C59E75A000A264E /* Home */ = {
			isa = PBXGroup;
			children = (
				DAA4C9F72C8B7C6800409D4B /* Modules */,
				DAA4C9F92C8B7C6800409D4B /* Resource */,
				DAA4C9E32C8B7C6700409D4B /* Source */,
			);
			path = Home;
			sourceTree = "<group>";
		};
		6550AA412C59E779000A264E /* DBTI */ = {
			isa = PBXGroup;
			children = (
				6550AA422C59E7DC000A264E /* Source */,
			);
			path = DBTI;
			sourceTree = "<group>";
		};
		6550AA422C59E7DC000A264E /* Source */ = {
			isa = PBXGroup;
			children = (
				657780F62C84AFB000DC08C2 /* Core */,
				6550AA432C59E8AD000A264E /* Views */,
			);
			path = Source;
			sourceTree = "<group>";
		};
		6550AA432C59E8AD000A264E /* Views */ = {
			isa = PBXGroup;
			children = (
				DA6E577F2C594BD90088A7A7 /* DBTIGuideView.swift */,
				DA6E57832C5C5EFF0088A7A7 /* DBTIQuestion1View.swift */,
				DA6E57852C5C6A540088A7A7 /* DBTIResultView.swift */,
			);
			path = Views;
			sourceTree = "<group>";
		};
		6550AA442C59E8B8000A264E /* Source */ = {
			isa = PBXGroup;
			children = (
				6550AA452C59E8BF000A264E /* Views */,
			);
			path = Source;
			sourceTree = "<group>";
		};
		6550AA452C59E8BF000A264E /* Views */ = {
			isa = PBXGroup;
			children = (
				DAAEFC392C575B8900D1F87B /* LoginView.swift */,
				DA6E576E2C58A4CF0088A7A7 /* InputUserInfoView.swift */,
			);
			path = Views;
			sourceTree = "<group>";
		};
		6550AA462C59E8CC000A264E /* Source */ = {
			isa = PBXGroup;
			children = (
				6550AA4A2C5A7088000A264E /* Core */,
				6550AA472C59E8D3000A264E /* Views */,
			);
			path = Source;
			sourceTree = "<group>";
		};
		6550AA472C59E8D3000A264E /* Views */ = {
			isa = PBXGroup;
			children = (
				DAAEFC102C56941800D1F87B /* EntryPointView.swift */,
				6550AA482C59EA35000A264E /* SplashView.swift */,
			);
			path = Views;
			sourceTree = "<group>";
		};
		6550AA4A2C5A7088000A264E /* Core */ = {
			isa = PBXGroup;
			children = (
			);
			path = Core;
			sourceTree = "<group>";
		};
		657780F42C84A8F600DC08C2 /* Core */ = {
			isa = PBXGroup;
			children = (
				65C8B1E52D40134B006D9317 /* Setting */,
				657780F52C84A8FF00DC08C2 /* Naviagion */,
			);
			path = Core;
			sourceTree = "<group>";
		};
		657780F52C84A8FF00DC08C2 /* Naviagion */ = {
			isa = PBXGroup;
			children = (
				657780E02C83427000DC08C2 /* NavigationFeature.swift */,
				658962812C856D3600F27FB4 /* Demo.swift */,
			);
			path = Naviagion;
			sourceTree = "<group>";
		};
		657780F62C84AFB000DC08C2 /* Core */ = {
			isa = PBXGroup;
			children = (
				657780F72C84AFC400DC08C2 /* DBTIFeature.swift */,
			);
			path = Core;
			sourceTree = "<group>";
		};
		657E5F8E2C74500C002FFA69 /* Sources */ = {
			isa = PBXGroup;
			children = (
				657780F42C84A8F600DC08C2 /* Core */,
				6550AA3A2C59E6F8000A264E /* Modules */,
				6550AA3B2C59E718000A264E /* Design */,
				6550AA3C2C59E726000A264E /* Util */,
			);
			path = Sources;
			sourceTree = "<group>";
		};
		658216B12CA56ACD00C5CD37 /* Resource */ = {
			isa = PBXGroup;
			children = (
				658216B52CA56B0400C5CD37 /* Profile.xcassets */,
			);
			path = Resource;
			sourceTree = "<group>";
		};
		658216B22CA56AD300C5CD37 /* Source */ = {
			isa = PBXGroup;
			children = (
				658216BC2CA5793B00C5CD37 /* Core */,
				658216BB2CA5793800C5CD37 /* View */,
			);
			path = Source;
			sourceTree = "<group>";
		};
		658216BB2CA5793800C5CD37 /* View */ = {
			isa = PBXGroup;
			children = (
				65382E7C2CA3223B003F130B /* ProfileView.swift */,
			);
			path = View;
			sourceTree = "<group>";
		};
		658216BC2CA5793B00C5CD37 /* Core */ = {
			isa = PBXGroup;
			children = (
				65382E832CA32765003F130B /* ProfileEnviroment.swift */,
				65382E812CA326F6003F130B /* ProfileFeature.swift */,
			);
			path = Core;
			sourceTree = "<group>";
		};
		658216C52CA57CC600C5CD37 /* Source */ = {
			isa = PBXGroup;
			children = (
				658216CB2CA58F9400C5CD37 /* Uiil */,
				658216C82CA57CDE00C5CD37 /* View */,
				658216C72CA57CDA00C5CD37 /* Core */,
			);
			path = Source;
			sourceTree = "<group>";
		};
		658216C62CA57CD000C5CD37 /* Resource */ = {
			isa = PBXGroup;
			children = (
				658216C92CA57D0200C5CD37 /* Mail.xcassets */,
			);
			path = Resource;
			sourceTree = "<group>";
		};
		658216C72CA57CDA00C5CD37 /* Core */ = {
			isa = PBXGroup;
			children = (
				658216BF2CA5796100C5CD37 /* MailFeature.swift */,
				658216BD2CA5795500C5CD37 /* MailEnviroment.swift */,
			);
			path = Core;
			sourceTree = "<group>";
		};
		658216C82CA57CDE00C5CD37 /* View */ = {
			isa = PBXGroup;
			children = (
				65382E7F2CA32263003F130B /* MailView.swift */,
			);
			path = View;
			sourceTree = "<group>";
		};
		658216CB2CA58F9400C5CD37 /* Uiil */ = {
			isa = PBXGroup;
			children = (
				658216CC2CA58F9C00C5CD37 /* MailUtil.swift */,
			);
			path = Uiil;
			sourceTree = "<group>";
		};
		659792042C9E13AE00E2B51D /* Resource */ = {
			isa = PBXGroup;
			children = (
				659792052C9E13BD00E2B51D /* TrophyIcon.xcassets */,
			);
			path = Resource;
			sourceTree = "<group>";
		};
		659792072C9E1C7F00E2B51D /* Setting */ = {
			isa = PBXGroup;
			children = (
				659792082C9E1CA000E2B51D /* SettingView.swift */,
				6597920A2C9E1CE400E2B51D /* SettingFeature.swift */,
			);
			path = Setting;
			sourceTree = "<group>";
		};
		65AFAD842CA0A76300B565D1 /* Share */ = {
			isa = PBXGroup;
			children = (
				65AFAD862CA0A77500B565D1 /* ShareView.swift */,
			);
			path = Share;
			sourceTree = "<group>";
		};
		65AFAD852CA0A76D00B565D1 /* Sign */ = {
			isa = PBXGroup;
			children = (
				65463CFE2CEDB94B00079A4E /* Source */,
			);
			path = Sign;
			sourceTree = "<group>";
		};
		65AFAD8C2CA17A1300B565D1 /* Source */ = {
			isa = PBXGroup;
			children = (
				65AFAD8E2CA17A1D00B565D1 /* View */,
				65AFAD8D2CA17A1900B565D1 /* Core */,
			);
			path = Source;
			sourceTree = "<group>";
		};
		65AFAD8D2CA17A1900B565D1 /* Core */ = {
			isa = PBXGroup;
			children = (
				65AFAD932CA18CDC00B565D1 /* TrophyListFeature.swift */,
				65AFAD8F2CA17A4400B565D1 /* TrophyEnviroment.swift */,
				65054FEA2C9DEAEA00A14601 /* TrophyFeature.swift */,
			);
			path = Core;
			sourceTree = "<group>";
		};
		65AFAD8E2CA17A1D00B565D1 /* View */ = {
			isa = PBXGroup;
			children = (
				65AFAD912CA18C9900B565D1 /* TrophyListView.swift */,
				65054FE82C9DEACF00A14601 /* TrophyView.swift */,
			);
			path = View;
			sourceTree = "<group>";
		};
		65C8B1E52D40134B006D9317 /* Setting */ = {
			isa = PBXGroup;
			children = (
				65C8B1E82D40144C006D9317 /* AudioManager.swift */,
				65C8B1E62D401356006D9317 /* AppSetting.swift */,
			);
			path = Setting;
			sourceTree = "<group>";
		};
		DA0E9EF12C9F390A00A3CD39 /* Resource */ = {
			isa = PBXGroup;
			children = (
				DA0E9EF02C9F390A00A3CD39 /* MyPageIcon.xcassets */,
			);
			path = Resource;
			sourceTree = "<group>";
		};
		DA0E9EF52C9F390A00A3CD39 /* Source */ = {
			isa = PBXGroup;
			children = (
				65382E712CA28E19003F130B /* MyPageEnviroment.swift */,
				DA0E9EF22C9F390A00A3CD39 /* ImagePicker.swift */,
				DA0E9EF32C9F390A00A3CD39 /* MyPageFeature.swift */,
				DA0E9EF42C9F390A00A3CD39 /* MyPageView.swift */,
			);
			path = Source;
			sourceTree = "<group>";
		};
		DA0E9EF62C9F390A00A3CD39 /* MyPage */ = {
			isa = PBXGroup;
			children = (
				DA0E9EF12C9F390A00A3CD39 /* Resource */,
				DA0E9EF52C9F390A00A3CD39 /* Source */,
			);
			path = MyPage;
			sourceTree = "<group>";
		};
		DA461F6B2C81606800270CDE /* Calendar */ = {
			isa = PBXGroup;
			children = (
				DA461F6C2C81608D00270CDE /* Source */,
			);
			path = Calendar;
			sourceTree = "<group>";
		};
		DA461F6C2C81608D00270CDE /* Source */ = {
			isa = PBXGroup;
			children = (
				DA7431562D6EFAF000C2C148 /* Core */,
				DA461F6D2C81609300270CDE /* View */,
			);
			path = Source;
			sourceTree = "<group>";
		};
		DA461F6D2C81609300270CDE /* View */ = {
			isa = PBXGroup;
			children = (
				DA461F712C81958E00270CDE /* CalendarView.swift */,
				DA7FE5842C8826A200843462 /* SchedulePopupView.swift */,
				DA91E0B82C91566000CD41A4 /* CalendarGridView.swift */,
			);
			path = View;
			sourceTree = "<group>";
		};
		DA461F792C840BC500270CDE /* HaruBang */ = {
			isa = PBXGroup;
			children = (
				DA91E0C82C99520E00CD41A4 /* Modules */,
				DA91E0B52C91556900CD41A4 /* Source */,
			);
			path = HaruBang;
			sourceTree = "<group>";
		};
		DA6904182CAFBD7600A557A1 /* Park */ = {
			isa = PBXGroup;
			children = (
				DA69041B2CAFBD8800A557A1 /* View */,
				DA6904192CAFBD7B00A557A1 /* Core */,
			);
			path = Park;
			sourceTree = "<group>";
		};
		DA6904192CAFBD7B00A557A1 /* Core */ = {
			isa = PBXGroup;
			children = (
				DA6904222CAFBF3400A557A1 /* FriendListFeature.swift */,
				DA69041E2CAFBF1200A557A1 /* DoljanchiFeature.swift */,
				DA69041C2CAFBEBA00A557A1 /* ParkFeature.swift */,
			);
			path = Core;
			sourceTree = "<group>";
		};
		DA69041B2CAFBD8800A557A1 /* View */ = {
			isa = PBXGroup;
			children = (
				DA6904282CAFC13E00A557A1 /* FriendListView..swift */,
				DA6904262CAFC13100A557A1 /* DoljanchiView..swift */,
				DA69042A2CAFC1A700A557A1 /* ParkView.swift */,
				DA69042C2CB0070B00A557A1 /* JarangView.swift */,
				DA6904342CB3D83900A557A1 /* HistoryPopupView.swift */,
			);
			path = View;
			sourceTree = "<group>";
		};
		DA69042E2CB2E77B00A557A1 /* ProfileImage */ = {
			isa = PBXGroup;
			children = (
				DA69042F2CB2E79200A557A1 /* ProfileImageView.swift */,
			);
			path = ProfileImage;
			sourceTree = "<group>";
		};
		DA6E576B2C58609B0088A7A7 /* BGM */ = {
			isa = PBXGroup;
			children = (
				DA6E576C2C5860CA0088A7A7 /* SpringHasCome.mp3 */,
			);
			path = BGM;
			sourceTree = "<group>";
		};
		DA6E57702C58F66F0088A7A7 /* TextField */ = {
			isa = PBXGroup;
			children = (
				DA6E57722C58F6AA0088A7A7 /* CustomTextField.swift */,
			);
			path = TextField;
			sourceTree = "<group>";
		};
		DA6E57712C58F67D0088A7A7 /* Buttons */ = {
			isa = PBXGroup;
			children = (
				65C8B1EA2D40170E006D9317 /* Button.swift */,
				DA6E57742C5904900088A7A7 /* CustomButton.swift */,
				DA6E57762C5908420088A7A7 /* CustomYearButton.swift */,
				DA6E57782C59084A0088A7A7 /* CustomMonthButton.swift */,
				DA6E577A2C5908580088A7A7 /* CustomDayButton.swift */,
			);
			path = Buttons;
			sourceTree = "<group>";
		};
		DA6E57892C5E4A930088A7A7 /* UserInfo */ = {
			isa = PBXGroup;
			children = (
				DA6E578A2C5E4ABE0088A7A7 /* UserManager.swift */,
			);
			path = UserInfo;
			sourceTree = "<group>";
		};
		DA7431562D6EFAF000C2C148 /* Core */ = {
			isa = PBXGroup;
			children = (
				DA7431592D6EFB0E00C2C148 /* CalendarEnvironment.swift */,
				DA7431572D6EFB0700C2C148 /* CalendarFeature.swift */,
			);
			path = Core;
			sourceTree = "<group>";
		};
		DA91E0B32C9154CF00CD41A4 /* Core */ = {
			isa = PBXGroup;
			children = (
				DAC94BC02C9D43B800112DA7 /* TalkEnvironment.swift */,
				DA461F7E2C840C8900270CDE /* HaruBangFeature.swift */,
				DA91E0C42C916AAE00CD41A4 /* TalkFeature.swift */,
			);
			path = Core;
			sourceTree = "<group>";
		};
		DA91E0B42C9154D800CD41A4 /* View */ = {
			isa = PBXGroup;
			children = (
				DA461F7C2C840C7200270CDE /* HaruBangView.swift */,
				DA91E0B62C91562200CD41A4 /* TalkView.swift */,
				DA91E0C62C916B6D00CD41A4 /* SpeechBubbleView.swift */,
			);
			path = View;
			sourceTree = "<group>";
		};
		DA91E0B52C91556900CD41A4 /* Source */ = {
			isa = PBXGroup;
			children = (
				DA91E0B32C9154CF00CD41A4 /* Core */,
				DA91E0B42C9154D800CD41A4 /* View */,
			);
			path = Source;
			sourceTree = "<group>";
		};
		DA91E0C82C99520E00CD41A4 /* Modules */ = {
			isa = PBXGroup;
			children = (
				DA91E0C92C99521B00CD41A4 /* Models */,
			);
			path = Modules;
			sourceTree = "<group>";
		};
		DA91E0C92C99521B00CD41A4 /* Models */ = {
			isa = PBXGroup;
			children = (
			);
			path = Models;
			sourceTree = "<group>";
		};
		DAA4C9CF2C8B79DA00409D4B /* AF */ = {
			isa = PBXGroup;
			children = (
				DAA4C9CE2C8B79DA00409D4B /* apiFetch.swift */,
			);
			path = AF;
			sourceTree = "<group>";
		};
		DAA4C9D52C8B7A7700409D4B /* Utils */ = {
			isa = PBXGroup;
			children = (
				DAA4C9D12C8B7A7700409D4B /* 3DBaseUtil.swift */,
				DAA4C9D22C8B7A7700409D4B /* LoadNodeUtil.swift */,
				DAA4C9D32C8B7A7700409D4B /* MakeCameraUtil.swift */,
				DAA4C9D42C8B7A7700409D4B /* MakeLightUtil.swift */,
			);
			path = Utils;
			sourceTree = "<group>";
		};
		DAA4C9D72C8B7A7700409D4B /* View */ = {
			isa = PBXGroup;
			children = (
				DAA4C9D62C8B7A7700409D4B /* DolView.swift */,
			);
			path = View;
			sourceTree = "<group>";
		};
		DAA4C9D82C8B7A7700409D4B /* DolModule */ = {
			isa = PBXGroup;
			children = (
				DAA4C9D52C8B7A7700409D4B /* Utils */,
				DAA4C9D72C8B7A7700409D4B /* View */,
			);
			path = DolModule;
			sourceTree = "<group>";
		};
		DAA4C9E02C8B7C6700409D4B /* Core */ = {
			isa = PBXGroup;
			children = (
				DAA4C9DE2C8B7C6700409D4B /* HomeEnviroment.swift */,
				DAA4C9DF2C8B7C6700409D4B /* HomeFeature.swift */,
			);
			path = Core;
			sourceTree = "<group>";
		};
		DAA4C9E22C8B7C6700409D4B /* Views */ = {
			isa = PBXGroup;
			children = (
				DAA4C9E12C8B7C6700409D4B /* HomeView.swift */,
			);
			path = Views;
			sourceTree = "<group>";
		};
		DAA4C9E32C8B7C6700409D4B /* Source */ = {
			isa = PBXGroup;
			children = (
				DAA4C9E02C8B7C6700409D4B /* Core */,
				DAA4C9E22C8B7C6700409D4B /* Views */,
			);
			path = Source;
			sourceTree = "<group>";
		};
		DAA4C9E52C8B7C6800409D4B /* Resource */ = {
			isa = PBXGroup;
			children = (
				DAA4C9E42C8B7C6800409D4B /* Background.xcassets */,
			);
			path = Resource;
			sourceTree = "<group>";
		};
		DAA4C9EC2C8B7C6800409D4B /* Models */ = {
			isa = PBXGroup;
			children = (
				656BB3352C9DB9A90034AA2A /* Nest.swift */,
				DAA4C9E62C8B7C6800409D4B /* Accessory.swift */,
				DAA4C9E72C8B7C6800409D4B /* Background.swift */,
				DAA4C9E82C8B7C6800409D4B /* Face.swift */,
				DAA4C9E92C8B7C6800409D4B /* Mail.swift */,
				DAA4C9EA2C8B7C6800409D4B /* Shape.swift */,
				DAA4C9EB2C8B7C6800409D4B /* Sign.swift */,
			);
			path = Models;
			sourceTree = "<group>";
		};
		DAA4C9EE2C8B7C6800409D4B /* Modules */ = {
			isa = PBXGroup;
			children = (
				DAA4C9ED2C8B7C6800409D4B /* CustomizeView.swift */,
			);
			path = Modules;
			sourceTree = "<group>";
		};
		DAA4C9F02C8B7C6800409D4B /* View */ = {
			isa = PBXGroup;
			children = (
				DAA4C9EF2C8B7C6800409D4B /* DecorationView.swift */,
			);
			path = View;
			sourceTree = "<group>";
		};
		DAA4C9F12C8B7C6800409D4B /* Source */ = {
			isa = PBXGroup;
			children = (
				DAA4C9EC2C8B7C6800409D4B /* Models */,
				DAA4C9EE2C8B7C6800409D4B /* Modules */,
				DAA4C9F02C8B7C6800409D4B /* View */,
			);
			path = Source;
			sourceTree = "<group>";
		};
		DAA4C9F22C8B7C6800409D4B /* Decoration */ = {
			isa = PBXGroup;
			children = (
				DAA4C9E52C8B7C6800409D4B /* Resource */,
				DAA4C9F12C8B7C6800409D4B /* Source */,
			);
			path = Decoration;
			sourceTree = "<group>";
		};
		DAA4C9F42C8B7C6800409D4B /* FloatingMenu */ = {
			isa = PBXGroup;
			children = (
				DAA4C9F32C8B7C6800409D4B /* FloatingMenuView.swift */,
			);
			path = FloatingMenu;
			sourceTree = "<group>";
		};
		DAA4C9F62C8B7C6800409D4B /* Popup */ = {
			isa = PBXGroup;
			children = (
				DAA4C9F52C8B7C6800409D4B /* SignPopUpView.swift */,
			);
			path = Popup;
			sourceTree = "<group>";
		};
		DAA4C9F72C8B7C6800409D4B /* Modules */ = {
			isa = PBXGroup;
			children = (
				65382E7E2CA3225C003F130B /* Mail */,
				65382E7B2CA32232003F130B /* Profile */,
				65AFAD852CA0A76D00B565D1 /* Sign */,
				65AFAD842CA0A76300B565D1 /* Share */,
				DAA4C9F22C8B7C6800409D4B /* Decoration */,
				DAA4C9F42C8B7C6800409D4B /* FloatingMenu */,
				DAA4C9F62C8B7C6800409D4B /* Popup */,
				DAA4CA092C8B7D5E00409D4B /* UITextFieldPadding.swift */,
			);
			path = Modules;
			sourceTree = "<group>";
		};
		DAA4C9F92C8B7C6800409D4B /* Resource */ = {
			isa = PBXGroup;
			children = (
				DAA4C9F82C8B7C6800409D4B /* HomeIcon.xcassets */,
			);
			path = Resource;
			sourceTree = "<group>";
		};
		DAAEFC022C56941800D1F87B = {
			isa = PBXGroup;
			children = (
				DAAEFC0D2C56941800D1F87B /* DolHaruBang */,
				DAC94BF92C9E2EA400112DA7 /* DolHaruBangTest */,
				65A5E1792D89DC65006EAA24 /* DolHaruBang.app */,
			);
			sourceTree = "<group>";
		};
		DAAEFC0D2C56941800D1F87B /* DolHaruBang */ = {
			isa = PBXGroup;
			children = (
				65ED1C1A2CB6D245000615D7 /* DolHaruBangDebug.entitlements */,
				DAAEFC0E2C56941800D1F87B /* DolHaruBangApp.swift */,
				6550AA382C59E5A6000A264E /* Common */,
				6550AA392C59E5BF000A264E /* Pages */,
				DAAEFC172C56941A00D1F87B /* Persistence.swift */,
				DAAEFC372C5755E600D1F87B /* Info.plist */,
				DAAEFC192C56941A00D1F87B /* DolHaruBang.xcdatamodeld */,
			);
			path = DolHaruBang;
			sourceTree = "<group>";
		};
		DAAEFC2C2C57436B00D1F87B /* Fonts */ = {
			isa = PBXGroup;
			children = (
				DA6E57692C57D4920088A7A7 /* Cafe24Ssurround.ttf */,
				DAAEFC312C5747F000D1F87B /* NanumSquareRoundOTFB.otf */,
				DAAEFC332C5747F000D1F87B /* NanumSquareRoundOTFEB.otf */,
				DAAEFC322C5747F000D1F87B /* NanumSquareRoundOTFR.otf */,
				DAAEFC2D2C5743BA00D1F87B /* Font.swift */,
				DA6E57812C5B25170088A7A7 /* Text.swift */,
			);
			path = Fonts;
			sourceTree = "<group>";
		};
/* End PBXGroup section */

/* Begin PBXNativeTarget section */
		DAAEFC0A2C56941800D1F87B /* DolHaruBang */ = {
			isa = PBXNativeTarget;
			buildConfigurationList = DAAEFC1E2C56941A00D1F87B /* Build configuration list for PBXNativeTarget "DolHaruBang" */;
			buildPhases = (
				DAAEFC072C56941800D1F87B /* Sources */,
				DAAEFC082C56941800D1F87B /* Frameworks */,
				DAAEFC092C56941800D1F87B /* Resources */,
			);
			buildRules = (
			);
			dependencies = (
			);
			name = DolHaruBang;
			packageProductDependencies = (
				652175042C60F77900128734 /* ComposableArchitecture */,
				659469742C7DC022004D487C /* Alamofire */,
				65054FE32C9DD63B00A14601 /* Nuke */,
				655FC4FC2D8595E600AED11E /* KakaoSDK */,
			);
			productName = DolHaruBang;
			productReference = 65A5E1792D89DC65006EAA24 /* DolHaruBang.app */;
			productType = "com.apple.product-type.application";
		};
		DAC94BF72C9E2EA400112DA7 /* DolHaruBangTest */ = {
			isa = PBXNativeTarget;
			buildConfigurationList = DAC94BFE2C9E2EA400112DA7 /* Build configuration list for PBXNativeTarget "DolHaruBangTest" */;
			buildPhases = (
				DAC94BF42C9E2EA400112DA7 /* Sources */,
				DAC94BF52C9E2EA400112DA7 /* Frameworks */,
				DAC94BF62C9E2EA400112DA7 /* Resources */,
			);
			buildRules = (
			);
			dependencies = (
				DAC94BFD2C9E2EA400112DA7 /* PBXTargetDependency */,
			);
			fileSystemSynchronizedGroups = (
				DAC94BF92C9E2EA400112DA7 /* DolHaruBangTest */,
			);
			name = DolHaruBangTest;
			packageProductDependencies = (
			);
			productName = DolHaruBangTest;
			productReference = DAC94BF82C9E2EA400112DA7 /* DolHaruBangTest.xctest */;
			productType = "com.apple.product-type.bundle.unit-test";
		};
/* End PBXNativeTarget section */

/* Begin PBXProject section */
		DAAEFC032C56941800D1F87B /* Project object */ = {
			isa = PBXProject;
			attributes = {
				BuildIndependentTargetsInParallel = 1;
				LastSwiftUpdateCheck = 1600;
				LastUpgradeCheck = 1540;
				TargetAttributes = {
					DAAEFC0A2C56941800D1F87B = {
						CreatedOnToolsVersion = 15.4;
					};
					DAC94BF72C9E2EA400112DA7 = {
						CreatedOnToolsVersion = 16.0;
						TestTargetID = DAAEFC0A2C56941800D1F87B;
					};
				};
			};
			buildConfigurationList = DAAEFC062C56941800D1F87B /* Build configuration list for PBXProject "DolHaruBang" */;
			compatibilityVersion = "Xcode 14.0";
			developmentRegion = en;
			hasScannedForEncodings = 0;
			knownRegions = (
				en,
				Base,
			);
			mainGroup = DAAEFC022C56941800D1F87B;
			packageReferences = (
				652175032C60F77900128734 /* XCRemoteSwiftPackageReference "swift-composable-architecture" */,
				659469732C7DC022004D487C /* XCRemoteSwiftPackageReference "Alamofire" */,
				65054FE22C9DD63B00A14601 /* XCRemoteSwiftPackageReference "Nuke" */,
				655FC4FB2D8595E600AED11E /* XCRemoteSwiftPackageReference "kakao-ios-sdk" */,
			);
			productRefGroup = DAAEFC022C56941800D1F87B;
			projectDirPath = "";
			projectRoot = "";
			targets = (
				DAAEFC0A2C56941800D1F87B /* DolHaruBang */,
				DAC94BF72C9E2EA400112DA7 /* DolHaruBangTest */,
			);
		};
/* End PBXProject section */

/* Begin PBXResourcesBuildPhase section */
		DAAEFC092C56941800D1F87B /* Resources */ = {
			isa = PBXResourcesBuildPhase;
			buildActionMask = 2147483647;
			files = (
				658216CA2CA57D0200C5CD37 /* Mail.xcassets in Resources */,
				DA6E576A2C57D4920088A7A7 /* Cafe24Ssurround.ttf in Resources */,
				DAA4C9FD2C8B7C6900409D4B /* Background.xcassets in Resources */,
				DAC94C132C9F377600112DA7 /* je_gray_02_4k.hdr in Resources */,
				DAAEFC132C56941A00D1F87B /* Assets.xcassets in Resources */,
				658216B62CA56B0400C5CD37 /* Profile.xcassets in Resources */,
				DA794FA32D69B331006EF213 /* Accessorys.scnassets in Resources */,
				DA794FA42D69B331006EF213 /* Mails.scnassets in Resources */,
				DA794FA52D69B331006EF213 /* Dols.scnassets in Resources */,
				DA794FA62D69B331006EF213 /* Signs.scnassets in Resources */,
				DA794FA72D69B331006EF213 /* Nests.scnassets in Resources */,
				DAAEFC362C5747F000D1F87B /* NanumSquareRoundOTFEB.otf in Resources */,
				DAAEFC352C5747F000D1F87B /* NanumSquareRoundOTFR.otf in Resources */,
				65AFAD832CA0A26B00B565D1 /* lythwood_field_4k.hdr in Resources */,
				659792062C9E13BD00E2B51D /* TrophyIcon.xcassets in Resources */,
				DA0E9EFA2C9F390A00A3CD39 /* MyPageIcon.xcassets in Resources */,
				DA6E576D2C5860CA0088A7A7 /* SpringHasCome.mp3 in Resources */,
				DAAEFC342C5747F000D1F87B /* NanumSquareRoundOTFB.otf in Resources */,
				DAA4CA082C8B7C6900409D4B /* HomeIcon.xcassets in Resources */,
			);
			runOnlyForDeploymentPostprocessing = 0;
		};
		DAC94BF62C9E2EA400112DA7 /* Resources */ = {
			isa = PBXResourcesBuildPhase;
			buildActionMask = 2147483647;
			files = (
			);
			runOnlyForDeploymentPostprocessing = 0;
		};
/* End PBXResourcesBuildPhase section */

/* Begin PBXSourcesBuildPhase section */
		DAAEFC072C56941800D1F87B /* Sources */ = {
			isa = PBXSourcesBuildPhase;
			buildActionMask = 2147483647;
			files = (
				DA69042D2CB0070B00A557A1 /* JarangView.swift in Sources */,
				DAA4CA032C8B7C6900409D4B /* Sign.swift in Sources */,
				657E5F982C745356002FFA69 /* View.swift in Sources */,
				DA69041D2CAFBEC400A557A1 /* ParkFeature.swift in Sources */,
				DAAEFC182C56941A00D1F87B /* Persistence.swift in Sources */,
				DAA4C9DC2C8B7A7700409D4B /* MakeLightUtil.swift in Sources */,
				DA6E57882C5E02240088A7A7 /* KeyboardGuardian.swift in Sources */,
				659792092C9E1CA000E2B51D /* SettingView.swift in Sources */,
				DA461F7D2C840C7200270CDE /* HaruBangView.swift in Sources */,
				65463D042CEDB9ED00079A4E /* SignFeature.swift in Sources */,
				DA0E9EF72C9F390A00A3CD39 /* MyPageFeature.swift in Sources */,
				DA0E9EF82C9F390A00A3CD39 /* ImagePicker.swift in Sources */,
				DA6904272CAFC13900A557A1 /* DoljanchiView..swift in Sources */,
				65AFAD942CA18CE200B565D1 /* TrophyListFeature.swift in Sources */,
				DA0E9EF92C9F390A00A3CD39 /* MyPageView.swift in Sources */,
				65C8B1EB2D401712006D9317 /* Button.swift in Sources */,
				65AFAD872CA0A77900B565D1 /* ShareView.swift in Sources */,
				658216CD2CA58FA000C5CD37 /* MailUtil.swift in Sources */,
				DA6904302CB2E79200A557A1 /* ProfileImageView.swift in Sources */,
				DAA4C9FA2C8B7C6900409D4B /* HomeEnviroment.swift in Sources */,
				DAA4C9FE2C8B7C6900409D4B /* Accessory.swift in Sources */,
				DA91E0B92C91566000CD41A4 /* CalendarGridView.swift in Sources */,
				65382E7D2CA3223F003F130B /* ProfileView.swift in Sources */,
				DAA4CA022C8B7C6900409D4B /* Shape.swift in Sources */,
				DA461F7F2C840C8900270CDE /* HaruBangFeature.swift in Sources */,
				652ECFAB2C5F0D1400399279 /* respnseKeyboard.swift in Sources */,
				DAA4CA052C8B7C6900409D4B /* DecorationView.swift in Sources */,
				DA91E0C52C916AAE00CD41A4 /* TalkFeature.swift in Sources */,
				6550AA492C59EA35000A264E /* SplashView.swift in Sources */,
				DAC94BC12C9D43C400112DA7 /* TalkEnvironment.swift in Sources */,
				DAAEFC112C56941800D1F87B /* EntryPointView.swift in Sources */,
				65C8B1E72D40135C006D9317 /* AppSetting.swift in Sources */,
				DAA4CA012C8B7C6900409D4B /* Mail.swift in Sources */,
				65382E802CA32266003F130B /* MailView.swift in Sources */,
				657780F82C84AFC400DC08C2 /* DBTIFeature.swift in Sources */,
				DAA4CA0A2C8B7D5E00409D4B /* UITextFieldPadding.swift in Sources */,
				DAA4CA072C8B7C6900409D4B /* SignPopUpView.swift in Sources */,
				DAAEFC2E2C5743BA00D1F87B /* Font.swift in Sources */,
				DA6904292CAFC15300A557A1 /* FriendListView..swift in Sources */,
				658962822C856D3600F27FB4 /* Demo.swift in Sources */,
				DAA4C9D02C8B79DB00409D4B /* apiFetch.swift in Sources */,
				DA6904232CAFBF4500A557A1 /* FriendListFeature.swift in Sources */,
				657780E12C83427000DC08C2 /* NavigationFeature.swift in Sources */,
				65382E842CA3276A003F130B /* ProfileEnviroment.swift in Sources */,
				DA6E577B2C5908580088A7A7 /* CustomDayButton.swift in Sources */,
				DAA4C9DD2C8B7A7700409D4B /* DolView.swift in Sources */,
				DA6E57732C58F6AA0088A7A7 /* CustomTextField.swift in Sources */,
				DA461F742C81E45C00270CDE /* CalendarUtil.swift in Sources */,
				658216C02CA5798400C5CD37 /* MailFeature.swift in Sources */,
				6597920B2C9E1CE400E2B51D /* SettingFeature.swift in Sources */,
				DA7431582D6EFB0700C2C148 /* CalendarFeature.swift in Sources */,
				657E5F962C7452B7002FFA69 /* hideKeyboard.swift in Sources */,
				65AFAD892CA0B85100B565D1 /* SignView.swift in Sources */,
				DAA4C9DB2C8B7A7700409D4B /* MakeCameraUtil.swift in Sources */,
				DA461F722C81958E00270CDE /* CalendarView.swift in Sources */,
				DA6E57772C5908420088A7A7 /* CustomYearButton.swift in Sources */,
				DAA4C9FB2C8B7C6900409D4B /* HomeFeature.swift in Sources */,
				DAA4CA002C8B7C6900409D4B /* Face.swift in Sources */,
				DA6E578B2C5E4ABE0088A7A7 /* UserManager.swift in Sources */,
				DAAEFC0F2C56941800D1F87B /* DolHaruBangApp.swift in Sources */,
				DA461F762C81E50300270CDE /* FigmaEffects.swift in Sources */,
				65054FEB2C9DEAEA00A14601 /* TrophyFeature.swift in Sources */,
				DAAEFC1B2C56941A00D1F87B /* DolHaruBang.xcdatamodeld in Sources */,
				65054FE92C9DEACF00A14601 /* TrophyView.swift in Sources */,
				DA6E57862C5C6A540088A7A7 /* DBTIResultView.swift in Sources */,
				DA6E57802C594BD90088A7A7 /* DBTIGuideView.swift in Sources */,
				DAA4C9DA2C8B7A7700409D4B /* LoadNodeUtil.swift in Sources */,
				65AFAD922CA18CA400B565D1 /* TrophyListView.swift in Sources */,
				DA6E57822C5B25170088A7A7 /* Text.swift in Sources */,
				DA69041F2CAFBF2B00A557A1 /* DoljanchiFeature.swift in Sources */,
				65382E722CA28E21003F130B /* MyPageEnviroment.swift in Sources */,
				DA6E57792C59084A0088A7A7 /* CustomMonthButton.swift in Sources */,
				DAA4C9FF2C8B7C6900409D4B /* Background.swift in Sources */,
				65382E822CA326F9003F130B /* ProfileFeature.swift in Sources */,
				DA6904352CB3D83900A557A1 /* HistoryPopupView.swift in Sources */,
				DA89DF082D77578A00F04C93 /* ImageUtil.swift in Sources */,
				DA6E57752C5904900088A7A7 /* CustomButton.swift in Sources */,
				DA74315A2D6EFB2500C2C148 /* CalendarEnvironment.swift in Sources */,
				65463D022CEDB96800079A4E /* SignEnviroment.swift in Sources */,
				DA6E57842C5C5EFF0088A7A7 /* DBTIQuestion1View.swift in Sources */,
				DA7FE5852C8826A200843462 /* SchedulePopupView.swift in Sources */,
				DAA4CA042C8B7C6900409D4B /* CustomizeView.swift in Sources */,
				656BB3362C9DB9A90034AA2A /* Nest.swift in Sources */,
				DAAEFC3A2C575B8900D1F87B /* LoginView.swift in Sources */,
				DA91E0C72C916B6D00CD41A4 /* SpeechBubbleView.swift in Sources */,
				DA91E0B72C91562200CD41A4 /* TalkView.swift in Sources */,
				DAAEFC2A2C57425000D1F87B /* Color.swift in Sources */,
				DA69042B2CAFC1A700A557A1 /* ParkView.swift in Sources */,
				658216BE2CA5795C00C5CD37 /* MailEnviroment.swift in Sources */,
				DAA4C9FC2C8B7C6900409D4B /* HomeView.swift in Sources */,
				65C8B1E92D401450006D9317 /* AudioManager.swift in Sources */,
				DAA4CA062C8B7C6900409D4B /* FloatingMenuView.swift in Sources */,
				DA6E576F2C58A4CF0088A7A7 /* InputUserInfoView.swift in Sources */,
				65AFAD902CA17A4A00B565D1 /* TrophyEnviroment.swift in Sources */,
				DAA4C9D92C8B7A7700409D4B /* 3DBaseUtil.swift in Sources */,
				65E1C50A2C6F7DE700A2E419 /* ColorHex.swift in Sources */,
			);
			runOnlyForDeploymentPostprocessing = 0;
		};
		DAC94BF42C9E2EA400112DA7 /* Sources */ = {
			isa = PBXSourcesBuildPhase;
			buildActionMask = 2147483647;
			files = (
			);
			runOnlyForDeploymentPostprocessing = 0;
		};
/* End PBXSourcesBuildPhase section */

/* Begin PBXTargetDependency section */
		DAC94BFD2C9E2EA400112DA7 /* PBXTargetDependency */ = {
			isa = PBXTargetDependency;
			target = DAAEFC0A2C56941800D1F87B /* DolHaruBang */;
			targetProxy = DAC94BFC2C9E2EA400112DA7 /* PBXContainerItemProxy */;
		};
/* End PBXTargetDependency section */

/* Begin XCBuildConfiguration section */
		DAAEFC1C2C56941A00D1F87B /* Debug */ = {
			isa = XCBuildConfiguration;
			buildSettings = {
				ALWAYS_SEARCH_USER_PATHS = NO;
				ASSETCATALOG_COMPILER_GENERATE_SWIFT_ASSET_SYMBOL_EXTENSIONS = YES;
				CLANG_ANALYZER_NONNULL = YES;
				CLANG_ANALYZER_NUMBER_OBJECT_CONVERSION = YES_AGGRESSIVE;
				CLANG_CXX_LANGUAGE_STANDARD = "gnu++20";
				CLANG_ENABLE_MODULES = YES;
				CLANG_ENABLE_OBJC_ARC = YES;
				CLANG_ENABLE_OBJC_WEAK = YES;
				CLANG_WARN_BLOCK_CAPTURE_AUTORELEASING = YES;
				CLANG_WARN_BOOL_CONVERSION = YES;
				CLANG_WARN_COMMA = YES;
				CLANG_WARN_CONSTANT_CONVERSION = YES;
				CLANG_WARN_DEPRECATED_OBJC_IMPLEMENTATIONS = YES;
				CLANG_WARN_DIRECT_OBJC_ISA_USAGE = YES_ERROR;
				CLANG_WARN_DOCUMENTATION_COMMENTS = YES;
				CLANG_WARN_EMPTY_BODY = YES;
				CLANG_WARN_ENUM_CONVERSION = YES;
				CLANG_WARN_INFINITE_RECURSION = YES;
				CLANG_WARN_INT_CONVERSION = YES;
				CLANG_WARN_NON_LITERAL_NULL_CONVERSION = YES;
				CLANG_WARN_OBJC_IMPLICIT_RETAIN_SELF = YES;
				CLANG_WARN_OBJC_LITERAL_CONVERSION = YES;
				CLANG_WARN_OBJC_ROOT_CLASS = YES_ERROR;
				CLANG_WARN_QUOTED_INCLUDE_IN_FRAMEWORK_HEADER = YES;
				CLANG_WARN_RANGE_LOOP_ANALYSIS = YES;
				CLANG_WARN_STRICT_PROTOTYPES = YES;
				CLANG_WARN_SUSPICIOUS_MOVE = YES;
				CLANG_WARN_UNGUARDED_AVAILABILITY = YES_AGGRESSIVE;
				CLANG_WARN_UNREACHABLE_CODE = YES;
				CLANG_WARN__DUPLICATE_METHOD_MATCH = YES;
				COPY_PHASE_STRIP = NO;
				DEBUG_INFORMATION_FORMAT = dwarf;
				ENABLE_STRICT_OBJC_MSGSEND = YES;
				ENABLE_TESTABILITY = YES;
				ENABLE_USER_SCRIPT_SANDBOXING = YES;
				GCC_C_LANGUAGE_STANDARD = gnu17;
				GCC_DYNAMIC_NO_PIC = NO;
				GCC_NO_COMMON_BLOCKS = YES;
				GCC_OPTIMIZATION_LEVEL = 0;
				GCC_PREPROCESSOR_DEFINITIONS = (
					"DEBUG=1",
					"$(inherited)",
				);
				GCC_WARN_64_TO_32_BIT_CONVERSION = YES;
				GCC_WARN_ABOUT_RETURN_TYPE = YES_ERROR;
				GCC_WARN_UNDECLARED_SELECTOR = YES;
				GCC_WARN_UNINITIALIZED_AUTOS = YES_AGGRESSIVE;
				GCC_WARN_UNUSED_FUNCTION = YES;
				GCC_WARN_UNUSED_VARIABLE = YES;
				IPHONEOS_DEPLOYMENT_TARGET = 17.0;
				LOCALIZATION_PREFERS_STRING_CATALOGS = YES;
				MTL_ENABLE_DEBUG_INFO = INCLUDE_SOURCE;
				MTL_FAST_MATH = YES;
				ONLY_ACTIVE_ARCH = YES;
				OTHER_SWIFT_FLAGS = "";
				SDKROOT = iphoneos;
				SWIFT_ACTIVE_COMPILATION_CONDITIONS = "DEBUG $(inherited)";
				SWIFT_OPTIMIZATION_LEVEL = "-Onone";
			};
			name = Debug;
		};
		DAAEFC1D2C56941A00D1F87B /* Release */ = {
			isa = XCBuildConfiguration;
			buildSettings = {
				ALWAYS_SEARCH_USER_PATHS = NO;
				ASSETCATALOG_COMPILER_GENERATE_SWIFT_ASSET_SYMBOL_EXTENSIONS = YES;
				CLANG_ANALYZER_NONNULL = YES;
				CLANG_ANALYZER_NUMBER_OBJECT_CONVERSION = YES_AGGRESSIVE;
				CLANG_CXX_LANGUAGE_STANDARD = "gnu++20";
				CLANG_ENABLE_MODULES = YES;
				CLANG_ENABLE_OBJC_ARC = YES;
				CLANG_ENABLE_OBJC_WEAK = YES;
				CLANG_WARN_BLOCK_CAPTURE_AUTORELEASING = YES;
				CLANG_WARN_BOOL_CONVERSION = YES;
				CLANG_WARN_COMMA = YES;
				CLANG_WARN_CONSTANT_CONVERSION = YES;
				CLANG_WARN_DEPRECATED_OBJC_IMPLEMENTATIONS = YES;
				CLANG_WARN_DIRECT_OBJC_ISA_USAGE = YES_ERROR;
				CLANG_WARN_DOCUMENTATION_COMMENTS = YES;
				CLANG_WARN_EMPTY_BODY = YES;
				CLANG_WARN_ENUM_CONVERSION = YES;
				CLANG_WARN_INFINITE_RECURSION = YES;
				CLANG_WARN_INT_CONVERSION = YES;
				CLANG_WARN_NON_LITERAL_NULL_CONVERSION = YES;
				CLANG_WARN_OBJC_IMPLICIT_RETAIN_SELF = YES;
				CLANG_WARN_OBJC_LITERAL_CONVERSION = YES;
				CLANG_WARN_OBJC_ROOT_CLASS = YES_ERROR;
				CLANG_WARN_QUOTED_INCLUDE_IN_FRAMEWORK_HEADER = YES;
				CLANG_WARN_RANGE_LOOP_ANALYSIS = YES;
				CLANG_WARN_STRICT_PROTOTYPES = YES;
				CLANG_WARN_SUSPICIOUS_MOVE = YES;
				CLANG_WARN_UNGUARDED_AVAILABILITY = YES_AGGRESSIVE;
				CLANG_WARN_UNREACHABLE_CODE = YES;
				CLANG_WARN__DUPLICATE_METHOD_MATCH = YES;
				COPY_PHASE_STRIP = NO;
				DEBUG_INFORMATION_FORMAT = "dwarf-with-dsym";
				ENABLE_NS_ASSERTIONS = NO;
				ENABLE_STRICT_OBJC_MSGSEND = YES;
				ENABLE_USER_SCRIPT_SANDBOXING = YES;
				GCC_C_LANGUAGE_STANDARD = gnu17;
				GCC_NO_COMMON_BLOCKS = YES;
				GCC_WARN_64_TO_32_BIT_CONVERSION = YES;
				GCC_WARN_ABOUT_RETURN_TYPE = YES_ERROR;
				GCC_WARN_UNDECLARED_SELECTOR = YES;
				GCC_WARN_UNINITIALIZED_AUTOS = YES_AGGRESSIVE;
				GCC_WARN_UNUSED_FUNCTION = YES;
				GCC_WARN_UNUSED_VARIABLE = YES;
				IPHONEOS_DEPLOYMENT_TARGET = 17.0;
				LOCALIZATION_PREFERS_STRING_CATALOGS = YES;
				MTL_ENABLE_DEBUG_INFO = NO;
				MTL_FAST_MATH = YES;
				"OTHER_SWIFT_FLAGS[arch=*]" = "";
				SDKROOT = iphoneos;
				SWIFT_COMPILATION_MODE = wholemodule;
				VALIDATE_PRODUCT = YES;
			};
			name = Release;
		};
		DAAEFC1F2C56941A00D1F87B /* Debug */ = {
			isa = XCBuildConfiguration;
			buildSettings = {
				ASSETCATALOG_COMPILER_APPICON_NAME = AppIcon;
				ASSETCATALOG_COMPILER_GLOBAL_ACCENT_COLOR_NAME = AccentColor;
				CODE_SIGN_ENTITLEMENTS = DolHaruBang/DolHaruBangDebug.entitlements;
				CODE_SIGN_STYLE = Automatic;
				CURRENT_PROJECT_VERSION = 1;
				DEVELOPMENT_ASSET_PATHS = "\"DolHaruBang/Preview Content\"";
				DEVELOPMENT_TEAM = X83LNW6267;
				ENABLE_PREVIEWS = YES;
				GENERATE_INFOPLIST_FILE = YES;
				INFOPLIST_FILE = DolHaruBang/Info.plist;
				INFOPLIST_KEY_CFBundleDisplayName = "돌하루방";
				INFOPLIST_KEY_UIApplicationSceneManifest_Generation = YES;
				INFOPLIST_KEY_UIApplicationSupportsIndirectInputEvents = YES;
				INFOPLIST_KEY_UILaunchScreen_Generation = YES;
				INFOPLIST_KEY_UISupportedInterfaceOrientations = UIInterfaceOrientationPortrait;
				INFOPLIST_KEY_UISupportedInterfaceOrientations_iPad = "UIInterfaceOrientationLandscapeLeft UIInterfaceOrientationLandscapeRight UIInterfaceOrientationPortrait UIInterfaceOrientationPortraitUpsideDown";
				IPHONEOS_DEPLOYMENT_TARGET = 17.0;
				LD_RUNPATH_SEARCH_PATHS = (
					"$(inherited)",
					"@executable_path/Frameworks",
				);
				MARKETING_VERSION = 1.0;
				OTHER_SWIFT_FLAGS = "";
				PRODUCT_BUNDLE_IDENTIFIER = www.dolharubang.DolHaruBang;
				PRODUCT_NAME = "$(TARGET_NAME)";
				SUPPORTED_PLATFORMS = "iphoneos iphonesimulator";
				SUPPORTS_MACCATALYST = NO;
				SUPPORTS_XR_DESIGNED_FOR_IPHONE_IPAD = NO;
				SWIFT_EMIT_LOC_STRINGS = YES;
				SWIFT_VERSION = 5.0;
				TARGETED_DEVICE_FAMILY = "1,2";
			};
			name = Debug;
		};
		DAAEFC202C56941A00D1F87B /* Release */ = {
			isa = XCBuildConfiguration;
			buildSettings = {
				ASSETCATALOG_COMPILER_APPICON_NAME = AppIcon;
				ASSETCATALOG_COMPILER_GLOBAL_ACCENT_COLOR_NAME = AccentColor;
				CODE_SIGN_STYLE = Automatic;
				CURRENT_PROJECT_VERSION = 1;
				DEVELOPMENT_ASSET_PATHS = "\"DolHaruBang/Preview Content\"";
				DEVELOPMENT_TEAM = X83LNW6267;
				ENABLE_PREVIEWS = YES;
				GENERATE_INFOPLIST_FILE = YES;
				INFOPLIST_FILE = DolHaruBang/Info.plist;
				INFOPLIST_KEY_CFBundleDisplayName = "돌하루방";
				INFOPLIST_KEY_UIApplicationSceneManifest_Generation = YES;
				INFOPLIST_KEY_UIApplicationSupportsIndirectInputEvents = YES;
				INFOPLIST_KEY_UILaunchScreen_Generation = YES;
				INFOPLIST_KEY_UISupportedInterfaceOrientations = UIInterfaceOrientationPortrait;
				INFOPLIST_KEY_UISupportedInterfaceOrientations_iPad = "UIInterfaceOrientationLandscapeLeft UIInterfaceOrientationLandscapeRight UIInterfaceOrientationPortrait UIInterfaceOrientationPortraitUpsideDown";
				IPHONEOS_DEPLOYMENT_TARGET = 17.0;
				LD_RUNPATH_SEARCH_PATHS = (
					"$(inherited)",
					"@executable_path/Frameworks",
				);
				MARKETING_VERSION = 1.0;
				PRODUCT_BUNDLE_IDENTIFIER = www.dolharubang.DolHaruBang;
				PRODUCT_NAME = "$(TARGET_NAME)";
				SUPPORTED_PLATFORMS = "iphoneos iphonesimulator";
				SUPPORTS_MACCATALYST = NO;
				SUPPORTS_XR_DESIGNED_FOR_IPHONE_IPAD = NO;
				SWIFT_EMIT_LOC_STRINGS = YES;
				SWIFT_VERSION = 5.0;
				TARGETED_DEVICE_FAMILY = "1,2";
			};
			name = Release;
		};
		DAC94BFF2C9E2EA400112DA7 /* Debug */ = {
			isa = XCBuildConfiguration;
			buildSettings = {
				BUNDLE_LOADER = "$(TEST_HOST)";
				CODE_SIGN_STYLE = Automatic;
				CURRENT_PROJECT_VERSION = 1;
				DEVELOPMENT_TEAM = X83LNW6267;
				GENERATE_INFOPLIST_FILE = YES;
				IPHONEOS_DEPLOYMENT_TARGET = 17;
				MARKETING_VERSION = 1.0;
				PRODUCT_BUNDLE_IDENTIFIER = www.sangjun.DolHaruBangTest;
				PRODUCT_NAME = "$(TARGET_NAME)";
				SUPPORTED_PLATFORMS = "iphoneos iphonesimulator";
				SUPPORTS_MACCATALYST = NO;
				SUPPORTS_MAC_DESIGNED_FOR_IPHONE_IPAD = NO;
				SUPPORTS_XR_DESIGNED_FOR_IPHONE_IPAD = NO;
				SWIFT_EMIT_LOC_STRINGS = NO;
				SWIFT_VERSION = 5.0;
				TARGETED_DEVICE_FAMILY = "1,2";
				TEST_HOST = "$(BUILT_PRODUCTS_DIR)/DolHaruBang.app/$(BUNDLE_EXECUTABLE_FOLDER_PATH)/DolHaruBang";
			};
			name = Debug;
		};
		DAC94C002C9E2EA400112DA7 /* Release */ = {
			isa = XCBuildConfiguration;
			buildSettings = {
				BUNDLE_LOADER = "$(TEST_HOST)";
				CODE_SIGN_STYLE = Automatic;
				CURRENT_PROJECT_VERSION = 1;
				DEVELOPMENT_TEAM = X83LNW6267;
				GENERATE_INFOPLIST_FILE = YES;
				IPHONEOS_DEPLOYMENT_TARGET = 17;
				MARKETING_VERSION = 1.0;
				PRODUCT_BUNDLE_IDENTIFIER = www.sangjun.DolHaruBangTest;
				PRODUCT_NAME = "$(TARGET_NAME)";
				SUPPORTED_PLATFORMS = "iphoneos iphonesimulator";
				SUPPORTS_MACCATALYST = NO;
				SUPPORTS_MAC_DESIGNED_FOR_IPHONE_IPAD = NO;
				SUPPORTS_XR_DESIGNED_FOR_IPHONE_IPAD = NO;
				SWIFT_EMIT_LOC_STRINGS = NO;
				SWIFT_VERSION = 5.0;
				TARGETED_DEVICE_FAMILY = "1,2";
				TEST_HOST = "$(BUILT_PRODUCTS_DIR)/DolHaruBang.app/$(BUNDLE_EXECUTABLE_FOLDER_PATH)/DolHaruBang";
			};
			name = Release;
		};
/* End XCBuildConfiguration section */

/* Begin XCConfigurationList section */
		DAAEFC062C56941800D1F87B /* Build configuration list for PBXProject "DolHaruBang" */ = {
			isa = XCConfigurationList;
			buildConfigurations = (
				DAAEFC1C2C56941A00D1F87B /* Debug */,
				DAAEFC1D2C56941A00D1F87B /* Release */,
			);
			defaultConfigurationIsVisible = 0;
			defaultConfigurationName = Release;
		};
		DAAEFC1E2C56941A00D1F87B /* Build configuration list for PBXNativeTarget "DolHaruBang" */ = {
			isa = XCConfigurationList;
			buildConfigurations = (
				DAAEFC1F2C56941A00D1F87B /* Debug */,
				DAAEFC202C56941A00D1F87B /* Release */,
			);
			defaultConfigurationIsVisible = 0;
			defaultConfigurationName = Release;
		};
		DAC94BFE2C9E2EA400112DA7 /* Build configuration list for PBXNativeTarget "DolHaruBangTest" */ = {
			isa = XCConfigurationList;
			buildConfigurations = (
				DAC94BFF2C9E2EA400112DA7 /* Debug */,
				DAC94C002C9E2EA400112DA7 /* Release */,
			);
			defaultConfigurationIsVisible = 0;
			defaultConfigurationName = Release;
		};
/* End XCConfigurationList section */

/* Begin XCRemoteSwiftPackageReference section */
		65054FE22C9DD63B00A14601 /* XCRemoteSwiftPackageReference "Nuke" */ = {
			isa = XCRemoteSwiftPackageReference;
			repositoryURL = "https://github.com/kean/Nuke";
			requirement = {
				kind = upToNextMajorVersion;
				minimumVersion = 12.8.0;
			};
		};
		652175032C60F77900128734 /* XCRemoteSwiftPackageReference "swift-composable-architecture" */ = {
			isa = XCRemoteSwiftPackageReference;
			repositoryURL = "https://github.com/pointfreeco/swift-composable-architecture";
			requirement = {
				kind = upToNextMajorVersion;
				minimumVersion = 1.12.1;
			};
		};
		655FC4FB2D8595E600AED11E /* XCRemoteSwiftPackageReference "kakao-ios-sdk" */ = {
			isa = XCRemoteSwiftPackageReference;
			repositoryURL = "https://github.com/kakao/kakao-ios-sdk";
			requirement = {
				kind = versionRange;
				maximumVersion = 3.0.0;
				minimumVersion = 2.2.0;
			};
		};
		659469732C7DC022004D487C /* XCRemoteSwiftPackageReference "Alamofire" */ = {
			isa = XCRemoteSwiftPackageReference;
			repositoryURL = "https://github.com/Alamofire/Alamofire.git";
			requirement = {
				kind = versionRange;
				maximumVersion = 5.3.0;
				minimumVersion = 5.0.1;
			};
		};
/* End XCRemoteSwiftPackageReference section */

/* Begin XCSwiftPackageProductDependency section */
		65054FE32C9DD63B00A14601 /* Nuke */ = {
			isa = XCSwiftPackageProductDependency;
			package = 65054FE22C9DD63B00A14601 /* XCRemoteSwiftPackageReference "Nuke" */;
			productName = Nuke;
		};
		652175042C60F77900128734 /* ComposableArchitecture */ = {
			isa = XCSwiftPackageProductDependency;
			package = 652175032C60F77900128734 /* XCRemoteSwiftPackageReference "swift-composable-architecture" */;
			productName = ComposableArchitecture;
		};
		655FC4FC2D8595E600AED11E /* KakaoSDK */ = {
			isa = XCSwiftPackageProductDependency;
			package = 655FC4FB2D8595E600AED11E /* XCRemoteSwiftPackageReference "kakao-ios-sdk" */;
			productName = KakaoSDK;
		};
		659469742C7DC022004D487C /* Alamofire */ = {
			isa = XCSwiftPackageProductDependency;
			package = 659469732C7DC022004D487C /* XCRemoteSwiftPackageReference "Alamofire" */;
			productName = Alamofire;
		};
/* End XCSwiftPackageProductDependency section */

/* Begin XCVersionGroup section */
		DAAEFC192C56941A00D1F87B /* DolHaruBang.xcdatamodeld */ = {
			isa = XCVersionGroup;
			children = (
				DAAEFC1A2C56941A00D1F87B /* DolHaruBang.xcdatamodel */,
			);
			currentVersion = DAAEFC1A2C56941A00D1F87B /* DolHaruBang.xcdatamodel */;
			path = DolHaruBang.xcdatamodeld;
			sourceTree = "<group>";
			versionGroupType = wrapper.xcdatamodel;
		};
/* End XCVersionGroup section */
	};
	rootObject = DAAEFC032C56941800D1F87B /* Project object */;
}
